
Microsoft Visual Studio Solution File, Format Version 12.00
# Visual Studio Version 16
VisualStudioVersion = 16.0.29806.167
MinimumVisualStudioVersion = 10.0.40219.1
Project("{D954291E-2A0B-460D-934E-DC6B0785DB48}") = "Common", "src\Common\Common.shproj", "{340A3D13-DEE0-43C0-8410-EC84C2873F95}"
EndProject
Project("{FAE04EC0-301F-11D3-BF4B-00C04F79EFBC}") = "KK_Fix_PartyCardCompatibility", "src\KK_Fix_PartyCardCompatibility\KK_Fix_PartyCardCompatibility.csproj", "{E0EEBF3E-CBF1-4929-A6C8-403767FAAA8D}"
EndProject
Project("{FAE04EC0-301F-11D3-BF4B-00C04F79EFBC}") = "KK_Fix_ModdedHeadEyeliner", "src\KK_Fix_ModdedHeadEyeliner\KK_Fix_ModdedHeadEyeliner.csproj", "{3E1ACC1F-FDCC-49A9-9711-C344AB550FC0}"
EndProject
Project("{FAE04EC0-301F-11D3-BF4B-00C04F79EFBC}") = "KK_Fix_NullChecks", "src\KK_Fix_NullChecks\KK_Fix_NullChecks.csproj", "{40967983-DF5C-411A-BFA4-96C6CFEBC63E}"
EndProject
Project("{FAE04EC0-301F-11D3-BF4B-00C04F79EFBC}") = "KK_Fix_CharacterListOptimizations", "src\KK_Fix_CharacterListOptimizations\KK_Fix_CharacterListOptimizations.csproj", "{1C3AD6A8-0E6A-443B-9229-0DD4528D73A6}"
EndProject
Project("{FAE04EC0-301F-11D3-BF4B-00C04F79EFBC}") = "KK_Fix_PersonalityCorrector", "src\KK_Fix_PersonalityCorrector\KK_Fix_PersonalityCorrector.csproj", "{A714B46D-95A3-4EB0-A635-C253BBAD0CBA}"
EndProject
Project("{FAE04EC0-301F-11D3-BF4B-00C04F79EFBC}") = "KK_Fix_SettingsVerifier", "src\KK_Fix_SettingsVerifier\KK_Fix_SettingsVerifier.csproj", "{6CA88723-CA91-49C9-9FD1-C6E58EFA5529}"
EndProject
Project("{FAE04EC0-301F-11D3-BF4B-00C04F79EFBC}") = "KK_Fix_MakerOptimizations", "src\KK_Fix_MakerOptimizations\KK_Fix_MakerOptimizations.csproj", "{65CB1A38-C90D-42D3-B157-5FB6F844ED11}"
EndProject
Project("{FAE04EC0-301F-11D3-BF4B-00C04F79EFBC}") = "KK_Fix_ShowerAccessories", "src\KK_Fix_ShowerAccessories\KK_Fix_ShowerAccessories.csproj", "{ABB91777-7231-47F7-BF4D-9144CC7B1764}"
EndProject
Project("{FAE04EC0-301F-11D3-BF4B-00C04F79EFBC}") = "KK_Fix_ResourceUnloadOptimizations", "src\KK_Fix_ResourceUnloadOptimizations\KK_Fix_ResourceUnloadOptimizations.csproj", "{2C6D522C-2830-4CCF-8F49-3E0AA36A273E}"
EndProject
Project("{FAE04EC0-301F-11D3-BF4B-00C04F79EFBC}") = "KK_Fix_MainGameOptimizations", "src\KK_Fix_MainGameOptimizations\KK_Fix_MainGameOptimizations.csproj", "{08A43F46-904C-4ADD-86CF-7170F1B1F087}"
EndProject
Project("{FAE04EC0-301F-11D3-BF4B-00C04F79EFBC}") = "KK_Fix_ExpandShaderDropdown", "src\KK_Fix_ExpandShaderDropdown\KK_Fix_ExpandShaderDropdown.csproj", "{D8AC8107-11F4-4BC0-855E-4D0330AF5D46}"
EndProject
Project("{FAE04EC0-301F-11D3-BF4B-00C04F79EFBC}") = "KK_Fix_CenteredHSceneCursor", "src\KK_Fix_CenteredHSceneCursor\KK_Fix_CenteredHSceneCursor.csproj", "{EC9E7C9B-10FA-41C7-8B30-F91E33D97F7D}"
EndProject
Project("{FAE04EC0-301F-11D3-BF4B-00C04F79EFBC}") = "KK-KKS_Fix_UnlimitedMapLights", "src\KK_Fix_UnlimitedMapLights\KK-KKS_Fix_UnlimitedMapLights.csproj", "{51F20404-6A48-4578-B994-FF0A867EF2C0}"
EndProject
Project("{FAE04EC0-301F-11D3-BF4B-00C04F79EFBC}") = "EC_Fix_DownloadRenamer", "src\EC_Fix_DownloadRenamer\EC_Fix_DownloadRenamer.csproj", "{9216D4D0-B421-4D3B-B038-49D76DC12573}"
EndProject
Project("{FAE04EC0-301F-11D3-BF4B-00C04F79EFBC}") = "EC_Fix_CardImport", "src\EC_Fix_CardImport\EC_Fix_CardImport.csproj", "{4DEB7768-385E-43B8-84B2-E0ACF13C61C3}"
EndProject
Project("{2150E333-8FDC-42A3-9474-1A3956D46DE8}") = "Fix_MakerOptimizations", "Fix_MakerOptimizations", "{7EE89BA8-EF7C-414B-B9CE-341D51A2814A}"
EndProject
Project("{D954291E-2A0B-460D-934E-DC6B0785DB48}") = "Core_Fix_MakerOptimizations", "src\Core_Fix_MakerOptimizations\Core_Fix_MakerOptimizations.shproj", "{E613FEA3-A78C-4F26-878A-B7A874961819}"
EndProject
Project("{FAE04EC0-301F-11D3-BF4B-00C04F79EFBC}") = "EC_Fix_MakerOptimizations", "src\EC_Fix_MakerOptimizations\EC_Fix_MakerOptimizations.csproj", "{541ED181-1370-47F1-9D95-6187EE59686C}"
EndProject
Project("{2150E333-8FDC-42A3-9474-1A3956D46DE8}") = "Fix_NullChecks", "Fix_NullChecks", "{79E75B3B-B01C-4D21-8C4A-F4C94418A2C1}"
EndProject
Project("{D954291E-2A0B-460D-934E-DC6B0785DB48}") = "Core_Fix_NullChecks", "src\Core_Fix_NullChecks\Core_Fix_NullChecks.shproj", "{A68B1345-A4D5-4A10-AB5F-F3BBD638B189}"
EndProject
Project("{FAE04EC0-301F-11D3-BF4B-00C04F79EFBC}") = "EC_Fix_NullChecks", "src\EC_Fix_NullChecks\EC_Fix_NullChecks.csproj", "{F652B8D9-374A-44BD-8DED-578414A9FC89}"
EndProject
Project("{FAE04EC0-301F-11D3-BF4B-00C04F79EFBC}") = "EC_Fix_NodeUnlock", "src\EC_Fix_NodeUnlock\EC_Fix_NodeUnlock.csproj", "{517CB02C-CB77-4746-AC5A-14D1FECC0CB8}"
EndProject
Project("{2150E333-8FDC-42A3-9474-1A3956D46DE8}") = "Fix_ExpandShaderDropdown", "Fix_ExpandShaderDropdown", "{3270A750-76CD-41A9-B159-24220DCBE7D5}"
EndProject
Project("{FAE04EC0-301F-11D3-BF4B-00C04F79EFBC}") = "EC_Fix_ExpandShaderDropdown", "src\EC_Fix_ExpandShaderDropdown\EC_Fix_ExpandShaderDropdown.csproj", "{5BA36E3D-7EC8-400E-A0F0-ABCEB3F644F0}"
EndProject
Project("{2150E333-8FDC-42A3-9474-1A3956D46DE8}") = "Fix_ResourceUnloadOptimizations", "Fix_ResourceUnloadOptimizations", "{47CA3E45-1672-4D71-ABD2-8621D4C74003}"
EndProject
Project("{D954291E-2A0B-460D-934E-DC6B0785DB48}") = "Core_Fix_ResourceUnloadOptimizations", "src\Core_Fix_ResourceUnloadOptimizations\Core_Fix_ResourceUnloadOptimizations.shproj", "{E9642C67-3D6B-41F5-B42A-73C641B5068A}"
EndProject
Project("{FAE04EC0-301F-11D3-BF4B-00C04F79EFBC}") = "EC_Fix_ResourceUnloadOptimizations", "src\EC_Fix_ResourceUnloadOptimizations\EC_Fix_ResourceUnloadOptimizations.csproj", "{1C122B92-E1B9-47AF-A19A-97B5589E9931}"
EndProject
Project("{FAE04EC0-301F-11D3-BF4B-00C04F79EFBC}") = "HS_Fix_ResourceUnloadOptimizations", "src\HS_Fix_ResourceUnloadOptimizations\HS_Fix_ResourceUnloadOptimizations.csproj", "{854F4E98-5468-47F4-B32F-A5BFBCEDE6F4}"
EndProject
Project("{2150E333-8FDC-42A3-9474-1A3956D46DE8}") = "Fix_SettingsVerifier", "Fix_SettingsVerifier", "{A1C7C084-38B0-48BD-90C6-572EB94001AB}"
EndProject
Project("{FAE04EC0-301F-11D3-BF4B-00C04F79EFBC}") = "AI_Fix_SettingsVerifier", "src\AI_Fix_SettingsVerifier\AI_Fix_SettingsVerifier.csproj", "{3274241D-B51A-4042-8CEC-54D6AA166CA0}"
EndProject
Project("{D954291E-2A0B-460D-934E-DC6B0785DB48}") = "Core_Fix_SettingsVerifier", "src\Core_Fix_SettingsVerifier\Core_Fix_SettingsVerifier.shproj", "{3189BE0A-2860-416A-9BBA-A70D9908FC50}"
EndProject
Project("{FAE04EC0-301F-11D3-BF4B-00C04F79EFBC}") = "KK-KKS_Fix_PoseLoad", "src\KK_Fix_PoseLoad\KK-KKS_Fix_PoseLoad.csproj", "{7051504A-575B-417C-BE33-55E7A58F71FF}"
EndProject
Project("{FAE04EC0-301F-11D3-BF4B-00C04F79EFBC}") = "Patch_CultureFix", "src\Patch_CultureFix\Patch_CultureFix.csproj", "{52D92C5E-F220-473C-B683-BD17198EFD32}"
EndProject
Project("{FAE04EC0-301F-11D3-BF4B-00C04F79EFBC}") = "KK_Fix_ManifestCorrector", "src\KK_Fix_ManifestCorrector\KK_Fix_ManifestCorrector.csproj", "{D853338D-EFBC-4C7E-A0D9-9B78610AE726}"
EndProject
Project("{2150E333-8FDC-42A3-9474-1A3956D46DE8}") = "Fix_PoseLoad", "Fix_PoseLoad", "{D3136A19-617D-4426-827A-00A51D84925F}"
EndProject
Project("{FAE04EC0-301F-11D3-BF4B-00C04F79EFBC}") = "AI_Fix_PoseLoad", "src\AI_Fix_PoseLoad\AI_Fix_PoseLoad.csproj", "{5A28A5F5-71F4-4519-A869-AE676230F332}"
EndProject
Project("{D954291E-2A0B-460D-934E-DC6B0785DB48}") = "Core_Fix_PoseLoad", "src\Core_Fix_PoseLoad\Core_Fix_PoseLoad.shproj", "{50B014D7-1D96-47B7-A3B5-F1D682073F0A}"
EndProject
Project("{FAE04EC0-301F-11D3-BF4B-00C04F79EFBC}") = "AI_Fix_ResourceUnloadOptimizations", "src\AI_Fix_ResourceUnloadOptimizations\AI_Fix_ResourceUnloadOptimizations.csproj", "{74439246-77DC-4818-8632-F45CC82DCD7C}"
EndProject
Project("{2150E333-8FDC-42A3-9474-1A3956D46DE8}") = "Fix_ManifestCorrector", "Fix_ManifestCorrector", "{3E501D49-3E6E-4C9C-8575-52F719A1A5CC}"
EndProject
Project("{D954291E-2A0B-460D-934E-DC6B0785DB48}") = "Core_Fix_ManifestCorrector", "src\Core_Fix_ManifestCorrector\Core_Fix_ManifestCorrector.shproj", "{AB54007E-2CB2-410E-93F3-C7B261A617C9}"
EndProject
Project("{FAE04EC0-301F-11D3-BF4B-00C04F79EFBC}") = "AI_Fix_ManifestCorrector", "src\AI_Fix_ManifestCorrector\AI_Fix_ManifestCorrector.csproj", "{F4B42914-1D55-4791-9A82-BD330502FFB8}"
EndProject
Project("{FAE04EC0-301F-11D3-BF4B-00C04F79EFBC}") = "EC_Fix_ManifestCorrector", "src\EC_Fix_ManifestCorrector\EC_Fix_ManifestCorrector.csproj", "{0218B7FF-4CC3-4C9A-8A91-F8DB31084499}"
EndProject
Project("{FAE04EC0-301F-11D3-BF4B-00C04F79EFBC}") = "Patch_MagicCarrot", "src\Patch_MagicCarrot\Patch_MagicCarrot.csproj", "{AAA57B7A-9D2C-4840-94E2-F1FA43C53BC7}"
EndProject
Project("{FAE04EC0-301F-11D3-BF4B-00C04F79EFBC}") = "AI_Fix_MakerOptimizations", "src\AI_Fix_MakerOptimizations\AI_Fix_MakerOptimizations.csproj", "{4B0D3C72-F7C0-4673-B857-2DE2B3970C52}"
EndProject
Project("{D954291E-2A0B-460D-934E-DC6B0785DB48}") = "Core_Fix_MakerOptimizations_CursorManager", "src\Core_Fix_MakerOptimizations_CursorManager\Core_Fix_MakerOptimizations_CursorManager.shproj", "{31C44AAE-509E-428A-9ECE-4D4F18A0C15A}"
EndProject
Project("{FAE04EC0-301F-11D3-BF4B-00C04F79EFBC}") = "AI_Fix_NewGameShowAllCards", "src\AI_Fix_NewGameShowAllCards\AI_Fix_NewGameShowAllCards.csproj", "{5EA29D16-DED0-4E88-A755-1753F14888C3}"
EndProject
Project("{FAE04EC0-301F-11D3-BF4B-00C04F79EFBC}") = "AI_Fix_DataCorruptionFixes", "src\AI_Fix_DataCorruptionFixes\AI_Fix_DataCorruptionFixes.csproj", "{3B5F9FA8-191B-48E7-9CA1-1025584D49CD}"
EndProject
Project("{2150E333-8FDC-42A3-9474-1A3956D46DE8}") = "Fix_InvalidSceneFileProtection", "Fix_InvalidSceneFileProtection", "{EDAEC0A0-85C7-4D3F-9DAC-E74BDB1B55D8}"
EndProject
Project("{FAE04EC0-301F-11D3-BF4B-00C04F79EFBC}") = "AI_Fix_InvalidSceneFileProtection", "src\AI_Fix_InvalidSceneFileProtection\AI_Fix_InvalidSceneFileProtection.csproj", "{386AE527-1B53-4AD6-AAA3-F90D610C6080}"
EndProject
Project("{FAE04EC0-301F-11D3-BF4B-00C04F79EFBC}") = "KK-KKS_Fix_InvalidSceneFileProtection", "src\KK_Fix_InvalidSceneFileProtection\KK-KKS_Fix_InvalidSceneFileProtection.csproj", "{020992E5-0E49-4B83-A3CE-C5EB990EDDA7}"
EndProject
Project("{D954291E-2A0B-460D-934E-DC6B0785DB48}") = "Core_Fix_InvalidSceneFileProtection", "src\Core_Fix_InvalidSceneFileProtection\Core_Fix_InvalidSceneFileProtection.shproj", "{DE110DE4-C432-4F89-BD1E-23915527EF9B}"
EndProject
Project("{2150E333-8FDC-42A3-9474-1A3956D46DE8}") = "Fix_StudioOptimizations", "Fix_StudioOptimizations", "{A660D1F4-37EC-4355-9C61-5F83183716A9}"
EndProject
Project("{FAE04EC0-301F-11D3-BF4B-00C04F79EFBC}") = "AI_Fix_StudioOptimizations", "src\AI_Fix_StudioOptimizations\AI_Fix_StudioOptimizations.csproj", "{90F116FE-9FCF-473F-A7D5-B9D1FDBFE52F}"
EndProject
Project("{FAE04EC0-301F-11D3-BF4B-00C04F79EFBC}") = "KK_Fix_StudioOptimizations", "src\KK_Fix_StudioOptimizations\KK_Fix_StudioOptimizations.csproj", "{5EAA5078-AC8E-482B-98EB-E7CE8A12D0CA}"
EndProject
Project("{D954291E-2A0B-460D-934E-DC6B0785DB48}") = "Core_Fix_StudioOptimizations", "src\Core_Fix_StudioOptimizations\Core_Fix_StudioOptimizations.shproj", "{58305F00-9372-43A0-B155-E602252839DE}"
EndProject
Project("{FAE04EC0-301F-11D3-BF4B-00C04F79EFBC}") = "KK_Fix_Heterochromia", "src\KK_Fix_Heterochromia\KK_Fix_Heterochromia.csproj", "{647579B1-ABB7-4180-AC3F-DA12B092ED22}"
EndProject
Project("{2150E333-8FDC-42A3-9474-1A3956D46DE8}") = "Fix_Heterochromia", "Fix_Heterochromia", "{CB52D092-E8AE-4598-8C79-56241C82DA19}"
EndProject
Project("{D954291E-2A0B-460D-934E-DC6B0785DB48}") = "Core_Fix_Heterochromia", "src\Core_Fix_Heterochromia\Core_Fix_Heterochromia.shproj", "{89D95D84-BC6A-44CD-9376-6866207B96AE}"
EndProject
Project("{FAE04EC0-301F-11D3-BF4B-00C04F79EFBC}") = "EC_Fix_Heterochromia", "src\EC_Fix_Heterochromia\EC_Fix_Heterochromia.csproj", "{81CCBAA9-EC68-4558-BBDB-54D59B55B8A7}"
EndProject
Project("{FAE04EC0-301F-11D3-BF4B-00C04F79EFBC}") = "KK_Fix_CameraTarget", "src\KK_Fix_CameraTarget\KK_Fix_CameraTarget.csproj", "{8AAD72ED-B34E-468F-9BD6-7210183461BE}"
EndProject
Project("{2150E333-8FDC-42A3-9474-1A3956D46DE8}") = "Fix_CameraTarget", "Fix_CameraTarget", "{B39C50F4-3E59-43C4-981B-0ECC3B4B2D51}"
EndProject
Project("{D954291E-2A0B-460D-934E-DC6B0785DB48}") = "Core_Fix_CameraTarget", "src\Core_Fix_CameraTarget\Core_Fix_CameraTarget.shproj", "{ECEFE48A-9CE2-4C53-874B-1FE11C1C4447}"
EndProject
Project("{FAE04EC0-301F-11D3-BF4B-00C04F79EFBC}") = "AI_Fix_CameraTarget", "src\AI_Fix_CameraTarget\AI_Fix_CameraTarget.csproj", "{F31470C2-8C31-400B-B010-525A76C57BB8}"
EndProject
Project("{FAE04EC0-301F-11D3-BF4B-00C04F79EFBC}") = "PH_Fix_CameraTarget", "src\PH_Fix_CameraTarget\PH_Fix_CameraTarget.csproj", "{BF58115B-8249-4F38-9F73-96CDDDA819E1}"
EndProject
Project("{FAE04EC0-301F-11D3-BF4B-00C04F79EFBC}") = "PH_Fix_ResourceUnloadOptimizations", "src\PH_Fix_ResourceUnloadOptimizations\PH_Fix_ResourceUnloadOptimizations.csproj", "{C990BCA0-E95F-4853-B80F-BF2AB7023EB7}"
EndProject
Project("{FAE04EC0-301F-11D3-BF4B-00C04F79EFBC}") = "PH_Fix_SettingsVerifier", "src\PH_Fix_SettingsVerifier\PH_Fix_SettingsVerifier.csproj", "{562AF895-6472-4215-BE57-C34501D59EDF}"
EndProject
Project("{FAE04EC0-301F-11D3-BF4B-00C04F79EFBC}") = "AI_Fix_ExpandShaderDropdown", "src\AI_Fix_ExpandShaderDropdown\AI_Fix_ExpandShaderDropdown.csproj", "{BE04B9FB-6862-49DF-A8D1-26E185F0D9B8}"
EndProject
Project("{FAE04EC0-301F-11D3-BF4B-00C04F79EFBC}") = "AI_Fix_NullChecks", "src\AI_Fix_NullChecks\AI_Fix_NullChecks.csproj", "{18C09038-0189-4505-B49B-3EC8CB465D55}"
EndProject
Project("{FAE04EC0-301F-11D3-BF4B-00C04F79EFBC}") = "EC_Fix_SettingsVerifier", "src\EC_Fix_SettingsVerifier\EC_Fix_SettingsVerifier.csproj", "{65B49352-65B3-4994-832F-83A868987E22}"
EndProject
Project("{2150E333-8FDC-42A3-9474-1A3956D46DE8}") = "Fix_ModdedHeadEyeliner", "Fix_ModdedHeadEyeliner", "{7EF0A7E0-5591-4A57-902F-1574EE6E3E08}"
EndProject
Project("{D954291E-2A0B-460D-934E-DC6B0785DB48}") = "Core_Fix_ModdedHeadEyeliner", "src\Core_Fix_ModdedHeadEyeliner\Core_Fix_ModdedHeadEyeliner.shproj", "{14973826-75A9-4194-A9EC-2A1DE3D20C36}"
EndProject
Project("{FAE04EC0-301F-11D3-BF4B-00C04F79EFBC}") = "EC_Fix_ModdedHeadEyeliner", "src\EC_Fix_ModdedHeadEyeliner\EC_Fix_ModdedHeadEyeliner.csproj", "{3975CDBE-60D3-4E94-BE64-21C5D1D0030B}"
EndProject
Project("{FAE04EC0-301F-11D3-BF4B-00C04F79EFBC}") = "AI_Patch_SteamReleaseCompatibility", "src\AI_Patch_SteamReleaseCompatibility\AI_Patch_SteamReleaseCompatibility.csproj", "{90AC93CB-9EFE-46E4-944F-C236AEC0FC21}"
EndProject
Project("{FAE04EC0-301F-11D3-BF4B-00C04F79EFBC}") = "KK_Fix_RestoreMissingFunctions", "src\KK_Fix_RestoreMissingFunctions\KK_Fix_RestoreMissingFunctions.csproj", "{09EBE942-19BB-445A-A1D4-06F185D7F518}"
EndProject
Project("{FAE04EC0-301F-11D3-BF4B-00C04F79EFBC}") = "HS2_Fix_SettingsVerifier", "src\HS2_Fix_SettingsVerifier\HS2_Fix_SettingsVerifier.csproj", "{92A43761-B0AD-46FE-B1B6-28ADA6F09BBB}"
EndProject
Project("{FAE04EC0-301F-11D3-BF4B-00C04F79EFBC}") = "HS2_Fix_ResourceUnloadOptimizations", "src\HS2_Fix_ResourceUnloadOptimizations\HS2_Fix_ResourceUnloadOptimizations.csproj", "{4327874B-9DDB-4EB0-8F4D-7492CCC08A34}"
EndProject
Project("{FAE04EC0-301F-11D3-BF4B-00C04F79EFBC}") = "HS2_Fix_NullChecks", "src\HS2_Fix_NullChecks\HS2_Fix_NullChecks.csproj", "{724945C5-0790-4E58-ADB5-940DBAC1A458}"
EndProject
Project("{FAE04EC0-301F-11D3-BF4B-00C04F79EFBC}") = "HS2_Fix_ManifestCorrector", "src\HS2_Fix_ManifestCorrector\HS2_Fix_ManifestCorrector.csproj", "{8A86E25F-70C1-45A0-B548-D53529539232}"
EndProject
Project("{FAE04EC0-301F-11D3-BF4B-00C04F79EFBC}") = "HS2_Fix_InvalidSceneFileProtection", "src\HS2_Fix_InvalidSceneFileProtection\HS2_Fix_InvalidSceneFileProtection.csproj", "{765D725F-05AD-4B34-8799-90BE65754513}"
EndProject
Project("{FAE04EC0-301F-11D3-BF4B-00C04F79EFBC}") = "HS2_Fix_ExpandShaderDropdown", "src\HS2_Fix_ExpandShaderDropdown\HS2_Fix_ExpandShaderDropdown.csproj", "{18DCA0F9-3BF4-48E2-BABA-23E6A1D1C774}"
EndProject
Project("{FAE04EC0-301F-11D3-BF4B-00C04F79EFBC}") = "HS2_Fix_CameraTarget", "src\HS2_Fix_CameraTarget\HS2_Fix_CameraTarget.csproj", "{B211581C-80F2-422D-8180-46B0228AAE2C}"
EndProject
Project("{FAE04EC0-301F-11D3-BF4B-00C04F79EFBC}") = "HS2_Fix_MakerOptimizations", "src\HS2_Fix_MakerOptimizations\HS2_Fix_MakerOptimizations.csproj", "{F07F3AF2-CADC-4C0D-B9CC-4D08ABD0A520}"
EndProject
Project("{FAE04EC0-301F-11D3-BF4B-00C04F79EFBC}") = "HS2_Fix_StudioOptimizations", "src\HS2_Fix_StudioOptimizations\HS2_Fix_StudioOptimizations.csproj", "{B3A37BDB-238F-47A7-9A73-1C15EA1A05AB}"
EndProject
Project("{2150E333-8FDC-42A3-9474-1A3956D46DE8}") = "Fix_DataCorruptionFixes", "Fix_DataCorruptionFixes", "{D9E1F804-F37B-4ECB-B993-37AE3BED70C4}"
EndProject
Project("{FAE04EC0-301F-11D3-BF4B-00C04F79EFBC}") = "HS2_Fix_DataCorruptionFixes", "src\HS2_Fix_DataCorruptionFixes\HS2_Fix_DataCorruptionFixes.csproj", "{CEAC55C1-DED9-4581-9466-F9C6E7407A6F}"
EndProject
Project("{FAE04EC0-301F-11D3-BF4B-00C04F79EFBC}") = "HS2_Fix_PoseLoad", "src\HS2_Fix_PoseLoad\HS2_Fix_PoseLoad.csproj", "{81A9C4BA-5C32-4E35-B17D-8C3C9E2A676C}"
EndProject
Project("{FAE04EC0-301F-11D3-BF4B-00C04F79EFBC}") = "AI_Patch_LogDespammer", "src\AI_Patch_LogDespammer\AI_Patch_LogDespammer.csproj", "{65D34652-7EDA-488D-91FC-941D4AD2FCFA}"
EndProject
Project("{FAE04EC0-301F-11D3-BF4B-00C04F79EFBC}") = "KK_Fix_DataCorruptionFixes", "src\KK_Fix_DataCorruptionFixes\KK_Fix_DataCorruptionFixes.csproj", "{5E147825-FD43-4F2F-9583-809F4DD26C10}"
EndProject
Project("{FAE04EC0-301F-11D3-BF4B-00C04F79EFBC}") = "EC_Fix_PartyCardCompatibility", "src\EC_Fix_PartyCardCompatibility\EC_Fix_PartyCardCompatibility.csproj", "{624FE20E-7F19-403B-AD4E-6A2BD7359C88}"
EndProject
Project("{FAE04EC0-301F-11D3-BF4B-00C04F79EFBC}") = "HS2_Fix_GravityAdjust", "src\HS2_Fix_GravityAdjust\HS2_Fix_GravityAdjust.csproj", "{D9BC998B-BBD1-4836-B00D-90408CA3E4FC}"
EndProject
Project("{2150E333-8FDC-42A3-9474-1A3956D46DE8}") = "Fix_PartyCardCompatibility", "Fix_PartyCardCompatibility", "{D50D596C-93B3-4C1B-A626-914C446A5C1B}"
EndProject
Project("{2150E333-8FDC-42A3-9474-1A3956D46DE8}") = "Fix_HairShadows", "Fix_HairShadows", "{93837DAF-BA1E-4C26-996B-B4555F8949FA}"
EndProject
Project("{FAE04EC0-301F-11D3-BF4B-00C04F79EFBC}") = "KK_Fix_HairShadows", "src\KK_Fix_HairShadows\KK_Fix_HairShadows.csproj", "{1E682890-BE19-4118-A249-F57615E2E094}"
EndProject
Project("{D954291E-2A0B-460D-934E-DC6B0785DB48}") = "Core_Fix_HairShadows", "src\Core_Fix_HairShadows\Core_Fix_HairShadows.shproj", "{73C8EB7E-55C8-4FB4-8DC5-27C56A0AF3A2}"
EndProject
Project("{FAE04EC0-301F-11D3-BF4B-00C04F79EFBC}") = "EC_Fix_HairShadows", "src\EC_Fix_HairShadows\EC_Fix_HairShadows.csproj", "{14F5E3E8-7599-444E-8ED7-C044A9C6318A}"
EndProject
Project("{FAE04EC0-301F-11D3-BF4B-00C04F79EFBC}") = "KKP_Fix_CharacterListOptimizations", "src\KKP_Fix_CharacterListOptimizations\KKP_Fix_CharacterListOptimizations.csproj", "{AC77C02D-D371-4F81-9E9E-DA544AC49488}"
EndProject
Project("{2150E333-8FDC-42A3-9474-1A3956D46DE8}") = "Fix_CharacterListOptimizations", "Fix_CharacterListOptimizations", "{BA2338CF-E35A-4ABA-BF89-8538E433B29D}"
EndProject
Project("{2150E333-8FDC-42A3-9474-1A3956D46DE8}") = "Fix_GarbageTruck", "Fix_GarbageTruck", "{EEAF0BD9-2427-4B92-BD7F-7D2D8D2D2045}"
EndProject
Project("{FAE04EC0-301F-11D3-BF4B-00C04F79EFBC}") = "KK_Fix_GarbageTruck", "src\KK_Fix_GarbageTruck\KK_Fix_GarbageTruck.csproj", "{0C5A556C-AF80-4562-AB56-C103E48DDCE9}"
EndProject
Project("{2150E333-8FDC-42A3-9474-1A3956D46DE8}") = "Fix_DynamicBones", "Fix_DynamicBones", "{1EF89218-A9E1-492D-8F37-61B2F1668886}"
EndProject
Project("{FAE04EC0-301F-11D3-BF4B-00C04F79EFBC}") = "KK-KKS_Fix_DynamicBones", "src\KK_Fix_DynamicBones\KK-KKS_Fix_DynamicBones.csproj", "{E797F38B-4104-4027-9B34-C210AF558EA9}"
EndProject
Project("{FAE04EC0-301F-11D3-BF4B-00C04F79EFBC}") = "EC_Fix_DynamicBones", "src\EC_Fix_DynamicBones\EC_Fix_DynamicBones.csproj", "{B50199CA-BA76-4628-8E86-2A2B40E40520}"
EndProject
Project("{D954291E-2A0B-460D-934E-DC6B0785DB48}") = "Core_Fix_DynamicBones", "src\Core_Fix_DynamicBones\Core_Fix_DynamicBones.shproj", "{6F00BDFC-F715-46D3-BBF0-827512CE9860}"
EndProject
Project("{2150E333-8FDC-42A3-9474-1A3956D46DE8}") = "Fix_GuideObjects", "Fix_GuideObjects", "{0EA17B87-1BE0-4AAF-97EC-9B0885676D1C}"
EndProject
Project("{FAE04EC0-301F-11D3-BF4B-00C04F79EFBC}") = "KK_Fix_GuideObjects", "src\KK_Fix_GuideObjects\KK_Fix_GuideObjects.csproj", "{5DC60B0B-DE92-4DA3-AB07-0D5D8F7BE772}"
EndProject
Project("{FAE04EC0-301F-11D3-BF4B-00C04F79EFBC}") = "EC_Fix_GuideObjects", "src\EC_Fix_GuideObjects\EC_Fix_GuideObjects.csproj", "{89AFBE74-7A61-4A50-A01E-40E35B9407E6}"
EndProject
Project("{D954291E-2A0B-460D-934E-DC6B0785DB48}") = "Core_Fix_GuideObjects", "src\Core_Fix_GuideObjects\Core_Fix_GuideObjects.shproj", "{763D7633-B7FD-4B91-886B-579850E2FAE1}"
EndProject
Project("{FAE04EC0-301F-11D3-BF4B-00C04F79EFBC}") = "HS2_Fix_UpdateWet", "src\HS2_Fix_UpdateWet\HS2_Fix_UpdateWet.csproj", "{BDB643DB-EE18-4620-AF42-0BD66B829240}"
EndProject
Project("{FAE04EC0-301F-11D3-BF4B-00C04F79EFBC}") = "KKS_Fix_MakerOptimizations", "src\KKS_Fix_MakerOptimizations\KKS_Fix_MakerOptimizations.csproj", "{950B1CC5-D38C-4933-8E4E-385F320EC744}"
EndProject
Project("{2150E333-8FDC-42A3-9474-1A3956D46DE8}") = "Fix_Eyebrows", "Fix_Eyebrows", "{D57ADF93-BD8E-407B-B9D2-F989423B3140}"
EndProject
Project("{FAE04EC0-301F-11D3-BF4B-00C04F79EFBC}") = "KK_Fix_Eyebrows", "src\KK_Fix_Eyebrows\KK_Fix_Eyebrows.csproj", "{A095DBB3-7842-4A5D-BB81-0B90317B4543}"
EndProject
Project("{FAE04EC0-301F-11D3-BF4B-00C04F79EFBC}") = "KKS_Fix_Heterochromia", "src\KKS_Fix_Heterochromia\KKS_Fix_Heterochromia.csproj", "{C2D1E929-6936-4B1D-921D-ED11A7504E38}"
EndProject
Project("{FAE04EC0-301F-11D3-BF4B-00C04F79EFBC}") = "KKS_Fix_ResourceUnloadOptimizations", "src\KKS_Fix_ResourceUnloadOptimizations\KKS_Fix_ResourceUnloadOptimizations.csproj", "{D70142FB-FA2A-4BF3-90AA-19674E8F82CC}"
EndProject
Project("{FAE04EC0-301F-11D3-BF4B-00C04F79EFBC}") = "KKS_Fix_HairShadows", "src\KKS_Fix_HairShadows\KKS_Fix_HairShadows.csproj", "{9DCBD3D0-C327-4E63-838A-90273B1B4984}"
EndProject
Project("{FAE04EC0-301F-11D3-BF4B-00C04F79EFBC}") = "KKS_Fix_NullChecks", "src\KKS_Fix_NullChecks\KKS_Fix_NullChecks.csproj", "{1B72F174-4CCB-4A7F-B406-3940A025E126}"
EndProject
Project("{FAE04EC0-301F-11D3-BF4B-00C04F79EFBC}") = "KKS_Fix_SettingsVerifier", "src\KKS_Fix_SettingsVerifier\KKS_Fix_SettingsVerifier.csproj", "{741BE318-D645-406C-AC01-E6FB29A5C0AF}"
EndProject
Project("{FAE04EC0-301F-11D3-BF4B-00C04F79EFBC}") = "KKS_Fix_ManifestCorrector", "src\KKS_Fix_ManifestCorrector\KKS_Fix_ManifestCorrector.csproj", "{2A4BAD8C-B5C8-440D-87AA-BBA45D52DCC9}"
EndProject
Project("{2150E333-8FDC-42A3-9474-1A3956D46DE8}") = "Fix_CameraMaskResize", "Fix_CameraMaskResize", "{C4C9D0BB-F62D-4CB8-B854-66811D91DDDB}"
EndProject
Project("{FAE04EC0-301F-11D3-BF4B-00C04F79EFBC}") = "KKS_Fix_CameraMaskResize", "src\KKS_Fix_CameraMaskResize\KKS_Fix_CameraMaskResize.csproj", "{00E09FD0-9862-41B3-BD2C-7094A16C97F7}"
EndProject
Project("{FAE04EC0-301F-11D3-BF4B-00C04F79EFBC}") = "EC_Fix_CameraMaskResize", "src\EC_Fix_CameraMaskResize\EC_Fix_CameraMaskResize.csproj", "{989BECED-1D58-4271-BDD2-72E849224F0A}"
EndProject
Project("{D954291E-2A0B-460D-934E-DC6B0785DB48}") = "Core_Fix_CameraMaskResize", "src\Core_Fix_CameraMaskResize\Core_Fix_CameraMaskResize.shproj", "{CE3392F0-F9F0-43D8-BCBF-84CB66B639E0}"
EndProject
Project("{2150E333-8FDC-42A3-9474-1A3956D46DE8}") = "Fix_MakerMaleFaceTypes", "Fix_MakerMaleFaceTypes", "{49AF57AC-0980-4BF4-9189-AA2DCCEF428D}"
EndProject
Project("{D954291E-2A0B-460D-934E-DC6B0785DB48}") = "Core_Fix_MakerMaleFaceTypes", "src\Core_Fix_MakerMaleFaceTypes\Core_Fix_MakerMaleFaceTypes.shproj", "{A4528407-5F49-4983-8EAC-E03AD21C7076}"
EndProject
Project("{FAE04EC0-301F-11D3-BF4B-00C04F79EFBC}") = "HS2_Fix_MakerMaleFaceTypes", "src\HS2_Fix_MakerMaleFaceTypes\HS2_Fix_MakerMaleFaceTypes.csproj", "{97DB3C43-DDC3-47D3-93B1-024AF1E4E522}"
EndProject
Project("{FAE04EC0-301F-11D3-BF4B-00C04F79EFBC}") = "AI_Fix_MakerMaleFaceTypes", "src\AI_Fix_MakerMaleFaceTypes\AI_Fix_MakerMaleFaceTypes.csproj", "{5455D194-8467-4D80-9E5F-4BC329656B07}"
EndProject
Project("{2150E333-8FDC-42A3-9474-1A3956D46DE8}") = "Fix_WetAccessories", "Fix_WetAccessories", "{F01C0E5D-22C3-46EC-AD00-5CF4C2D3613C}"
EndProject
Project("{FAE04EC0-301F-11D3-BF4B-00C04F79EFBC}") = "AI_Fix_WetAccessories", "src\AI_Fix_WetAccessories\AI_Fix_WetAccessories.csproj", "{AEC39CF2-191C-4D35-9224-E6793352E110}"
EndProject
Project("{FAE04EC0-301F-11D3-BF4B-00C04F79EFBC}") = "HS2_Fix_WetAccessories", "src\HS2_Fix_WetAccessories\HS2_Fix_WetAccessories.csproj", "{091FD8BF-29A8-4D03-93B1-4CEB8753315E}"
EndProject
Project("{D954291E-2A0B-460D-934E-DC6B0785DB48}") = "Core_Fix_WetAccessories", "src\Core_Fix_WetAccessories\Core_Fix_WetAccessories.shproj", "{FB854B2B-7C3B-4190-8F82-C732CE49FF6E}"
EndProject
Project("{2150E333-8FDC-42A3-9474-1A3956D46DE8}") = "Fix_ShowerAccessories", "Fix_ShowerAccessories", "{44EF8EA1-7AA9-4397-9FB5-280D6914C0EE}"
EndProject
Project("{FAE04EC0-301F-11D3-BF4B-00C04F79EFBC}") = "KKS_Fix_ShowerAccessories", "src\KKS_Fix_ShowerAccessories\KKS_Fix_ShowerAccessories.csproj", "{E998272D-BA65-4759-94BE-235617B82274}"
EndProject
Project("{D954291E-2A0B-460D-934E-DC6B0785DB48}") = "Core_Fix_ShowerAccessories", "src\Core_Fix_ShowerAccessories\Core_Fix_ShowerAccessories.shproj", "{C95FFB04-1EFE-428C-BB55-56CD9881A95A}"
EndProject
Project("{FAE04EC0-301F-11D3-BF4B-00C04F79EFBC}") = "KKS_Fix_GarbageTruck", "src\KKS_Fix_GarbageTruck\KKS_Fix_GarbageTruck.csproj", "{5065BA00-D9AD-4E37-A2B5-5B7E369C10CF}"
EndProject
Project("{2150E333-8FDC-42A3-9474-1A3956D46DE8}") = "Fix_MainGameOptimizations", "Fix_MainGameOptimizations", "{8F64F0FC-2CA0-47FF-96EF-37338F513C4C}"
EndProject
Project("{FAE04EC0-301F-11D3-BF4B-00C04F79EFBC}") = "KKS_Fix_MainGameOptimizations", "src\KKS_Fix_MainGameOptimizations\KKS_Fix_MainGameOptimizations.csproj", "{C9A1D681-4F11-4BFE-9179-62797903F3E7}"
EndProject
Project("{FAE04EC0-301F-11D3-BF4B-00C04F79EFBC}") = "KKS_Fix_DataCorruptionFixes", "src\KKS_Fix_DataCorruptionFixes\KKS_Fix_DataCorruptionFixes.csproj", "{CB2E8A3C-05A9-4D5F-A666-71DD93537E11}"
EndProject
Project("{FAE04EC0-301F-11D3-BF4B-00C04F79EFBC}") = "KKS_Fix_GuideObjects", "src\KKS_Fix_GuideObjects\KKS_Fix_GuideObjects.csproj", "{7C8F1DBF-0BA4-4DFD-96EC-71605D913D6D}"
EndProject
Project("{FAE04EC0-301F-11D3-BF4B-00C04F79EFBC}") = "KKS_Fix_CameraTarget", "src\KKS_Fix_CameraTarget\KKS_Fix_CameraTarget.csproj", "{EC6AB16F-79D5-4347-9E74-CD9ED0181683}"
EndProject
Project("{FAE04EC0-301F-11D3-BF4B-00C04F79EFBC}") = "KKS_Fix_ExpandShaderDropdown", "src\KKS_Fix_ExpandShaderDropdown\KKS_Fix_ExpandShaderDropdown.csproj", "{88AE0629-9995-4642-BD24-59A8DDA1DC76}"
EndProject
Project("{FAE04EC0-301F-11D3-BF4B-00C04F79EFBC}") = "KKS_Fix_StudioOptimizations", "src\KKS_Fix_StudioOptimizations\KKS_Fix_StudioOptimizations.csproj", "{04D7BD31-D259-4600-8E87-2CD9B22A5443}"
EndProject
Project("{FAE04EC0-301F-11D3-BF4B-00C04F79EFBC}") = "KKS_Fix_Eyebrows", "src\KKS_Fix_Eyebrows\KKS_Fix_Eyebrows.csproj", "{76CDF549-5883-4C38-AFE4-828CEFF5AA85}"
EndProject
Project("{D954291E-2A0B-460D-934E-DC6B0785DB48}") = "Core_Fix_Eyebrows", "src\Core_Fix_Eyebrows\Core_Fix_Eyebrows.shproj", "{E5C0B431-275E-422F-B23D-A548A31326BD}"
EndProject
Global
	GlobalSection(SharedMSBuildProjectFiles) = preSolution
		src\Common\Common.projitems*{00e09fd0-9862-41b3-bd2c-7094a16c97f7}*SharedItemsImports = 4
		src\Core_Fix_CameraMaskResize\Core_Fix_CameraMaskResize.projitems*{00e09fd0-9862-41b3-bd2c-7094a16c97f7}*SharedItemsImports = 4
		src\Common\Common.projitems*{020992e5-0e49-4b83-a3ce-c5eb990edda7}*SharedItemsImports = 4
		src\Core_Fix_InvalidSceneFileProtection\Core_Fix_InvalidSceneFileProtection.projitems*{020992e5-0e49-4b83-a3ce-c5eb990edda7}*SharedItemsImports = 4
		src\Common\Common.projitems*{0218b7ff-4cc3-4c9a-8a91-f8db31084499}*SharedItemsImports = 4
		src\Core_Fix_ManifestCorrector\Core_Fix_ManifestCorrector.projitems*{0218b7ff-4cc3-4c9a-8a91-f8db31084499}*SharedItemsImports = 4
		src\Common\Common.projitems*{04d7bd31-d259-4600-8e87-2cd9b22a5443}*SharedItemsImports = 4
		src\Core_Fix_StudioOptimizations\Core_Fix_StudioOptimizations.projitems*{04d7bd31-d259-4600-8e87-2cd9b22a5443}*SharedItemsImports = 4
		src\Common\Common.projitems*{08a43f46-904c-4add-86cf-7170f1b1f087}*SharedItemsImports = 4
		src\Common\Common.projitems*{091fd8bf-29a8-4d03-93b1-4ceb8753315e}*SharedItemsImports = 4
		src\Core_Fix_WetAccessories\Core_Fix_WetAccessories.projitems*{091fd8bf-29a8-4d03-93b1-4ceb8753315e}*SharedItemsImports = 4
		src\Common\Common.projitems*{09ebe942-19bb-445a-a1d4-06f185d7f518}*SharedItemsImports = 4
		src\Common\Common.projitems*{0c5a556c-af80-4562-ab56-c103e48ddce9}*SharedItemsImports = 4
		src\Core_Fix_ModdedHeadEyeliner\Core_Fix_ModdedHeadEyeliner.projitems*{14973826-75a9-4194-a9ec-2a1de3d20c36}*SharedItemsImports = 13
		src\Common\Common.projitems*{14f5e3e8-7599-444e-8ed7-c044a9c6318a}*SharedItemsImports = 4
		src\Core_Fix_HairShadows\Core_Fix_HairShadows.projitems*{14f5e3e8-7599-444e-8ed7-c044a9c6318a}*SharedItemsImports = 4
		src\Common\Common.projitems*{18c09038-0189-4505-b49b-3ec8cb465d55}*SharedItemsImports = 4
		src\Core_Fix_NullChecks\Core_Fix_NullChecks.projitems*{18c09038-0189-4505-b49b-3ec8cb465d55}*SharedItemsImports = 4
		src\Common\Common.projitems*{18dca0f9-3bf4-48e2-baba-23e6a1d1c774}*SharedItemsImports = 4
		src\Common\Common.projitems*{1b72f174-4ccb-4a7f-b406-3940a025e126}*SharedItemsImports = 4
		src\Core_Fix_NullChecks\Core_Fix_NullChecks.projitems*{1b72f174-4ccb-4a7f-b406-3940a025e126}*SharedItemsImports = 4
		src\Common\Common.projitems*{1c122b92-e1b9-47af-a19a-97b5589e9931}*SharedItemsImports = 4
		src\Core_Fix_ResourceUnloadOptimizations\Core_Fix_ResourceUnloadOptimizations.projitems*{1c122b92-e1b9-47af-a19a-97b5589e9931}*SharedItemsImports = 4
		src\Common\Common.projitems*{1c3ad6a8-0e6a-443b-9229-0dd4528d73a6}*SharedItemsImports = 4
		src\Common\Common.projitems*{1e682890-be19-4118-a249-f57615e2e094}*SharedItemsImports = 4
		src\Core_Fix_HairShadows\Core_Fix_HairShadows.projitems*{1e682890-be19-4118-a249-f57615e2e094}*SharedItemsImports = 4
		src\Common\Common.projitems*{2a4bad8c-b5c8-440d-87aa-bba45d52dcc9}*SharedItemsImports = 4
		src\Core_Fix_ManifestCorrector\Core_Fix_ManifestCorrector.projitems*{2a4bad8c-b5c8-440d-87aa-bba45d52dcc9}*SharedItemsImports = 4
		src\Common\Common.projitems*{2c6d522c-2830-4ccf-8f49-3e0aa36a273e}*SharedItemsImports = 4
		src\Core_Fix_ResourceUnloadOptimizations\Core_Fix_ResourceUnloadOptimizations.projitems*{2c6d522c-2830-4ccf-8f49-3e0aa36a273e}*SharedItemsImports = 4
		src\Core_Fix_SettingsVerifier\Core_Fix_SettingsVerifier.projitems*{3189be0a-2860-416a-9bba-a70d9908fc50}*SharedItemsImports = 13
		src\Core_Fix_MakerOptimizations_CursorManager\Core_Fix_MakerOptimizations_CursorManager.projitems*{31c44aae-509e-428a-9ece-4d4f18a0c15a}*SharedItemsImports = 13
		src\Common\Common.projitems*{3274241d-b51a-4042-8cec-54d6aa166ca0}*SharedItemsImports = 4
		src\Core_Fix_SettingsVerifier\Core_Fix_SettingsVerifier.projitems*{3274241d-b51a-4042-8cec-54d6aa166ca0}*SharedItemsImports = 4
		src\Common\Common.projitems*{340a3d13-dee0-43c0-8410-ec84c2873f95}*SharedItemsImports = 13
		src\Common\Common.projitems*{386ae527-1b53-4ad6-aaa3-f90d610c6080}*SharedItemsImports = 4
		src\Core_Fix_InvalidSceneFileProtection\Core_Fix_InvalidSceneFileProtection.projitems*{386ae527-1b53-4ad6-aaa3-f90d610c6080}*SharedItemsImports = 4
		src\Common\Common.projitems*{3975cdbe-60d3-4e94-be64-21c5d1d0030b}*SharedItemsImports = 4
		src\Core_Fix_ModdedHeadEyeliner\Core_Fix_ModdedHeadEyeliner.projitems*{3975cdbe-60d3-4e94-be64-21c5d1d0030b}*SharedItemsImports = 4
		src\Common\Common.projitems*{3b5f9fa8-191b-48e7-9ca1-1025584d49cd}*SharedItemsImports = 4
		src\Common\Common.projitems*{3e1acc1f-fdcc-49a9-9711-c344ab550fc0}*SharedItemsImports = 4
		src\Core_Fix_ModdedHeadEyeliner\Core_Fix_ModdedHeadEyeliner.projitems*{3e1acc1f-fdcc-49a9-9711-c344ab550fc0}*SharedItemsImports = 4
		src\Common\Common.projitems*{40967983-df5c-411a-bfa4-96c6cfebc63e}*SharedItemsImports = 4
		src\Core_Fix_NullChecks\Core_Fix_NullChecks.projitems*{40967983-df5c-411a-bfa4-96c6cfebc63e}*SharedItemsImports = 4
		src\Common\Common.projitems*{4327874b-9ddb-4eb0-8f4d-7492ccc08a34}*SharedItemsImports = 4
		src\Core_Fix_ResourceUnloadOptimizations\Core_Fix_ResourceUnloadOptimizations.projitems*{4327874b-9ddb-4eb0-8f4d-7492ccc08a34}*SharedItemsImports = 4
		src\Common\Common.projitems*{4b0d3c72-f7c0-4673-b857-2de2b3970c52}*SharedItemsImports = 4
		src\Core_Fix_MakerOptimizations_CursorManager\Core_Fix_MakerOptimizations_CursorManager.projitems*{4b0d3c72-f7c0-4673-b857-2de2b3970c52}*SharedItemsImports = 4
		src\Common\Common.projitems*{4deb7768-385e-43b8-84b2-e0acf13c61c3}*SharedItemsImports = 4
		src\Common\Common.projitems*{5065ba00-d9ad-4e37-a2b5-5b7e369c10cf}*SharedItemsImports = 4
		src\Core_Fix_PoseLoad\Core_Fix_PoseLoad.projitems*{50b014d7-1d96-47b7-a3b5-f1d682073f0a}*SharedItemsImports = 13
		src\Common\Common.projitems*{517cb02c-cb77-4746-ac5a-14d1fecc0cb8}*SharedItemsImports = 4
		src\Common\Common.projitems*{51f20404-6a48-4578-b994-ff0a867ef2c0}*SharedItemsImports = 4
		src\Common\Common.projitems*{52d92c5e-f220-473c-b683-bd17198efd32}*SharedItemsImports = 4
		src\Common\Common.projitems*{541ed181-1370-47f1-9d95-6187ee59686c}*SharedItemsImports = 4
		src\Core_Fix_MakerOptimizations\Core_Fix_MakerOptimizations.projitems*{541ed181-1370-47f1-9d95-6187ee59686c}*SharedItemsImports = 4
		src\Core_Fix_MakerOptimizations_CursorManager\Core_Fix_MakerOptimizations_CursorManager.projitems*{541ed181-1370-47f1-9d95-6187ee59686c}*SharedItemsImports = 4
		src\Common\Common.projitems*{5455d194-8467-4d80-9e5f-4bc329656b07}*SharedItemsImports = 4
		src\Core_Fix_MakerMaleFaceTypes\Core_Fix_MakerMaleFaceTypes.projitems*{5455d194-8467-4d80-9e5f-4bc329656b07}*SharedItemsImports = 4
		src\Common\Common.projitems*{562af895-6472-4215-be57-c34501d59edf}*SharedItemsImports = 4
		src\Core_Fix_StudioOptimizations\Core_Fix_StudioOptimizations.projitems*{58305f00-9372-43a0-b155-e602252839de}*SharedItemsImports = 13
		src\Common\Common.projitems*{5a28a5f5-71f4-4519-a869-ae676230f332}*SharedItemsImports = 4
		src\Core_Fix_PoseLoad\Core_Fix_PoseLoad.projitems*{5a28a5f5-71f4-4519-a869-ae676230f332}*SharedItemsImports = 4
		src\Common\Common.projitems*{5ba36e3d-7ec8-400e-a0f0-abceb3f644f0}*SharedItemsImports = 4
		src\Common\Common.projitems*{5dc60b0b-de92-4da3-ab07-0d5d8f7be772}*SharedItemsImports = 4
		src\Core_Fix_GuideObjects\Core_Fix_GuideObjects.projitems*{5dc60b0b-de92-4da3-ab07-0d5d8f7be772}*SharedItemsImports = 4
		src\Common\Common.projitems*{5e147825-fd43-4f2f-9583-809f4dd26c10}*SharedItemsImports = 4
		src\Common\Common.projitems*{5ea29d16-ded0-4e88-a755-1753f14888c3}*SharedItemsImports = 4
		src\Common\Common.projitems*{5eaa5078-ac8e-482b-98eb-e7ce8a12d0ca}*SharedItemsImports = 4
		src\Core_Fix_StudioOptimizations\Core_Fix_StudioOptimizations.projitems*{5eaa5078-ac8e-482b-98eb-e7ce8a12d0ca}*SharedItemsImports = 4
		src\Common\Common.projitems*{624fe20e-7f19-403b-ad4e-6a2bd7359c88}*SharedItemsImports = 4
		src\Common\Common.projitems*{647579b1-abb7-4180-ac3f-da12b092ed22}*SharedItemsImports = 4
		src\Core_Fix_Heterochromia\Core_Fix_Heterochromia.projitems*{647579b1-abb7-4180-ac3f-da12b092ed22}*SharedItemsImports = 4
		src\Common\Common.projitems*{65b49352-65b3-4994-832f-83a868987e22}*SharedItemsImports = 4
		src\Core_Fix_SettingsVerifier\Core_Fix_SettingsVerifier.projitems*{65b49352-65b3-4994-832f-83a868987e22}*SharedItemsImports = 4
		src\Common\Common.projitems*{65cb1a38-c90d-42d3-b157-5fb6f844ed11}*SharedItemsImports = 4
		src\Core_Fix_MakerOptimizations\Core_Fix_MakerOptimizations.projitems*{65cb1a38-c90d-42d3-b157-5fb6f844ed11}*SharedItemsImports = 4
		src\Core_Fix_MakerOptimizations_CursorManager\Core_Fix_MakerOptimizations_CursorManager.projitems*{65cb1a38-c90d-42d3-b157-5fb6f844ed11}*SharedItemsImports = 4
		src\Common\Common.projitems*{65d34652-7eda-488d-91fc-941d4ad2fcfa}*SharedItemsImports = 4
		src\Common\Common.projitems*{6ca88723-ca91-49c9-9fd1-c6e58efa5529}*SharedItemsImports = 4
		src\Core_Fix_SettingsVerifier\Core_Fix_SettingsVerifier.projitems*{6ca88723-ca91-49c9-9fd1-c6e58efa5529}*SharedItemsImports = 4
		src\Core_Fix_DynamicBones\Core_Fix_DynamicBones.projitems*{6f00bdfc-f715-46d3-bbf0-827512ce9860}*SharedItemsImports = 13
		src\Common\Common.projitems*{7051504a-575b-417c-be33-55e7a58f71ff}*SharedItemsImports = 4
		src\Core_Fix_PoseLoad\Core_Fix_PoseLoad.projitems*{7051504a-575b-417c-be33-55e7a58f71ff}*SharedItemsImports = 4
		src\Common\Common.projitems*{724945c5-0790-4e58-adb5-940dbac1a458}*SharedItemsImports = 4
		src\Core_Fix_NullChecks\Core_Fix_NullChecks.projitems*{724945c5-0790-4e58-adb5-940dbac1a458}*SharedItemsImports = 4
		src\Core_Fix_HairShadows\Core_Fix_HairShadows.projitems*{73c8eb7e-55c8-4fb4-8dc5-27c56a0af3a2}*SharedItemsImports = 13
		src\Common\Common.projitems*{741be318-d645-406c-ac01-e6fb29a5c0af}*SharedItemsImports = 4
		src\Core_Fix_SettingsVerifier\Core_Fix_SettingsVerifier.projitems*{741be318-d645-406c-ac01-e6fb29a5c0af}*SharedItemsImports = 4
		src\Common\Common.projitems*{74439246-77dc-4818-8632-f45cc82dcd7c}*SharedItemsImports = 4
		src\Core_Fix_ResourceUnloadOptimizations\Core_Fix_ResourceUnloadOptimizations.projitems*{74439246-77dc-4818-8632-f45cc82dcd7c}*SharedItemsImports = 4
		src\Core_Fix_GuideObjects\Core_Fix_GuideObjects.projitems*{763d7633-b7fd-4b91-886b-579850e2fae1}*SharedItemsImports = 13
		src\Common\Common.projitems*{765d725f-05ad-4b34-8799-90be65754513}*SharedItemsImports = 4
		src\Core_Fix_InvalidSceneFileProtection\Core_Fix_InvalidSceneFileProtection.projitems*{765d725f-05ad-4b34-8799-90be65754513}*SharedItemsImports = 4
		src\Common\Common.projitems*{76cdf549-5883-4c38-afe4-828ceff5aa85}*SharedItemsImports = 4
		src\Core_Fix_Eyebrows\Core_Fix_Eyebrows.projitems*{76cdf549-5883-4c38-afe4-828ceff5aa85}*SharedItemsImports = 4
		src\Common\Common.projitems*{7c8f1dbf-0ba4-4dfd-96ec-71605d913d6d}*SharedItemsImports = 4
		src\Core_Fix_GuideObjects\Core_Fix_GuideObjects.projitems*{7c8f1dbf-0ba4-4dfd-96ec-71605d913d6d}*SharedItemsImports = 4
		src\Common\Common.projitems*{81a9c4ba-5c32-4e35-b17d-8c3c9e2a676c}*SharedItemsImports = 4
		src\Core_Fix_PoseLoad\Core_Fix_PoseLoad.projitems*{81a9c4ba-5c32-4e35-b17d-8c3c9e2a676c}*SharedItemsImports = 4
		src\Common\Common.projitems*{81ccbaa9-ec68-4558-bbdb-54d59b55b8a7}*SharedItemsImports = 4
		src\Core_Fix_Heterochromia\Core_Fix_Heterochromia.projitems*{81ccbaa9-ec68-4558-bbdb-54d59b55b8a7}*SharedItemsImports = 4
		src\Common\Common.projitems*{854f4e98-5468-47f4-b32f-a5bfbcede6f4}*SharedItemsImports = 4
		src\Core_Fix_ResourceUnloadOptimizations\Core_Fix_ResourceUnloadOptimizations.projitems*{854f4e98-5468-47f4-b32f-a5bfbcede6f4}*SharedItemsImports = 4
		src\Common\Common.projitems*{88ae0629-9995-4642-bd24-59a8dda1dc76}*SharedItemsImports = 4
		src\Common\Common.projitems*{89afbe74-7a61-4a50-a01e-40e35b9407e6}*SharedItemsImports = 4
		src\Core_Fix_GuideObjects\Core_Fix_GuideObjects.projitems*{89afbe74-7a61-4a50-a01e-40e35b9407e6}*SharedItemsImports = 4
		src\Core_Fix_Heterochromia\Core_Fix_Heterochromia.projitems*{89d95d84-bc6a-44cd-9376-6866207b96ae}*SharedItemsImports = 13
		src\Common\Common.projitems*{8a86e25f-70c1-45a0-b548-d53529539232}*SharedItemsImports = 4
		src\Core_Fix_ManifestCorrector\Core_Fix_ManifestCorrector.projitems*{8a86e25f-70c1-45a0-b548-d53529539232}*SharedItemsImports = 4
		src\Common\Common.projitems*{8aad72ed-b34e-468f-9bd6-7210183461be}*SharedItemsImports = 4
		src\Core_Fix_CameraTarget\Core_Fix_CameraTarget.projitems*{8aad72ed-b34e-468f-9bd6-7210183461be}*SharedItemsImports = 4
		src\Common\Common.projitems*{90ac93cb-9efe-46e4-944f-c236aec0fc21}*SharedItemsImports = 4
		src\Common\Common.projitems*{90f116fe-9fcf-473f-a7d5-b9d1fdbfe52f}*SharedItemsImports = 4
		src\Core_Fix_StudioOptimizations\Core_Fix_StudioOptimizations.projitems*{90f116fe-9fcf-473f-a7d5-b9d1fdbfe52f}*SharedItemsImports = 4
		src\Common\Common.projitems*{9216d4d0-b421-4d3b-b038-49d76dc12573}*SharedItemsImports = 4
		src\Common\Common.projitems*{92a43761-b0ad-46fe-b1b6-28ada6f09bbb}*SharedItemsImports = 4
		src\Core_Fix_SettingsVerifier\Core_Fix_SettingsVerifier.projitems*{92a43761-b0ad-46fe-b1b6-28ada6f09bbb}*SharedItemsImports = 4
		src\Common\Common.projitems*{950b1cc5-d38c-4933-8e4e-385f320ec744}*SharedItemsImports = 4
		src\Core_Fix_MakerOptimizations\Core_Fix_MakerOptimizations.projitems*{950b1cc5-d38c-4933-8e4e-385f320ec744}*SharedItemsImports = 4
		src\Common\Common.projitems*{97db3c43-ddc3-47d3-93b1-024af1e4e522}*SharedItemsImports = 4
		src\Core_Fix_MakerMaleFaceTypes\Core_Fix_MakerMaleFaceTypes.projitems*{97db3c43-ddc3-47d3-93b1-024af1e4e522}*SharedItemsImports = 4
		src\Common\Common.projitems*{989beced-1d58-4271-bdd2-72e849224f0a}*SharedItemsImports = 4
		src\Core_Fix_CameraMaskResize\Core_Fix_CameraMaskResize.projitems*{989beced-1d58-4271-bdd2-72e849224f0a}*SharedItemsImports = 4
		src\Common\Common.projitems*{9dcbd3d0-c327-4e63-838a-90273b1b4984}*SharedItemsImports = 4
		src\Core_Fix_HairShadows\Core_Fix_HairShadows.projitems*{9dcbd3d0-c327-4e63-838a-90273b1b4984}*SharedItemsImports = 4
		src\Common\Common.projitems*{a095dbb3-7842-4a5d-bb81-0b90317b4543}*SharedItemsImports = 4
		src\Core_Fix_Eyebrows\Core_Fix_Eyebrows.projitems*{a095dbb3-7842-4a5d-bb81-0b90317b4543}*SharedItemsImports = 4
		src\Core_Fix_MakerMaleFaceTypes\Core_Fix_MakerMaleFaceTypes.projitems*{a4528407-5f49-4983-8eac-e03ad21c7076}*SharedItemsImports = 13
		src\Core_Fix_NullChecks\Core_Fix_NullChecks.projitems*{a68b1345-a4d5-4a10-ab5f-f3bbd638b189}*SharedItemsImports = 13
		src\Common\Common.projitems*{a714b46d-95a3-4eb0-a635-c253bbad0cba}*SharedItemsImports = 4
		src\Common\Common.projitems*{aaa57b7a-9d2c-4840-94e2-f1fa43c53bc7}*SharedItemsImports = 4
		src\Core_Fix_ManifestCorrector\Core_Fix_ManifestCorrector.projitems*{ab54007e-2cb2-410e-93f3-c7b261a617c9}*SharedItemsImports = 13
		src\Common\Common.projitems*{abb91777-7231-47f7-bf4d-9144cc7b1764}*SharedItemsImports = 4
		src\Core_Fix_ShowerAccessories\Core_Fix_ShowerAccessories.projitems*{abb91777-7231-47f7-bf4d-9144cc7b1764}*SharedItemsImports = 4
		src\Common\Common.projitems*{ac77c02d-d371-4f81-9e9e-da544ac49488}*SharedItemsImports = 4
		src\Common\Common.projitems*{aec39cf2-191c-4d35-9224-e6793352e110}*SharedItemsImports = 4
		src\Core_Fix_WetAccessories\Core_Fix_WetAccessories.projitems*{aec39cf2-191c-4d35-9224-e6793352e110}*SharedItemsImports = 4
		src\Common\Common.projitems*{b211581c-80f2-422d-8180-46b0228aae2c}*SharedItemsImports = 4
		src\Core_Fix_CameraTarget\Core_Fix_CameraTarget.projitems*{b211581c-80f2-422d-8180-46b0228aae2c}*SharedItemsImports = 4
		src\Common\Common.projitems*{b3a37bdb-238f-47a7-9a73-1c15ea1a05ab}*SharedItemsImports = 4
		src\Core_Fix_StudioOptimizations\Core_Fix_StudioOptimizations.projitems*{b3a37bdb-238f-47a7-9a73-1c15ea1a05ab}*SharedItemsImports = 4
		src\Common\Common.projitems*{b50199ca-ba76-4628-8e86-2a2b40e40520}*SharedItemsImports = 4
		src\Core_Fix_DynamicBones\Core_Fix_DynamicBones.projitems*{b50199ca-ba76-4628-8e86-2a2b40e40520}*SharedItemsImports = 4
		src\Common\Common.projitems*{bdb643db-ee18-4620-af42-0bd66b829240}*SharedItemsImports = 4
		src\Common\Common.projitems*{be04b9fb-6862-49df-a8d1-26e185f0d9b8}*SharedItemsImports = 4
		src\Common\Common.projitems*{bf58115b-8249-4f38-9f73-96cddda819e1}*SharedItemsImports = 4
		src\Core_Fix_CameraTarget\Core_Fix_CameraTarget.projitems*{bf58115b-8249-4f38-9f73-96cddda819e1}*SharedItemsImports = 4
		src\Common\Common.projitems*{c2d1e929-6936-4b1d-921d-ed11a7504e38}*SharedItemsImports = 4
		src\Core_Fix_Heterochromia\Core_Fix_Heterochromia.projitems*{c2d1e929-6936-4b1d-921d-ed11a7504e38}*SharedItemsImports = 4
		src\Core_Fix_ShowerAccessories\Core_Fix_ShowerAccessories.projitems*{c95ffb04-1efe-428c-bb55-56cd9881a95a}*SharedItemsImports = 13
		src\Common\Common.projitems*{c990bca0-e95f-4853-b80f-bf2ab7023eb7}*SharedItemsImports = 4
		src\Core_Fix_ResourceUnloadOptimizations\Core_Fix_ResourceUnloadOptimizations.projitems*{c990bca0-e95f-4853-b80f-bf2ab7023eb7}*SharedItemsImports = 4
		src\Common\Common.projitems*{c9a1d681-4f11-4bfe-9179-62797903f3e7}*SharedItemsImports = 4
		src\Common\Common.projitems*{cb2e8a3c-05a9-4d5f-a666-71dd93537e11}*SharedItemsImports = 4
		src\Core_Fix_CameraMaskResize\Core_Fix_CameraMaskResize.projitems*{ce3392f0-f9f0-43d8-bcbf-84cb66b639e0}*SharedItemsImports = 13
		src\Common\Common.projitems*{ceac55c1-ded9-4581-9466-f9c6e7407a6f}*SharedItemsImports = 4
		src\Common\Common.projitems*{d70142fb-fa2a-4bf3-90aa-19674e8f82cc}*SharedItemsImports = 4
		src\Core_Fix_ResourceUnloadOptimizations\Core_Fix_ResourceUnloadOptimizations.projitems*{d70142fb-fa2a-4bf3-90aa-19674e8f82cc}*SharedItemsImports = 4
		src\Common\Common.projitems*{d853338d-efbc-4c7e-a0d9-9b78610ae726}*SharedItemsImports = 4
		src\Core_Fix_ManifestCorrector\Core_Fix_ManifestCorrector.projitems*{d853338d-efbc-4c7e-a0d9-9b78610ae726}*SharedItemsImports = 4
		src\Common\Common.projitems*{d8ac8107-11f4-4bc0-855e-4d0330af5d46}*SharedItemsImports = 4
		src\Common\Common.projitems*{d9bc998b-bbd1-4836-b00d-90408ca3e4fc}*SharedItemsImports = 4
		src\Core_Fix_InvalidSceneFileProtection\Core_Fix_InvalidSceneFileProtection.projitems*{de110de4-c432-4f89-bd1e-23915527ef9b}*SharedItemsImports = 13
		src\Common\Common.projitems*{e0eebf3e-cbf1-4929-a6c8-403767faaa8d}*SharedItemsImports = 4
		src\Core_Fix_Eyebrows\Core_Fix_Eyebrows.projitems*{e5c0b431-275e-422f-b23d-a548a31326bd}*SharedItemsImports = 13
		src\Core_Fix_MakerOptimizations\Core_Fix_MakerOptimizations.projitems*{e613fea3-a78c-4f26-878a-b7a874961819}*SharedItemsImports = 13
		src\Common\Common.projitems*{e797f38b-4104-4027-9b34-c210af558ea9}*SharedItemsImports = 4
		src\Core_Fix_DynamicBones\Core_Fix_DynamicBones.projitems*{e797f38b-4104-4027-9b34-c210af558ea9}*SharedItemsImports = 4
		src\Core_Fix_ResourceUnloadOptimizations\Core_Fix_ResourceUnloadOptimizations.projitems*{e9642c67-3d6b-41f5-b42a-73c641b5068a}*SharedItemsImports = 13
		src\Common\Common.projitems*{e998272d-ba65-4759-94be-235617b82274}*SharedItemsImports = 4
		src\Core_Fix_ShowerAccessories\Core_Fix_ShowerAccessories.projitems*{e998272d-ba65-4759-94be-235617b82274}*SharedItemsImports = 4
		src\Common\Common.projitems*{ec6ab16f-79d5-4347-9e74-cd9ed0181683}*SharedItemsImports = 4
		src\Core_Fix_CameraTarget\Core_Fix_CameraTarget.projitems*{ec6ab16f-79d5-4347-9e74-cd9ed0181683}*SharedItemsImports = 4
		src\Common\Common.projitems*{ec9e7c9b-10fa-41c7-8b30-f91e33d97f7d}*SharedItemsImports = 4
		src\Core_Fix_CameraTarget\Core_Fix_CameraTarget.projitems*{ecefe48a-9ce2-4c53-874b-1fe11c1c4447}*SharedItemsImports = 13
		src\Common\Common.projitems*{f07f3af2-cadc-4c0d-b9cc-4d08abd0a520}*SharedItemsImports = 4
		src\Core_Fix_MakerOptimizations_CursorManager\Core_Fix_MakerOptimizations_CursorManager.projitems*{f07f3af2-cadc-4c0d-b9cc-4d08abd0a520}*SharedItemsImports = 4
		src\Common\Common.projitems*{f31470c2-8c31-400b-b010-525a76c57bb8}*SharedItemsImports = 4
		src\Core_Fix_CameraTarget\Core_Fix_CameraTarget.projitems*{f31470c2-8c31-400b-b010-525a76c57bb8}*SharedItemsImports = 4
		src\Common\Common.projitems*{f4b42914-1d55-4791-9a82-bd330502ffb8}*SharedItemsImports = 4
		src\Core_Fix_ManifestCorrector\Core_Fix_ManifestCorrector.projitems*{f4b42914-1d55-4791-9a82-bd330502ffb8}*SharedItemsImports = 4
		src\Common\Common.projitems*{f652b8d9-374a-44bd-8ded-578414a9fc89}*SharedItemsImports = 4
		src\Core_Fix_NullChecks\Core_Fix_NullChecks.projitems*{f652b8d9-374a-44bd-8ded-578414a9fc89}*SharedItemsImports = 4
		src\Core_Fix_WetAccessories\Core_Fix_WetAccessories.projitems*{fb854b2b-7c3b-4190-8f82-c732ce49ff6e}*SharedItemsImports = 13
	EndGlobalSection
	GlobalSection(SolutionConfigurationPlatforms) = preSolution
		Debug|Any CPU = Debug|Any CPU
		Release|Any CPU = Release|Any CPU
	EndGlobalSection
	GlobalSection(ProjectConfigurationPlatforms) = postSolution
		{E0EEBF3E-CBF1-4929-A6C8-403767FAAA8D}.Debug|Any CPU.ActiveCfg = Debug|Any CPU
		{E0EEBF3E-CBF1-4929-A6C8-403767FAAA8D}.Debug|Any CPU.Build.0 = Debug|Any CPU
		{E0EEBF3E-CBF1-4929-A6C8-403767FAAA8D}.Release|Any CPU.ActiveCfg = Release|Any CPU
		{E0EEBF3E-CBF1-4929-A6C8-403767FAAA8D}.Release|Any CPU.Build.0 = Release|Any CPU
		{3E1ACC1F-FDCC-49A9-9711-C344AB550FC0}.Debug|Any CPU.ActiveCfg = Debug|Any CPU
		{3E1ACC1F-FDCC-49A9-9711-C344AB550FC0}.Debug|Any CPU.Build.0 = Debug|Any CPU
		{3E1ACC1F-FDCC-49A9-9711-C344AB550FC0}.Release|Any CPU.ActiveCfg = Release|Any CPU
		{3E1ACC1F-FDCC-49A9-9711-C344AB550FC0}.Release|Any CPU.Build.0 = Release|Any CPU
		{40967983-DF5C-411A-BFA4-96C6CFEBC63E}.Debug|Any CPU.ActiveCfg = Debug|Any CPU
		{40967983-DF5C-411A-BFA4-96C6CFEBC63E}.Debug|Any CPU.Build.0 = Debug|Any CPU
		{40967983-DF5C-411A-BFA4-96C6CFEBC63E}.Release|Any CPU.ActiveCfg = Release|Any CPU
		{40967983-DF5C-411A-BFA4-96C6CFEBC63E}.Release|Any CPU.Build.0 = Release|Any CPU
		{1C3AD6A8-0E6A-443B-9229-0DD4528D73A6}.Debug|Any CPU.ActiveCfg = Debug|Any CPU
		{1C3AD6A8-0E6A-443B-9229-0DD4528D73A6}.Debug|Any CPU.Build.0 = Debug|Any CPU
		{1C3AD6A8-0E6A-443B-9229-0DD4528D73A6}.Release|Any CPU.ActiveCfg = Release|Any CPU
		{1C3AD6A8-0E6A-443B-9229-0DD4528D73A6}.Release|Any CPU.Build.0 = Release|Any CPU
		{A714B46D-95A3-4EB0-A635-C253BBAD0CBA}.Debug|Any CPU.ActiveCfg = Debug|Any CPU
		{A714B46D-95A3-4EB0-A635-C253BBAD0CBA}.Debug|Any CPU.Build.0 = Debug|Any CPU
		{A714B46D-95A3-4EB0-A635-C253BBAD0CBA}.Release|Any CPU.ActiveCfg = Release|Any CPU
		{A714B46D-95A3-4EB0-A635-C253BBAD0CBA}.Release|Any CPU.Build.0 = Release|Any CPU
		{6CA88723-CA91-49C9-9FD1-C6E58EFA5529}.Debug|Any CPU.ActiveCfg = Debug|Any CPU
		{6CA88723-CA91-49C9-9FD1-C6E58EFA5529}.Debug|Any CPU.Build.0 = Debug|Any CPU
		{6CA88723-CA91-49C9-9FD1-C6E58EFA5529}.Release|Any CPU.ActiveCfg = Release|Any CPU
		{6CA88723-CA91-49C9-9FD1-C6E58EFA5529}.Release|Any CPU.Build.0 = Release|Any CPU
		{65CB1A38-C90D-42D3-B157-5FB6F844ED11}.Debug|Any CPU.ActiveCfg = Debug|Any CPU
		{65CB1A38-C90D-42D3-B157-5FB6F844ED11}.Debug|Any CPU.Build.0 = Debug|Any CPU
		{65CB1A38-C90D-42D3-B157-5FB6F844ED11}.Release|Any CPU.ActiveCfg = Release|Any CPU
		{65CB1A38-C90D-42D3-B157-5FB6F844ED11}.Release|Any CPU.Build.0 = Release|Any CPU
		{ABB91777-7231-47F7-BF4D-9144CC7B1764}.Debug|Any CPU.ActiveCfg = Debug|Any CPU
		{ABB91777-7231-47F7-BF4D-9144CC7B1764}.Debug|Any CPU.Build.0 = Debug|Any CPU
		{ABB91777-7231-47F7-BF4D-9144CC7B1764}.Release|Any CPU.ActiveCfg = Release|Any CPU
		{ABB91777-7231-47F7-BF4D-9144CC7B1764}.Release|Any CPU.Build.0 = Release|Any CPU
		{2C6D522C-2830-4CCF-8F49-3E0AA36A273E}.Debug|Any CPU.ActiveCfg = Debug|Any CPU
		{2C6D522C-2830-4CCF-8F49-3E0AA36A273E}.Debug|Any CPU.Build.0 = Debug|Any CPU
		{2C6D522C-2830-4CCF-8F49-3E0AA36A273E}.Release|Any CPU.ActiveCfg = Release|Any CPU
		{2C6D522C-2830-4CCF-8F49-3E0AA36A273E}.Release|Any CPU.Build.0 = Release|Any CPU
		{08A43F46-904C-4ADD-86CF-7170F1B1F087}.Debug|Any CPU.ActiveCfg = Debug|Any CPU
		{08A43F46-904C-4ADD-86CF-7170F1B1F087}.Debug|Any CPU.Build.0 = Debug|Any CPU
		{08A43F46-904C-4ADD-86CF-7170F1B1F087}.Release|Any CPU.ActiveCfg = Release|Any CPU
		{08A43F46-904C-4ADD-86CF-7170F1B1F087}.Release|Any CPU.Build.0 = Release|Any CPU
		{D8AC8107-11F4-4BC0-855E-4D0330AF5D46}.Debug|Any CPU.ActiveCfg = Debug|Any CPU
		{D8AC8107-11F4-4BC0-855E-4D0330AF5D46}.Debug|Any CPU.Build.0 = Debug|Any CPU
		{D8AC8107-11F4-4BC0-855E-4D0330AF5D46}.Release|Any CPU.ActiveCfg = Release|Any CPU
		{D8AC8107-11F4-4BC0-855E-4D0330AF5D46}.Release|Any CPU.Build.0 = Release|Any CPU
		{EC9E7C9B-10FA-41C7-8B30-F91E33D97F7D}.Debug|Any CPU.ActiveCfg = Debug|Any CPU
		{EC9E7C9B-10FA-41C7-8B30-F91E33D97F7D}.Debug|Any CPU.Build.0 = Debug|Any CPU
		{EC9E7C9B-10FA-41C7-8B30-F91E33D97F7D}.Release|Any CPU.ActiveCfg = Release|Any CPU
		{EC9E7C9B-10FA-41C7-8B30-F91E33D97F7D}.Release|Any CPU.Build.0 = Release|Any CPU
		{51F20404-6A48-4578-B994-FF0A867EF2C0}.Debug|Any CPU.ActiveCfg = Debug|Any CPU
		{51F20404-6A48-4578-B994-FF0A867EF2C0}.Debug|Any CPU.Build.0 = Debug|Any CPU
		{51F20404-6A48-4578-B994-FF0A867EF2C0}.Release|Any CPU.ActiveCfg = Release|Any CPU
		{51F20404-6A48-4578-B994-FF0A867EF2C0}.Release|Any CPU.Build.0 = Release|Any CPU
		{9216D4D0-B421-4D3B-B038-49D76DC12573}.Debug|Any CPU.ActiveCfg = Debug|Any CPU
		{9216D4D0-B421-4D3B-B038-49D76DC12573}.Debug|Any CPU.Build.0 = Debug|Any CPU
		{9216D4D0-B421-4D3B-B038-49D76DC12573}.Release|Any CPU.ActiveCfg = Release|Any CPU
		{9216D4D0-B421-4D3B-B038-49D76DC12573}.Release|Any CPU.Build.0 = Release|Any CPU
		{4DEB7768-385E-43B8-84B2-E0ACF13C61C3}.Debug|Any CPU.ActiveCfg = Debug|Any CPU
		{4DEB7768-385E-43B8-84B2-E0ACF13C61C3}.Debug|Any CPU.Build.0 = Debug|Any CPU
		{4DEB7768-385E-43B8-84B2-E0ACF13C61C3}.Release|Any CPU.ActiveCfg = Release|Any CPU
		{4DEB7768-385E-43B8-84B2-E0ACF13C61C3}.Release|Any CPU.Build.0 = Release|Any CPU
		{541ED181-1370-47F1-9D95-6187EE59686C}.Debug|Any CPU.ActiveCfg = Debug|Any CPU
		{541ED181-1370-47F1-9D95-6187EE59686C}.Debug|Any CPU.Build.0 = Debug|Any CPU
		{541ED181-1370-47F1-9D95-6187EE59686C}.Release|Any CPU.ActiveCfg = Release|Any CPU
		{541ED181-1370-47F1-9D95-6187EE59686C}.Release|Any CPU.Build.0 = Release|Any CPU
		{F652B8D9-374A-44BD-8DED-578414A9FC89}.Debug|Any CPU.ActiveCfg = Debug|Any CPU
		{F652B8D9-374A-44BD-8DED-578414A9FC89}.Debug|Any CPU.Build.0 = Debug|Any CPU
		{F652B8D9-374A-44BD-8DED-578414A9FC89}.Release|Any CPU.ActiveCfg = Release|Any CPU
		{F652B8D9-374A-44BD-8DED-578414A9FC89}.Release|Any CPU.Build.0 = Release|Any CPU
		{517CB02C-CB77-4746-AC5A-14D1FECC0CB8}.Debug|Any CPU.ActiveCfg = Debug|Any CPU
		{517CB02C-CB77-4746-AC5A-14D1FECC0CB8}.Debug|Any CPU.Build.0 = Debug|Any CPU
		{517CB02C-CB77-4746-AC5A-14D1FECC0CB8}.Release|Any CPU.ActiveCfg = Release|Any CPU
		{517CB02C-CB77-4746-AC5A-14D1FECC0CB8}.Release|Any CPU.Build.0 = Release|Any CPU
		{5BA36E3D-7EC8-400E-A0F0-ABCEB3F644F0}.Debug|Any CPU.ActiveCfg = Debug|Any CPU
		{5BA36E3D-7EC8-400E-A0F0-ABCEB3F644F0}.Debug|Any CPU.Build.0 = Debug|Any CPU
		{5BA36E3D-7EC8-400E-A0F0-ABCEB3F644F0}.Release|Any CPU.ActiveCfg = Release|Any CPU
		{5BA36E3D-7EC8-400E-A0F0-ABCEB3F644F0}.Release|Any CPU.Build.0 = Release|Any CPU
		{1C122B92-E1B9-47AF-A19A-97B5589E9931}.Debug|Any CPU.ActiveCfg = Debug|Any CPU
		{1C122B92-E1B9-47AF-A19A-97B5589E9931}.Debug|Any CPU.Build.0 = Debug|Any CPU
		{1C122B92-E1B9-47AF-A19A-97B5589E9931}.Release|Any CPU.ActiveCfg = Release|Any CPU
		{1C122B92-E1B9-47AF-A19A-97B5589E9931}.Release|Any CPU.Build.0 = Release|Any CPU
		{854F4E98-5468-47F4-B32F-A5BFBCEDE6F4}.Debug|Any CPU.ActiveCfg = Debug|Any CPU
		{854F4E98-5468-47F4-B32F-A5BFBCEDE6F4}.Debug|Any CPU.Build.0 = Debug|Any CPU
		{854F4E98-5468-47F4-B32F-A5BFBCEDE6F4}.Release|Any CPU.ActiveCfg = Release|Any CPU
		{854F4E98-5468-47F4-B32F-A5BFBCEDE6F4}.Release|Any CPU.Build.0 = Release|Any CPU
		{3274241D-B51A-4042-8CEC-54D6AA166CA0}.Debug|Any CPU.ActiveCfg = Debug|Any CPU
		{3274241D-B51A-4042-8CEC-54D6AA166CA0}.Debug|Any CPU.Build.0 = Debug|Any CPU
		{3274241D-B51A-4042-8CEC-54D6AA166CA0}.Release|Any CPU.ActiveCfg = Release|Any CPU
		{3274241D-B51A-4042-8CEC-54D6AA166CA0}.Release|Any CPU.Build.0 = Release|Any CPU
		{7051504A-575B-417C-BE33-55E7A58F71FF}.Debug|Any CPU.ActiveCfg = Debug|Any CPU
		{7051504A-575B-417C-BE33-55E7A58F71FF}.Debug|Any CPU.Build.0 = Debug|Any CPU
		{7051504A-575B-417C-BE33-55E7A58F71FF}.Release|Any CPU.ActiveCfg = Release|Any CPU
		{7051504A-575B-417C-BE33-55E7A58F71FF}.Release|Any CPU.Build.0 = Release|Any CPU
		{52D92C5E-F220-473C-B683-BD17198EFD32}.Debug|Any CPU.ActiveCfg = Debug|Any CPU
		{52D92C5E-F220-473C-B683-BD17198EFD32}.Debug|Any CPU.Build.0 = Debug|Any CPU
		{52D92C5E-F220-473C-B683-BD17198EFD32}.Release|Any CPU.ActiveCfg = Release|Any CPU
		{52D92C5E-F220-473C-B683-BD17198EFD32}.Release|Any CPU.Build.0 = Release|Any CPU
		{D853338D-EFBC-4C7E-A0D9-9B78610AE726}.Debug|Any CPU.ActiveCfg = Debug|Any CPU
		{D853338D-EFBC-4C7E-A0D9-9B78610AE726}.Debug|Any CPU.Build.0 = Debug|Any CPU
		{D853338D-EFBC-4C7E-A0D9-9B78610AE726}.Release|Any CPU.ActiveCfg = Release|Any CPU
		{D853338D-EFBC-4C7E-A0D9-9B78610AE726}.Release|Any CPU.Build.0 = Release|Any CPU
		{5A28A5F5-71F4-4519-A869-AE676230F332}.Debug|Any CPU.ActiveCfg = Debug|Any CPU
		{5A28A5F5-71F4-4519-A869-AE676230F332}.Debug|Any CPU.Build.0 = Debug|Any CPU
		{5A28A5F5-71F4-4519-A869-AE676230F332}.Release|Any CPU.ActiveCfg = Release|Any CPU
		{5A28A5F5-71F4-4519-A869-AE676230F332}.Release|Any CPU.Build.0 = Release|Any CPU
		{74439246-77DC-4818-8632-F45CC82DCD7C}.Debug|Any CPU.ActiveCfg = Debug|Any CPU
		{74439246-77DC-4818-8632-F45CC82DCD7C}.Debug|Any CPU.Build.0 = Debug|Any CPU
		{74439246-77DC-4818-8632-F45CC82DCD7C}.Release|Any CPU.ActiveCfg = Release|Any CPU
		{74439246-77DC-4818-8632-F45CC82DCD7C}.Release|Any CPU.Build.0 = Release|Any CPU
		{F4B42914-1D55-4791-9A82-BD330502FFB8}.Debug|Any CPU.ActiveCfg = Debug|Any CPU
		{F4B42914-1D55-4791-9A82-BD330502FFB8}.Debug|Any CPU.Build.0 = Debug|Any CPU
		{F4B42914-1D55-4791-9A82-BD330502FFB8}.Release|Any CPU.ActiveCfg = Release|Any CPU
		{F4B42914-1D55-4791-9A82-BD330502FFB8}.Release|Any CPU.Build.0 = Release|Any CPU
		{0218B7FF-4CC3-4C9A-8A91-F8DB31084499}.Debug|Any CPU.ActiveCfg = Debug|Any CPU
		{0218B7FF-4CC3-4C9A-8A91-F8DB31084499}.Debug|Any CPU.Build.0 = Debug|Any CPU
		{0218B7FF-4CC3-4C9A-8A91-F8DB31084499}.Release|Any CPU.ActiveCfg = Release|Any CPU
		{0218B7FF-4CC3-4C9A-8A91-F8DB31084499}.Release|Any CPU.Build.0 = Release|Any CPU
		{AAA57B7A-9D2C-4840-94E2-F1FA43C53BC7}.Debug|Any CPU.ActiveCfg = Debug|Any CPU
		{AAA57B7A-9D2C-4840-94E2-F1FA43C53BC7}.Debug|Any CPU.Build.0 = Debug|Any CPU
		{AAA57B7A-9D2C-4840-94E2-F1FA43C53BC7}.Release|Any CPU.ActiveCfg = Release|Any CPU
		{AAA57B7A-9D2C-4840-94E2-F1FA43C53BC7}.Release|Any CPU.Build.0 = Release|Any CPU
		{4B0D3C72-F7C0-4673-B857-2DE2B3970C52}.Debug|Any CPU.ActiveCfg = Debug|Any CPU
		{4B0D3C72-F7C0-4673-B857-2DE2B3970C52}.Debug|Any CPU.Build.0 = Debug|Any CPU
		{4B0D3C72-F7C0-4673-B857-2DE2B3970C52}.Release|Any CPU.ActiveCfg = Release|Any CPU
		{4B0D3C72-F7C0-4673-B857-2DE2B3970C52}.Release|Any CPU.Build.0 = Release|Any CPU
		{5EA29D16-DED0-4E88-A755-1753F14888C3}.Debug|Any CPU.ActiveCfg = Debug|Any CPU
		{5EA29D16-DED0-4E88-A755-1753F14888C3}.Debug|Any CPU.Build.0 = Debug|Any CPU
		{5EA29D16-DED0-4E88-A755-1753F14888C3}.Release|Any CPU.ActiveCfg = Release|Any CPU
		{5EA29D16-DED0-4E88-A755-1753F14888C3}.Release|Any CPU.Build.0 = Release|Any CPU
		{3B5F9FA8-191B-48E7-9CA1-1025584D49CD}.Debug|Any CPU.ActiveCfg = Debug|Any CPU
		{3B5F9FA8-191B-48E7-9CA1-1025584D49CD}.Debug|Any CPU.Build.0 = Debug|Any CPU
		{3B5F9FA8-191B-48E7-9CA1-1025584D49CD}.Release|Any CPU.ActiveCfg = Release|Any CPU
		{3B5F9FA8-191B-48E7-9CA1-1025584D49CD}.Release|Any CPU.Build.0 = Release|Any CPU
		{386AE527-1B53-4AD6-AAA3-F90D610C6080}.Debug|Any CPU.ActiveCfg = Debug|Any CPU
		{386AE527-1B53-4AD6-AAA3-F90D610C6080}.Debug|Any CPU.Build.0 = Debug|Any CPU
		{386AE527-1B53-4AD6-AAA3-F90D610C6080}.Release|Any CPU.ActiveCfg = Release|Any CPU
		{386AE527-1B53-4AD6-AAA3-F90D610C6080}.Release|Any CPU.Build.0 = Release|Any CPU
		{020992E5-0E49-4B83-A3CE-C5EB990EDDA7}.Debug|Any CPU.ActiveCfg = Debug|Any CPU
		{020992E5-0E49-4B83-A3CE-C5EB990EDDA7}.Debug|Any CPU.Build.0 = Debug|Any CPU
		{020992E5-0E49-4B83-A3CE-C5EB990EDDA7}.Release|Any CPU.ActiveCfg = Release|Any CPU
		{020992E5-0E49-4B83-A3CE-C5EB990EDDA7}.Release|Any CPU.Build.0 = Release|Any CPU
		{90F116FE-9FCF-473F-A7D5-B9D1FDBFE52F}.Debug|Any CPU.ActiveCfg = Debug|Any CPU
		{90F116FE-9FCF-473F-A7D5-B9D1FDBFE52F}.Debug|Any CPU.Build.0 = Debug|Any CPU
		{90F116FE-9FCF-473F-A7D5-B9D1FDBFE52F}.Release|Any CPU.ActiveCfg = Release|Any CPU
		{90F116FE-9FCF-473F-A7D5-B9D1FDBFE52F}.Release|Any CPU.Build.0 = Release|Any CPU
		{5EAA5078-AC8E-482B-98EB-E7CE8A12D0CA}.Debug|Any CPU.ActiveCfg = Debug|Any CPU
		{5EAA5078-AC8E-482B-98EB-E7CE8A12D0CA}.Debug|Any CPU.Build.0 = Debug|Any CPU
		{5EAA5078-AC8E-482B-98EB-E7CE8A12D0CA}.Release|Any CPU.ActiveCfg = Release|Any CPU
		{5EAA5078-AC8E-482B-98EB-E7CE8A12D0CA}.Release|Any CPU.Build.0 = Release|Any CPU
		{647579B1-ABB7-4180-AC3F-DA12B092ED22}.Debug|Any CPU.ActiveCfg = Debug|Any CPU
		{647579B1-ABB7-4180-AC3F-DA12B092ED22}.Debug|Any CPU.Build.0 = Debug|Any CPU
		{647579B1-ABB7-4180-AC3F-DA12B092ED22}.Release|Any CPU.ActiveCfg = Release|Any CPU
		{647579B1-ABB7-4180-AC3F-DA12B092ED22}.Release|Any CPU.Build.0 = Release|Any CPU
		{81CCBAA9-EC68-4558-BBDB-54D59B55B8A7}.Debug|Any CPU.ActiveCfg = Debug|Any CPU
		{81CCBAA9-EC68-4558-BBDB-54D59B55B8A7}.Debug|Any CPU.Build.0 = Debug|Any CPU
		{81CCBAA9-EC68-4558-BBDB-54D59B55B8A7}.Release|Any CPU.ActiveCfg = Release|Any CPU
		{81CCBAA9-EC68-4558-BBDB-54D59B55B8A7}.Release|Any CPU.Build.0 = Release|Any CPU
		{8AAD72ED-B34E-468F-9BD6-7210183461BE}.Debug|Any CPU.ActiveCfg = Debug|Any CPU
		{8AAD72ED-B34E-468F-9BD6-7210183461BE}.Debug|Any CPU.Build.0 = Debug|Any CPU
		{8AAD72ED-B34E-468F-9BD6-7210183461BE}.Release|Any CPU.ActiveCfg = Release|Any CPU
		{8AAD72ED-B34E-468F-9BD6-7210183461BE}.Release|Any CPU.Build.0 = Release|Any CPU
		{F31470C2-8C31-400B-B010-525A76C57BB8}.Debug|Any CPU.ActiveCfg = Debug|Any CPU
		{F31470C2-8C31-400B-B010-525A76C57BB8}.Debug|Any CPU.Build.0 = Debug|Any CPU
		{F31470C2-8C31-400B-B010-525A76C57BB8}.Release|Any CPU.ActiveCfg = Release|Any CPU
		{F31470C2-8C31-400B-B010-525A76C57BB8}.Release|Any CPU.Build.0 = Release|Any CPU
		{BF58115B-8249-4F38-9F73-96CDDDA819E1}.Debug|Any CPU.ActiveCfg = Debug|Any CPU
		{BF58115B-8249-4F38-9F73-96CDDDA819E1}.Debug|Any CPU.Build.0 = Debug|Any CPU
		{BF58115B-8249-4F38-9F73-96CDDDA819E1}.Release|Any CPU.ActiveCfg = Release|Any CPU
		{BF58115B-8249-4F38-9F73-96CDDDA819E1}.Release|Any CPU.Build.0 = Release|Any CPU
		{C990BCA0-E95F-4853-B80F-BF2AB7023EB7}.Debug|Any CPU.ActiveCfg = Debug|Any CPU
		{C990BCA0-E95F-4853-B80F-BF2AB7023EB7}.Debug|Any CPU.Build.0 = Debug|Any CPU
		{C990BCA0-E95F-4853-B80F-BF2AB7023EB7}.Release|Any CPU.ActiveCfg = Release|Any CPU
		{C990BCA0-E95F-4853-B80F-BF2AB7023EB7}.Release|Any CPU.Build.0 = Release|Any CPU
		{562AF895-6472-4215-BE57-C34501D59EDF}.Debug|Any CPU.ActiveCfg = Debug|Any CPU
		{562AF895-6472-4215-BE57-C34501D59EDF}.Debug|Any CPU.Build.0 = Debug|Any CPU
		{562AF895-6472-4215-BE57-C34501D59EDF}.Release|Any CPU.ActiveCfg = Release|Any CPU
		{562AF895-6472-4215-BE57-C34501D59EDF}.Release|Any CPU.Build.0 = Release|Any CPU
		{BE04B9FB-6862-49DF-A8D1-26E185F0D9B8}.Debug|Any CPU.ActiveCfg = Debug|Any CPU
		{BE04B9FB-6862-49DF-A8D1-26E185F0D9B8}.Debug|Any CPU.Build.0 = Debug|Any CPU
		{BE04B9FB-6862-49DF-A8D1-26E185F0D9B8}.Release|Any CPU.ActiveCfg = Release|Any CPU
		{BE04B9FB-6862-49DF-A8D1-26E185F0D9B8}.Release|Any CPU.Build.0 = Release|Any CPU
		{18C09038-0189-4505-B49B-3EC8CB465D55}.Debug|Any CPU.ActiveCfg = Debug|Any CPU
		{18C09038-0189-4505-B49B-3EC8CB465D55}.Debug|Any CPU.Build.0 = Debug|Any CPU
		{18C09038-0189-4505-B49B-3EC8CB465D55}.Release|Any CPU.ActiveCfg = Release|Any CPU
		{18C09038-0189-4505-B49B-3EC8CB465D55}.Release|Any CPU.Build.0 = Release|Any CPU
		{65B49352-65B3-4994-832F-83A868987E22}.Debug|Any CPU.ActiveCfg = Debug|Any CPU
		{65B49352-65B3-4994-832F-83A868987E22}.Debug|Any CPU.Build.0 = Debug|Any CPU
		{65B49352-65B3-4994-832F-83A868987E22}.Release|Any CPU.ActiveCfg = Release|Any CPU
		{65B49352-65B3-4994-832F-83A868987E22}.Release|Any CPU.Build.0 = Release|Any CPU
		{3975CDBE-60D3-4E94-BE64-21C5D1D0030B}.Debug|Any CPU.ActiveCfg = Debug|Any CPU
		{3975CDBE-60D3-4E94-BE64-21C5D1D0030B}.Debug|Any CPU.Build.0 = Debug|Any CPU
		{3975CDBE-60D3-4E94-BE64-21C5D1D0030B}.Release|Any CPU.ActiveCfg = Release|Any CPU
		{3975CDBE-60D3-4E94-BE64-21C5D1D0030B}.Release|Any CPU.Build.0 = Release|Any CPU
		{90AC93CB-9EFE-46E4-944F-C236AEC0FC21}.Debug|Any CPU.ActiveCfg = Debug|Any CPU
		{90AC93CB-9EFE-46E4-944F-C236AEC0FC21}.Debug|Any CPU.Build.0 = Debug|Any CPU
		{90AC93CB-9EFE-46E4-944F-C236AEC0FC21}.Release|Any CPU.ActiveCfg = Release|Any CPU
		{90AC93CB-9EFE-46E4-944F-C236AEC0FC21}.Release|Any CPU.Build.0 = Release|Any CPU
		{09EBE942-19BB-445A-A1D4-06F185D7F518}.Debug|Any CPU.ActiveCfg = Debug|Any CPU
		{09EBE942-19BB-445A-A1D4-06F185D7F518}.Debug|Any CPU.Build.0 = Debug|Any CPU
		{09EBE942-19BB-445A-A1D4-06F185D7F518}.Release|Any CPU.ActiveCfg = Release|Any CPU
		{09EBE942-19BB-445A-A1D4-06F185D7F518}.Release|Any CPU.Build.0 = Release|Any CPU
		{92A43761-B0AD-46FE-B1B6-28ADA6F09BBB}.Debug|Any CPU.ActiveCfg = Debug|Any CPU
		{92A43761-B0AD-46FE-B1B6-28ADA6F09BBB}.Debug|Any CPU.Build.0 = Debug|Any CPU
		{92A43761-B0AD-46FE-B1B6-28ADA6F09BBB}.Release|Any CPU.ActiveCfg = Release|Any CPU
		{92A43761-B0AD-46FE-B1B6-28ADA6F09BBB}.Release|Any CPU.Build.0 = Release|Any CPU
		{4327874B-9DDB-4EB0-8F4D-7492CCC08A34}.Debug|Any CPU.ActiveCfg = Debug|Any CPU
		{4327874B-9DDB-4EB0-8F4D-7492CCC08A34}.Debug|Any CPU.Build.0 = Debug|Any CPU
		{4327874B-9DDB-4EB0-8F4D-7492CCC08A34}.Release|Any CPU.ActiveCfg = Release|Any CPU
		{4327874B-9DDB-4EB0-8F4D-7492CCC08A34}.Release|Any CPU.Build.0 = Release|Any CPU
		{724945C5-0790-4E58-ADB5-940DBAC1A458}.Debug|Any CPU.ActiveCfg = Debug|Any CPU
		{724945C5-0790-4E58-ADB5-940DBAC1A458}.Debug|Any CPU.Build.0 = Debug|Any CPU
		{724945C5-0790-4E58-ADB5-940DBAC1A458}.Release|Any CPU.ActiveCfg = Release|Any CPU
		{724945C5-0790-4E58-ADB5-940DBAC1A458}.Release|Any CPU.Build.0 = Release|Any CPU
		{8A86E25F-70C1-45A0-B548-D53529539232}.Debug|Any CPU.ActiveCfg = Debug|Any CPU
		{8A86E25F-70C1-45A0-B548-D53529539232}.Debug|Any CPU.Build.0 = Debug|Any CPU
		{8A86E25F-70C1-45A0-B548-D53529539232}.Release|Any CPU.ActiveCfg = Release|Any CPU
		{8A86E25F-70C1-45A0-B548-D53529539232}.Release|Any CPU.Build.0 = Release|Any CPU
		{765D725F-05AD-4B34-8799-90BE65754513}.Debug|Any CPU.ActiveCfg = Debug|Any CPU
		{765D725F-05AD-4B34-8799-90BE65754513}.Debug|Any CPU.Build.0 = Debug|Any CPU
		{765D725F-05AD-4B34-8799-90BE65754513}.Release|Any CPU.ActiveCfg = Release|Any CPU
		{765D725F-05AD-4B34-8799-90BE65754513}.Release|Any CPU.Build.0 = Release|Any CPU
		{18DCA0F9-3BF4-48E2-BABA-23E6A1D1C774}.Debug|Any CPU.ActiveCfg = Debug|Any CPU
		{18DCA0F9-3BF4-48E2-BABA-23E6A1D1C774}.Debug|Any CPU.Build.0 = Debug|Any CPU
		{18DCA0F9-3BF4-48E2-BABA-23E6A1D1C774}.Release|Any CPU.ActiveCfg = Release|Any CPU
		{18DCA0F9-3BF4-48E2-BABA-23E6A1D1C774}.Release|Any CPU.Build.0 = Release|Any CPU
		{B211581C-80F2-422D-8180-46B0228AAE2C}.Debug|Any CPU.ActiveCfg = Debug|Any CPU
		{B211581C-80F2-422D-8180-46B0228AAE2C}.Debug|Any CPU.Build.0 = Debug|Any CPU
		{B211581C-80F2-422D-8180-46B0228AAE2C}.Release|Any CPU.ActiveCfg = Release|Any CPU
		{B211581C-80F2-422D-8180-46B0228AAE2C}.Release|Any CPU.Build.0 = Release|Any CPU
		{F07F3AF2-CADC-4C0D-B9CC-4D08ABD0A520}.Debug|Any CPU.ActiveCfg = Debug|Any CPU
		{F07F3AF2-CADC-4C0D-B9CC-4D08ABD0A520}.Debug|Any CPU.Build.0 = Debug|Any CPU
		{F07F3AF2-CADC-4C0D-B9CC-4D08ABD0A520}.Release|Any CPU.ActiveCfg = Release|Any CPU
		{F07F3AF2-CADC-4C0D-B9CC-4D08ABD0A520}.Release|Any CPU.Build.0 = Release|Any CPU
		{B3A37BDB-238F-47A7-9A73-1C15EA1A05AB}.Debug|Any CPU.ActiveCfg = Debug|Any CPU
		{B3A37BDB-238F-47A7-9A73-1C15EA1A05AB}.Debug|Any CPU.Build.0 = Debug|Any CPU
		{B3A37BDB-238F-47A7-9A73-1C15EA1A05AB}.Release|Any CPU.ActiveCfg = Release|Any CPU
		{B3A37BDB-238F-47A7-9A73-1C15EA1A05AB}.Release|Any CPU.Build.0 = Release|Any CPU
		{CEAC55C1-DED9-4581-9466-F9C6E7407A6F}.Debug|Any CPU.ActiveCfg = Debug|Any CPU
		{CEAC55C1-DED9-4581-9466-F9C6E7407A6F}.Debug|Any CPU.Build.0 = Debug|Any CPU
		{CEAC55C1-DED9-4581-9466-F9C6E7407A6F}.Release|Any CPU.ActiveCfg = Release|Any CPU
		{CEAC55C1-DED9-4581-9466-F9C6E7407A6F}.Release|Any CPU.Build.0 = Release|Any CPU
		{81A9C4BA-5C32-4E35-B17D-8C3C9E2A676C}.Debug|Any CPU.ActiveCfg = Debug|Any CPU
		{81A9C4BA-5C32-4E35-B17D-8C3C9E2A676C}.Debug|Any CPU.Build.0 = Debug|Any CPU
		{81A9C4BA-5C32-4E35-B17D-8C3C9E2A676C}.Release|Any CPU.ActiveCfg = Release|Any CPU
		{81A9C4BA-5C32-4E35-B17D-8C3C9E2A676C}.Release|Any CPU.Build.0 = Release|Any CPU
		{65D34652-7EDA-488D-91FC-941D4AD2FCFA}.Debug|Any CPU.ActiveCfg = Debug|Any CPU
		{65D34652-7EDA-488D-91FC-941D4AD2FCFA}.Debug|Any CPU.Build.0 = Debug|Any CPU
		{65D34652-7EDA-488D-91FC-941D4AD2FCFA}.Release|Any CPU.ActiveCfg = Release|Any CPU
		{65D34652-7EDA-488D-91FC-941D4AD2FCFA}.Release|Any CPU.Build.0 = Release|Any CPU
		{5E147825-FD43-4F2F-9583-809F4DD26C10}.Debug|Any CPU.ActiveCfg = Debug|Any CPU
		{5E147825-FD43-4F2F-9583-809F4DD26C10}.Debug|Any CPU.Build.0 = Debug|Any CPU
		{5E147825-FD43-4F2F-9583-809F4DD26C10}.Release|Any CPU.ActiveCfg = Release|Any CPU
		{5E147825-FD43-4F2F-9583-809F4DD26C10}.Release|Any CPU.Build.0 = Release|Any CPU
		{624FE20E-7F19-403B-AD4E-6A2BD7359C88}.Debug|Any CPU.ActiveCfg = Debug|Any CPU
		{624FE20E-7F19-403B-AD4E-6A2BD7359C88}.Debug|Any CPU.Build.0 = Debug|Any CPU
		{624FE20E-7F19-403B-AD4E-6A2BD7359C88}.Release|Any CPU.ActiveCfg = Release|Any CPU
		{624FE20E-7F19-403B-AD4E-6A2BD7359C88}.Release|Any CPU.Build.0 = Release|Any CPU
		{D9BC998B-BBD1-4836-B00D-90408CA3E4FC}.Debug|Any CPU.ActiveCfg = Debug|Any CPU
		{D9BC998B-BBD1-4836-B00D-90408CA3E4FC}.Debug|Any CPU.Build.0 = Debug|Any CPU
		{D9BC998B-BBD1-4836-B00D-90408CA3E4FC}.Release|Any CPU.ActiveCfg = Release|Any CPU
		{D9BC998B-BBD1-4836-B00D-90408CA3E4FC}.Release|Any CPU.Build.0 = Release|Any CPU
		{1E682890-BE19-4118-A249-F57615E2E094}.Debug|Any CPU.ActiveCfg = Debug|Any CPU
		{1E682890-BE19-4118-A249-F57615E2E094}.Debug|Any CPU.Build.0 = Debug|Any CPU
		{1E682890-BE19-4118-A249-F57615E2E094}.Release|Any CPU.ActiveCfg = Release|Any CPU
		{1E682890-BE19-4118-A249-F57615E2E094}.Release|Any CPU.Build.0 = Release|Any CPU
		{14F5E3E8-7599-444E-8ED7-C044A9C6318A}.Debug|Any CPU.ActiveCfg = Debug|Any CPU
		{14F5E3E8-7599-444E-8ED7-C044A9C6318A}.Debug|Any CPU.Build.0 = Debug|Any CPU
		{14F5E3E8-7599-444E-8ED7-C044A9C6318A}.Release|Any CPU.ActiveCfg = Release|Any CPU
		{14F5E3E8-7599-444E-8ED7-C044A9C6318A}.Release|Any CPU.Build.0 = Release|Any CPU
		{AC77C02D-D371-4F81-9E9E-DA544AC49488}.Debug|Any CPU.ActiveCfg = Debug|Any CPU
		{AC77C02D-D371-4F81-9E9E-DA544AC49488}.Debug|Any CPU.Build.0 = Debug|Any CPU
		{AC77C02D-D371-4F81-9E9E-DA544AC49488}.Release|Any CPU.ActiveCfg = Release|Any CPU
		{AC77C02D-D371-4F81-9E9E-DA544AC49488}.Release|Any CPU.Build.0 = Release|Any CPU
		{0C5A556C-AF80-4562-AB56-C103E48DDCE9}.Debug|Any CPU.ActiveCfg = Debug|Any CPU
		{0C5A556C-AF80-4562-AB56-C103E48DDCE9}.Debug|Any CPU.Build.0 = Debug|Any CPU
		{0C5A556C-AF80-4562-AB56-C103E48DDCE9}.Release|Any CPU.ActiveCfg = Release|Any CPU
		{0C5A556C-AF80-4562-AB56-C103E48DDCE9}.Release|Any CPU.Build.0 = Release|Any CPU
		{E797F38B-4104-4027-9B34-C210AF558EA9}.Debug|Any CPU.ActiveCfg = Debug|Any CPU
		{E797F38B-4104-4027-9B34-C210AF558EA9}.Debug|Any CPU.Build.0 = Debug|Any CPU
		{E797F38B-4104-4027-9B34-C210AF558EA9}.Release|Any CPU.ActiveCfg = Release|Any CPU
		{E797F38B-4104-4027-9B34-C210AF558EA9}.Release|Any CPU.Build.0 = Release|Any CPU
		{B50199CA-BA76-4628-8E86-2A2B40E40520}.Debug|Any CPU.ActiveCfg = Debug|Any CPU
		{B50199CA-BA76-4628-8E86-2A2B40E40520}.Debug|Any CPU.Build.0 = Debug|Any CPU
		{B50199CA-BA76-4628-8E86-2A2B40E40520}.Release|Any CPU.ActiveCfg = Release|Any CPU
		{B50199CA-BA76-4628-8E86-2A2B40E40520}.Release|Any CPU.Build.0 = Release|Any CPU
		{5DC60B0B-DE92-4DA3-AB07-0D5D8F7BE772}.Debug|Any CPU.ActiveCfg = Debug|Any CPU
		{5DC60B0B-DE92-4DA3-AB07-0D5D8F7BE772}.Debug|Any CPU.Build.0 = Debug|Any CPU
		{5DC60B0B-DE92-4DA3-AB07-0D5D8F7BE772}.Release|Any CPU.ActiveCfg = Release|Any CPU
		{5DC60B0B-DE92-4DA3-AB07-0D5D8F7BE772}.Release|Any CPU.Build.0 = Release|Any CPU
		{89AFBE74-7A61-4A50-A01E-40E35B9407E6}.Debug|Any CPU.ActiveCfg = Debug|Any CPU
		{89AFBE74-7A61-4A50-A01E-40E35B9407E6}.Debug|Any CPU.Build.0 = Debug|Any CPU
		{89AFBE74-7A61-4A50-A01E-40E35B9407E6}.Release|Any CPU.ActiveCfg = Release|Any CPU
		{89AFBE74-7A61-4A50-A01E-40E35B9407E6}.Release|Any CPU.Build.0 = Release|Any CPU
		{BDB643DB-EE18-4620-AF42-0BD66B829240}.Debug|Any CPU.ActiveCfg = Debug|Any CPU
		{BDB643DB-EE18-4620-AF42-0BD66B829240}.Debug|Any CPU.Build.0 = Debug|Any CPU
		{BDB643DB-EE18-4620-AF42-0BD66B829240}.Release|Any CPU.ActiveCfg = Release|Any CPU
		{BDB643DB-EE18-4620-AF42-0BD66B829240}.Release|Any CPU.Build.0 = Release|Any CPU
		{950B1CC5-D38C-4933-8E4E-385F320EC744}.Debug|Any CPU.ActiveCfg = Debug|Any CPU
		{950B1CC5-D38C-4933-8E4E-385F320EC744}.Debug|Any CPU.Build.0 = Debug|Any CPU
		{950B1CC5-D38C-4933-8E4E-385F320EC744}.Release|Any CPU.ActiveCfg = Release|Any CPU
		{950B1CC5-D38C-4933-8E4E-385F320EC744}.Release|Any CPU.Build.0 = Release|Any CPU
		{A095DBB3-7842-4A5D-BB81-0B90317B4543}.Debug|Any CPU.ActiveCfg = Debug|Any CPU
		{A095DBB3-7842-4A5D-BB81-0B90317B4543}.Debug|Any CPU.Build.0 = Debug|Any CPU
		{A095DBB3-7842-4A5D-BB81-0B90317B4543}.Release|Any CPU.ActiveCfg = Release|Any CPU
		{A095DBB3-7842-4A5D-BB81-0B90317B4543}.Release|Any CPU.Build.0 = Release|Any CPU
		{C2D1E929-6936-4B1D-921D-ED11A7504E38}.Debug|Any CPU.ActiveCfg = Debug|Any CPU
		{C2D1E929-6936-4B1D-921D-ED11A7504E38}.Debug|Any CPU.Build.0 = Debug|Any CPU
		{C2D1E929-6936-4B1D-921D-ED11A7504E38}.Release|Any CPU.ActiveCfg = Release|Any CPU
		{C2D1E929-6936-4B1D-921D-ED11A7504E38}.Release|Any CPU.Build.0 = Release|Any CPU
		{D70142FB-FA2A-4BF3-90AA-19674E8F82CC}.Debug|Any CPU.ActiveCfg = Debug|Any CPU
		{D70142FB-FA2A-4BF3-90AA-19674E8F82CC}.Debug|Any CPU.Build.0 = Debug|Any CPU
		{D70142FB-FA2A-4BF3-90AA-19674E8F82CC}.Release|Any CPU.ActiveCfg = Release|Any CPU
		{D70142FB-FA2A-4BF3-90AA-19674E8F82CC}.Release|Any CPU.Build.0 = Release|Any CPU
		{9DCBD3D0-C327-4E63-838A-90273B1B4984}.Debug|Any CPU.ActiveCfg = Debug|Any CPU
		{9DCBD3D0-C327-4E63-838A-90273B1B4984}.Debug|Any CPU.Build.0 = Debug|Any CPU
		{9DCBD3D0-C327-4E63-838A-90273B1B4984}.Release|Any CPU.ActiveCfg = Release|Any CPU
		{9DCBD3D0-C327-4E63-838A-90273B1B4984}.Release|Any CPU.Build.0 = Release|Any CPU
		{1B72F174-4CCB-4A7F-B406-3940A025E126}.Debug|Any CPU.ActiveCfg = Debug|Any CPU
		{1B72F174-4CCB-4A7F-B406-3940A025E126}.Debug|Any CPU.Build.0 = Debug|Any CPU
		{1B72F174-4CCB-4A7F-B406-3940A025E126}.Release|Any CPU.ActiveCfg = Release|Any CPU
		{1B72F174-4CCB-4A7F-B406-3940A025E126}.Release|Any CPU.Build.0 = Release|Any CPU
		{741BE318-D645-406C-AC01-E6FB29A5C0AF}.Debug|Any CPU.ActiveCfg = Debug|Any CPU
		{741BE318-D645-406C-AC01-E6FB29A5C0AF}.Debug|Any CPU.Build.0 = Debug|Any CPU
		{741BE318-D645-406C-AC01-E6FB29A5C0AF}.Release|Any CPU.ActiveCfg = Release|Any CPU
		{741BE318-D645-406C-AC01-E6FB29A5C0AF}.Release|Any CPU.Build.0 = Release|Any CPU
		{2A4BAD8C-B5C8-440D-87AA-BBA45D52DCC9}.Debug|Any CPU.ActiveCfg = Debug|Any CPU
		{2A4BAD8C-B5C8-440D-87AA-BBA45D52DCC9}.Debug|Any CPU.Build.0 = Debug|Any CPU
		{2A4BAD8C-B5C8-440D-87AA-BBA45D52DCC9}.Release|Any CPU.ActiveCfg = Release|Any CPU
		{2A4BAD8C-B5C8-440D-87AA-BBA45D52DCC9}.Release|Any CPU.Build.0 = Release|Any CPU
		{00E09FD0-9862-41B3-BD2C-7094A16C97F7}.Debug|Any CPU.ActiveCfg = Debug|Any CPU
		{00E09FD0-9862-41B3-BD2C-7094A16C97F7}.Debug|Any CPU.Build.0 = Debug|Any CPU
		{00E09FD0-9862-41B3-BD2C-7094A16C97F7}.Release|Any CPU.ActiveCfg = Release|Any CPU
		{00E09FD0-9862-41B3-BD2C-7094A16C97F7}.Release|Any CPU.Build.0 = Release|Any CPU
		{989BECED-1D58-4271-BDD2-72E849224F0A}.Debug|Any CPU.ActiveCfg = Debug|Any CPU
		{989BECED-1D58-4271-BDD2-72E849224F0A}.Debug|Any CPU.Build.0 = Debug|Any CPU
		{989BECED-1D58-4271-BDD2-72E849224F0A}.Release|Any CPU.ActiveCfg = Release|Any CPU
		{989BECED-1D58-4271-BDD2-72E849224F0A}.Release|Any CPU.Build.0 = Release|Any CPU
		{97DB3C43-DDC3-47D3-93B1-024AF1E4E522}.Debug|Any CPU.ActiveCfg = Debug|Any CPU
		{97DB3C43-DDC3-47D3-93B1-024AF1E4E522}.Debug|Any CPU.Build.0 = Debug|Any CPU
		{97DB3C43-DDC3-47D3-93B1-024AF1E4E522}.Release|Any CPU.ActiveCfg = Release|Any CPU
		{97DB3C43-DDC3-47D3-93B1-024AF1E4E522}.Release|Any CPU.Build.0 = Release|Any CPU
		{5455D194-8467-4D80-9E5F-4BC329656B07}.Debug|Any CPU.ActiveCfg = Debug|Any CPU
		{5455D194-8467-4D80-9E5F-4BC329656B07}.Debug|Any CPU.Build.0 = Debug|Any CPU
		{5455D194-8467-4D80-9E5F-4BC329656B07}.Release|Any CPU.ActiveCfg = Release|Any CPU
		{5455D194-8467-4D80-9E5F-4BC329656B07}.Release|Any CPU.Build.0 = Release|Any CPU
		{AEC39CF2-191C-4D35-9224-E6793352E110}.Debug|Any CPU.ActiveCfg = Debug|Any CPU
		{AEC39CF2-191C-4D35-9224-E6793352E110}.Debug|Any CPU.Build.0 = Debug|Any CPU
		{AEC39CF2-191C-4D35-9224-E6793352E110}.Release|Any CPU.ActiveCfg = Release|Any CPU
		{AEC39CF2-191C-4D35-9224-E6793352E110}.Release|Any CPU.Build.0 = Release|Any CPU
		{091FD8BF-29A8-4D03-93B1-4CEB8753315E}.Debug|Any CPU.ActiveCfg = Debug|Any CPU
		{091FD8BF-29A8-4D03-93B1-4CEB8753315E}.Debug|Any CPU.Build.0 = Debug|Any CPU
		{091FD8BF-29A8-4D03-93B1-4CEB8753315E}.Release|Any CPU.ActiveCfg = Release|Any CPU
		{091FD8BF-29A8-4D03-93B1-4CEB8753315E}.Release|Any CPU.Build.0 = Release|Any CPU
		{E998272D-BA65-4759-94BE-235617B82274}.Debug|Any CPU.ActiveCfg = Debug|Any CPU
		{E998272D-BA65-4759-94BE-235617B82274}.Debug|Any CPU.Build.0 = Debug|Any CPU
		{E998272D-BA65-4759-94BE-235617B82274}.Release|Any CPU.ActiveCfg = Release|Any CPU
		{E998272D-BA65-4759-94BE-235617B82274}.Release|Any CPU.Build.0 = Release|Any CPU
		{5065BA00-D9AD-4E37-A2B5-5B7E369C10CF}.Debug|Any CPU.ActiveCfg = Debug|Any CPU
		{5065BA00-D9AD-4E37-A2B5-5B7E369C10CF}.Debug|Any CPU.Build.0 = Debug|Any CPU
		{5065BA00-D9AD-4E37-A2B5-5B7E369C10CF}.Release|Any CPU.ActiveCfg = Release|Any CPU
		{5065BA00-D9AD-4E37-A2B5-5B7E369C10CF}.Release|Any CPU.Build.0 = Release|Any CPU
		{C9A1D681-4F11-4BFE-9179-62797903F3E7}.Debug|Any CPU.ActiveCfg = Debug|Any CPU
		{C9A1D681-4F11-4BFE-9179-62797903F3E7}.Debug|Any CPU.Build.0 = Debug|Any CPU
		{C9A1D681-4F11-4BFE-9179-62797903F3E7}.Release|Any CPU.ActiveCfg = Release|Any CPU
		{C9A1D681-4F11-4BFE-9179-62797903F3E7}.Release|Any CPU.Build.0 = Release|Any CPU
		{CB2E8A3C-05A9-4D5F-A666-71DD93537E11}.Debug|Any CPU.ActiveCfg = Debug|Any CPU
		{CB2E8A3C-05A9-4D5F-A666-71DD93537E11}.Debug|Any CPU.Build.0 = Debug|Any CPU
		{CB2E8A3C-05A9-4D5F-A666-71DD93537E11}.Release|Any CPU.ActiveCfg = Release|Any CPU
		{CB2E8A3C-05A9-4D5F-A666-71DD93537E11}.Release|Any CPU.Build.0 = Release|Any CPU
		{7C8F1DBF-0BA4-4DFD-96EC-71605D913D6D}.Debug|Any CPU.ActiveCfg = Debug|Any CPU
		{7C8F1DBF-0BA4-4DFD-96EC-71605D913D6D}.Debug|Any CPU.Build.0 = Debug|Any CPU
		{7C8F1DBF-0BA4-4DFD-96EC-71605D913D6D}.Release|Any CPU.ActiveCfg = Release|Any CPU
		{7C8F1DBF-0BA4-4DFD-96EC-71605D913D6D}.Release|Any CPU.Build.0 = Release|Any CPU
		{EC6AB16F-79D5-4347-9E74-CD9ED0181683}.Debug|Any CPU.ActiveCfg = Debug|Any CPU
		{EC6AB16F-79D5-4347-9E74-CD9ED0181683}.Debug|Any CPU.Build.0 = Debug|Any CPU
		{EC6AB16F-79D5-4347-9E74-CD9ED0181683}.Release|Any CPU.ActiveCfg = Release|Any CPU
		{EC6AB16F-79D5-4347-9E74-CD9ED0181683}.Release|Any CPU.Build.0 = Release|Any CPU
		{88AE0629-9995-4642-BD24-59A8DDA1DC76}.Debug|Any CPU.ActiveCfg = Debug|Any CPU
		{88AE0629-9995-4642-BD24-59A8DDA1DC76}.Debug|Any CPU.Build.0 = Debug|Any CPU
		{88AE0629-9995-4642-BD24-59A8DDA1DC76}.Release|Any CPU.ActiveCfg = Release|Any CPU
		{88AE0629-9995-4642-BD24-59A8DDA1DC76}.Release|Any CPU.Build.0 = Release|Any CPU
		{04D7BD31-D259-4600-8E87-2CD9B22A5443}.Debug|Any CPU.ActiveCfg = Debug|Any CPU
		{04D7BD31-D259-4600-8E87-2CD9B22A5443}.Debug|Any CPU.Build.0 = Debug|Any CPU
		{04D7BD31-D259-4600-8E87-2CD9B22A5443}.Release|Any CPU.ActiveCfg = Release|Any CPU
		{04D7BD31-D259-4600-8E87-2CD9B22A5443}.Release|Any CPU.Build.0 = Release|Any CPU
		{76CDF549-5883-4C38-AFE4-828CEFF5AA85}.Debug|Any CPU.ActiveCfg = Debug|Any CPU
		{76CDF549-5883-4C38-AFE4-828CEFF5AA85}.Debug|Any CPU.Build.0 = Debug|Any CPU
		{76CDF549-5883-4C38-AFE4-828CEFF5AA85}.Release|Any CPU.ActiveCfg = Release|Any CPU
		{76CDF549-5883-4C38-AFE4-828CEFF5AA85}.Release|Any CPU.Build.0 = Release|Any CPU
	EndGlobalSection
	GlobalSection(SolutionProperties) = preSolution
		HideSolutionNode = FALSE
	EndGlobalSection
	GlobalSection(NestedProjects) = preSolution
		{E0EEBF3E-CBF1-4929-A6C8-403767FAAA8D} = {D50D596C-93B3-4C1B-A626-914C446A5C1B}
		{3E1ACC1F-FDCC-49A9-9711-C344AB550FC0} = {7EF0A7E0-5591-4A57-902F-1574EE6E3E08}
		{40967983-DF5C-411A-BFA4-96C6CFEBC63E} = {79E75B3B-B01C-4D21-8C4A-F4C94418A2C1}
		{1C3AD6A8-0E6A-443B-9229-0DD4528D73A6} = {BA2338CF-E35A-4ABA-BF89-8538E433B29D}
		{6CA88723-CA91-49C9-9FD1-C6E58EFA5529} = {A1C7C084-38B0-48BD-90C6-572EB94001AB}
		{65CB1A38-C90D-42D3-B157-5FB6F844ED11} = {7EE89BA8-EF7C-414B-B9CE-341D51A2814A}
		{ABB91777-7231-47F7-BF4D-9144CC7B1764} = {44EF8EA1-7AA9-4397-9FB5-280D6914C0EE}
		{2C6D522C-2830-4CCF-8F49-3E0AA36A273E} = {47CA3E45-1672-4D71-ABD2-8621D4C74003}
		{08A43F46-904C-4ADD-86CF-7170F1B1F087} = {8F64F0FC-2CA0-47FF-96EF-37338F513C4C}
		{D8AC8107-11F4-4BC0-855E-4D0330AF5D46} = {3270A750-76CD-41A9-B159-24220DCBE7D5}
		{E613FEA3-A78C-4F26-878A-B7A874961819} = {7EE89BA8-EF7C-414B-B9CE-341D51A2814A}
		{541ED181-1370-47F1-9D95-6187EE59686C} = {7EE89BA8-EF7C-414B-B9CE-341D51A2814A}
		{A68B1345-A4D5-4A10-AB5F-F3BBD638B189} = {79E75B3B-B01C-4D21-8C4A-F4C94418A2C1}
		{F652B8D9-374A-44BD-8DED-578414A9FC89} = {79E75B3B-B01C-4D21-8C4A-F4C94418A2C1}
		{5BA36E3D-7EC8-400E-A0F0-ABCEB3F644F0} = {3270A750-76CD-41A9-B159-24220DCBE7D5}
		{E9642C67-3D6B-41F5-B42A-73C641B5068A} = {47CA3E45-1672-4D71-ABD2-8621D4C74003}
		{1C122B92-E1B9-47AF-A19A-97B5589E9931} = {47CA3E45-1672-4D71-ABD2-8621D4C74003}
		{854F4E98-5468-47F4-B32F-A5BFBCEDE6F4} = {47CA3E45-1672-4D71-ABD2-8621D4C74003}
		{3274241D-B51A-4042-8CEC-54D6AA166CA0} = {A1C7C084-38B0-48BD-90C6-572EB94001AB}
		{3189BE0A-2860-416A-9BBA-A70D9908FC50} = {A1C7C084-38B0-48BD-90C6-572EB94001AB}
		{7051504A-575B-417C-BE33-55E7A58F71FF} = {D3136A19-617D-4426-827A-00A51D84925F}
		{D853338D-EFBC-4C7E-A0D9-9B78610AE726} = {3E501D49-3E6E-4C9C-8575-52F719A1A5CC}
		{5A28A5F5-71F4-4519-A869-AE676230F332} = {D3136A19-617D-4426-827A-00A51D84925F}
		{50B014D7-1D96-47B7-A3B5-F1D682073F0A} = {D3136A19-617D-4426-827A-00A51D84925F}
		{74439246-77DC-4818-8632-F45CC82DCD7C} = {47CA3E45-1672-4D71-ABD2-8621D4C74003}
		{AB54007E-2CB2-410E-93F3-C7B261A617C9} = {3E501D49-3E6E-4C9C-8575-52F719A1A5CC}
		{F4B42914-1D55-4791-9A82-BD330502FFB8} = {3E501D49-3E6E-4C9C-8575-52F719A1A5CC}
		{0218B7FF-4CC3-4C9A-8A91-F8DB31084499} = {3E501D49-3E6E-4C9C-8575-52F719A1A5CC}
		{4B0D3C72-F7C0-4673-B857-2DE2B3970C52} = {7EE89BA8-EF7C-414B-B9CE-341D51A2814A}
		{31C44AAE-509E-428A-9ECE-4D4F18A0C15A} = {7EE89BA8-EF7C-414B-B9CE-341D51A2814A}
		{3B5F9FA8-191B-48E7-9CA1-1025584D49CD} = {D9E1F804-F37B-4ECB-B993-37AE3BED70C4}
		{386AE527-1B53-4AD6-AAA3-F90D610C6080} = {EDAEC0A0-85C7-4D3F-9DAC-E74BDB1B55D8}
		{020992E5-0E49-4B83-A3CE-C5EB990EDDA7} = {EDAEC0A0-85C7-4D3F-9DAC-E74BDB1B55D8}
		{DE110DE4-C432-4F89-BD1E-23915527EF9B} = {EDAEC0A0-85C7-4D3F-9DAC-E74BDB1B55D8}
		{90F116FE-9FCF-473F-A7D5-B9D1FDBFE52F} = {A660D1F4-37EC-4355-9C61-5F83183716A9}
		{5EAA5078-AC8E-482B-98EB-E7CE8A12D0CA} = {A660D1F4-37EC-4355-9C61-5F83183716A9}
		{58305F00-9372-43A0-B155-E602252839DE} = {A660D1F4-37EC-4355-9C61-5F83183716A9}
		{647579B1-ABB7-4180-AC3F-DA12B092ED22} = {CB52D092-E8AE-4598-8C79-56241C82DA19}
		{89D95D84-BC6A-44CD-9376-6866207B96AE} = {CB52D092-E8AE-4598-8C79-56241C82DA19}
		{81CCBAA9-EC68-4558-BBDB-54D59B55B8A7} = {CB52D092-E8AE-4598-8C79-56241C82DA19}
		{8AAD72ED-B34E-468F-9BD6-7210183461BE} = {B39C50F4-3E59-43C4-981B-0ECC3B4B2D51}
		{ECEFE48A-9CE2-4C53-874B-1FE11C1C4447} = {B39C50F4-3E59-43C4-981B-0ECC3B4B2D51}
		{F31470C2-8C31-400B-B010-525A76C57BB8} = {B39C50F4-3E59-43C4-981B-0ECC3B4B2D51}
		{BF58115B-8249-4F38-9F73-96CDDDA819E1} = {B39C50F4-3E59-43C4-981B-0ECC3B4B2D51}
		{C990BCA0-E95F-4853-B80F-BF2AB7023EB7} = {47CA3E45-1672-4D71-ABD2-8621D4C74003}
		{562AF895-6472-4215-BE57-C34501D59EDF} = {A1C7C084-38B0-48BD-90C6-572EB94001AB}
		{BE04B9FB-6862-49DF-A8D1-26E185F0D9B8} = {3270A750-76CD-41A9-B159-24220DCBE7D5}
		{18C09038-0189-4505-B49B-3EC8CB465D55} = {79E75B3B-B01C-4D21-8C4A-F4C94418A2C1}
		{65B49352-65B3-4994-832F-83A868987E22} = {A1C7C084-38B0-48BD-90C6-572EB94001AB}
		{14973826-75A9-4194-A9EC-2A1DE3D20C36} = {7EF0A7E0-5591-4A57-902F-1574EE6E3E08}
		{3975CDBE-60D3-4E94-BE64-21C5D1D0030B} = {7EF0A7E0-5591-4A57-902F-1574EE6E3E08}
		{92A43761-B0AD-46FE-B1B6-28ADA6F09BBB} = {A1C7C084-38B0-48BD-90C6-572EB94001AB}
		{4327874B-9DDB-4EB0-8F4D-7492CCC08A34} = {47CA3E45-1672-4D71-ABD2-8621D4C74003}
		{724945C5-0790-4E58-ADB5-940DBAC1A458} = {79E75B3B-B01C-4D21-8C4A-F4C94418A2C1}
		{8A86E25F-70C1-45A0-B548-D53529539232} = {3E501D49-3E6E-4C9C-8575-52F719A1A5CC}
		{765D725F-05AD-4B34-8799-90BE65754513} = {EDAEC0A0-85C7-4D3F-9DAC-E74BDB1B55D8}
		{18DCA0F9-3BF4-48E2-BABA-23E6A1D1C774} = {3270A750-76CD-41A9-B159-24220DCBE7D5}
		{B211581C-80F2-422D-8180-46B0228AAE2C} = {B39C50F4-3E59-43C4-981B-0ECC3B4B2D51}
		{F07F3AF2-CADC-4C0D-B9CC-4D08ABD0A520} = {7EE89BA8-EF7C-414B-B9CE-341D51A2814A}
		{B3A37BDB-238F-47A7-9A73-1C15EA1A05AB} = {A660D1F4-37EC-4355-9C61-5F83183716A9}
		{CEAC55C1-DED9-4581-9466-F9C6E7407A6F} = {D9E1F804-F37B-4ECB-B993-37AE3BED70C4}
		{81A9C4BA-5C32-4E35-B17D-8C3C9E2A676C} = {D3136A19-617D-4426-827A-00A51D84925F}
		{5E147825-FD43-4F2F-9583-809F4DD26C10} = {D9E1F804-F37B-4ECB-B993-37AE3BED70C4}
		{624FE20E-7F19-403B-AD4E-6A2BD7359C88} = {D50D596C-93B3-4C1B-A626-914C446A5C1B}
		{1E682890-BE19-4118-A249-F57615E2E094} = {93837DAF-BA1E-4C26-996B-B4555F8949FA}
		{73C8EB7E-55C8-4FB4-8DC5-27C56A0AF3A2} = {93837DAF-BA1E-4C26-996B-B4555F8949FA}
		{14F5E3E8-7599-444E-8ED7-C044A9C6318A} = {93837DAF-BA1E-4C26-996B-B4555F8949FA}
		{AC77C02D-D371-4F81-9E9E-DA544AC49488} = {BA2338CF-E35A-4ABA-BF89-8538E433B29D}
		{0C5A556C-AF80-4562-AB56-C103E48DDCE9} = {EEAF0BD9-2427-4B92-BD7F-7D2D8D2D2045}
		{E797F38B-4104-4027-9B34-C210AF558EA9} = {1EF89218-A9E1-492D-8F37-61B2F1668886}
		{B50199CA-BA76-4628-8E86-2A2B40E40520} = {1EF89218-A9E1-492D-8F37-61B2F1668886}
		{6F00BDFC-F715-46D3-BBF0-827512CE9860} = {1EF89218-A9E1-492D-8F37-61B2F1668886}
		{5DC60B0B-DE92-4DA3-AB07-0D5D8F7BE772} = {0EA17B87-1BE0-4AAF-97EC-9B0885676D1C}
		{89AFBE74-7A61-4A50-A01E-40E35B9407E6} = {0EA17B87-1BE0-4AAF-97EC-9B0885676D1C}
		{763D7633-B7FD-4B91-886B-579850E2FAE1} = {0EA17B87-1BE0-4AAF-97EC-9B0885676D1C}
		{950B1CC5-D38C-4933-8E4E-385F320EC744} = {7EE89BA8-EF7C-414B-B9CE-341D51A2814A}
		{A095DBB3-7842-4A5D-BB81-0B90317B4543} = {D57ADF93-BD8E-407B-B9D2-F989423B3140}
		{C2D1E929-6936-4B1D-921D-ED11A7504E38} = {CB52D092-E8AE-4598-8C79-56241C82DA19}
		{D70142FB-FA2A-4BF3-90AA-19674E8F82CC} = {47CA3E45-1672-4D71-ABD2-8621D4C74003}
		{9DCBD3D0-C327-4E63-838A-90273B1B4984} = {93837DAF-BA1E-4C26-996B-B4555F8949FA}
		{1B72F174-4CCB-4A7F-B406-3940A025E126} = {79E75B3B-B01C-4D21-8C4A-F4C94418A2C1}
		{741BE318-D645-406C-AC01-E6FB29A5C0AF} = {A1C7C084-38B0-48BD-90C6-572EB94001AB}
		{2A4BAD8C-B5C8-440D-87AA-BBA45D52DCC9} = {3E501D49-3E6E-4C9C-8575-52F719A1A5CC}
		{00E09FD0-9862-41B3-BD2C-7094A16C97F7} = {C4C9D0BB-F62D-4CB8-B854-66811D91DDDB}
		{989BECED-1D58-4271-BDD2-72E849224F0A} = {C4C9D0BB-F62D-4CB8-B854-66811D91DDDB}
		{CE3392F0-F9F0-43D8-BCBF-84CB66B639E0} = {C4C9D0BB-F62D-4CB8-B854-66811D91DDDB}
		{A4528407-5F49-4983-8EAC-E03AD21C7076} = {49AF57AC-0980-4BF4-9189-AA2DCCEF428D}
		{97DB3C43-DDC3-47D3-93B1-024AF1E4E522} = {49AF57AC-0980-4BF4-9189-AA2DCCEF428D}
		{5455D194-8467-4D80-9E5F-4BC329656B07} = {49AF57AC-0980-4BF4-9189-AA2DCCEF428D}
		{AEC39CF2-191C-4D35-9224-E6793352E110} = {F01C0E5D-22C3-46EC-AD00-5CF4C2D3613C}
		{091FD8BF-29A8-4D03-93B1-4CEB8753315E} = {F01C0E5D-22C3-46EC-AD00-5CF4C2D3613C}
		{FB854B2B-7C3B-4190-8F82-C732CE49FF6E} = {F01C0E5D-22C3-46EC-AD00-5CF4C2D3613C}
		{E998272D-BA65-4759-94BE-235617B82274} = {44EF8EA1-7AA9-4397-9FB5-280D6914C0EE}
		{C95FFB04-1EFE-428C-BB55-56CD9881A95A} = {44EF8EA1-7AA9-4397-9FB5-280D6914C0EE}
		{5065BA00-D9AD-4E37-A2B5-5B7E369C10CF} = {EEAF0BD9-2427-4B92-BD7F-7D2D8D2D2045}
		{C9A1D681-4F11-4BFE-9179-62797903F3E7} = {8F64F0FC-2CA0-47FF-96EF-37338F513C4C}
		{CB2E8A3C-05A9-4D5F-A666-71DD93537E11} = {D9E1F804-F37B-4ECB-B993-37AE3BED70C4}
		{7C8F1DBF-0BA4-4DFD-96EC-71605D913D6D} = {0EA17B87-1BE0-4AAF-97EC-9B0885676D1C}
		{EC6AB16F-79D5-4347-9E74-CD9ED0181683} = {B39C50F4-3E59-43C4-981B-0ECC3B4B2D51}
		{88AE0629-9995-4642-BD24-59A8DDA1DC76} = {3270A750-76CD-41A9-B159-24220DCBE7D5}
		{04D7BD31-D259-4600-8E87-2CD9B22A5443} = {A660D1F4-37EC-4355-9C61-5F83183716A9}
		{76CDF549-5883-4C38-AFE4-828CEFF5AA85} = {D57ADF93-BD8E-407B-B9D2-F989423B3140}
		{E5C0B431-275E-422F-B23D-A548A31326BD} = {D57ADF93-BD8E-407B-B9D2-F989423B3140}
	EndGlobalSection
	GlobalSection(ExtensibilityGlobals) = postSolution
		SolutionGuid = {D3F10C8B-FD6C-43DA-94B4-1D9688BBE11B}
	EndGlobalSection
EndGlobal
