
Microsoft Visual Studio Solution File, Format Version 12.00
# Visual Studio Version 16
VisualStudioVersion = 16.0.29509.3
MinimumVisualStudioVersion = 10.0.40219.1
Project("{D954291E-2A0B-460D-934E-DC6B0785DB48}") = "Common", "src\Common\Common.shproj", "{340A3D13-DEE0-43C0-8410-EC84C2873F95}"
EndProject
Project("{FAE04EC0-301F-11D3-BF4B-00C04F79EFBC}") = "KK_Fix_PartyCardCompatibility", "src\KK_Fix_PartyCardCompatibility\KK_Fix_PartyCardCompatibility.csproj", "{E0EEBF3E-CBF1-4929-A6C8-403767FAAA8D}"
EndProject
Project("{FAE04EC0-301F-11D3-BF4B-00C04F79EFBC}") = "KK_Fix_ModdedHeadEyeliner", "src\KK_Fix_ModdedHeadEyeliner\KK_Fix_ModdedHeadEyeliner.csproj", "{3E1ACC1F-FDCC-49A9-9711-C344AB550FC0}"
EndProject
Project("{FAE04EC0-301F-11D3-BF4B-00C04F79EFBC}") = "KK_Fix_NullChecks", "src\KK_Fix_NullChecks\KK_Fix_NullChecks.csproj", "{40967983-DF5C-411A-BFA4-96C6CFEBC63E}"
EndProject
Project("{FAE04EC0-301F-11D3-BF4B-00C04F79EFBC}") = "KK_Fix_CharacterListOptimizations", "src\KK_Fix_CharacterListOptimizations\KK_Fix_CharacterListOptimizations.csproj", "{1C3AD6A8-0E6A-443B-9229-0DD4528D73A6}"
EndProject
Project("{FAE04EC0-301F-11D3-BF4B-00C04F79EFBC}") = "KK_Fix_PersonalityCorrector", "src\KK_Fix_PersonalityCorrector\KK_Fix_PersonalityCorrector.csproj", "{A714B46D-95A3-4EB0-A635-C253BBAD0CBA}"
EndProject
Project("{FAE04EC0-301F-11D3-BF4B-00C04F79EFBC}") = "KK_Fix_SettingsVerifier", "src\KK_Fix_SettingsVerifier\KK_Fix_SettingsVerifier.csproj", "{6CA88723-CA91-49C9-9FD1-C6E58EFA5529}"
EndProject
Project("{FAE04EC0-301F-11D3-BF4B-00C04F79EFBC}") = "KK_Fix_MakerOptimizations", "src\KK_Fix_MakerOptimizations\KK_Fix_MakerOptimizations.csproj", "{65CB1A38-C90D-42D3-B157-5FB6F844ED11}"
EndProject
Project("{FAE04EC0-301F-11D3-BF4B-00C04F79EFBC}") = "KK_Fix_ShowerAccessories", "src\KK_Fix_ShowerAccessories\KK_Fix_ShowerAccessories.csproj", "{ABB91777-7231-47F7-BF4D-9144CC7B1764}"
EndProject
Project("{FAE04EC0-301F-11D3-BF4B-00C04F79EFBC}") = "KK_Fix_ResourceUnloadOptimizations", "src\KK_Fix_ResourceUnloadOptimizations\KK_Fix_ResourceUnloadOptimizations.csproj", "{2C6D522C-2830-4CCF-8F49-3E0AA36A273E}"
EndProject
Project("{FAE04EC0-301F-11D3-BF4B-00C04F79EFBC}") = "KK_Fix_MainGameOptimizations", "src\KK_Fix_MainGameOptimizations\KK_Fix_MainGameOptimizations.csproj", "{08A43F46-904C-4ADD-86CF-7170F1B1F087}"
EndProject
Project("{FAE04EC0-301F-11D3-BF4B-00C04F79EFBC}") = "KK_Fix_ExpandShaderDropdown", "src\KK_Fix_ExpandShaderDropdown\KK_Fix_ExpandShaderDropdown.csproj", "{D8AC8107-11F4-4BC0-855E-4D0330AF5D46}"
EndProject
Project("{FAE04EC0-301F-11D3-BF4B-00C04F79EFBC}") = "KK_Fix_CenteredHSceneCursor", "src\KK_Fix_CenteredHSceneCursor\KK_Fix_CenteredHSceneCursor.csproj", "{EC9E7C9B-10FA-41C7-8B30-F91E33D97F7D}"
EndProject
Project("{FAE04EC0-301F-11D3-BF4B-00C04F79EFBC}") = "KK_Fix_UnlimitedMapLights", "src\KK_Fix_UnlimitedMapLights\KK_Fix_UnlimitedMapLights.csproj", "{51F20404-6A48-4578-B994-FF0A867EF2C0}"
EndProject
Project("{D954291E-2A0B-460D-934E-DC6B0785DB48}") = "Common.AccessoriesAPI", "src\Common.AccessoriesAPI\Common.AccessoriesAPI.shproj", "{94E708E4-7B1C-4DA8-83BB-7699753825D1}"
EndProject
Project("{FAE04EC0-301F-11D3-BF4B-00C04F79EFBC}") = "EC_Fix_DownloadRenamer", "src\EC_Fix_DownloadRenamer\EC_Fix_DownloadRenamer.csproj", "{9216D4D0-B421-4D3B-B038-49D76DC12573}"
EndProject
Project("{FAE04EC0-301F-11D3-BF4B-00C04F79EFBC}") = "EC_Fix_CardImport", "src\EC_Fix_CardImport\EC_Fix_CardImport.csproj", "{4DEB7768-385E-43B8-84B2-E0ACF13C61C3}"
EndProject
Project("{2150E333-8FDC-42A3-9474-1A3956D46DE8}") = "Fix_MakerOptimizations", "Fix_MakerOptimizations", "{7EE89BA8-EF7C-414B-B9CE-341D51A2814A}"
EndProject
Project("{D954291E-2A0B-460D-934E-DC6B0785DB48}") = "Core_Fix_MakerOptimizations", "src\Core_Fix_MakerOptimizations\Core_Fix_MakerOptimizations.shproj", "{E613FEA3-A78C-4F26-878A-B7A874961819}"
EndProject
Project("{FAE04EC0-301F-11D3-BF4B-00C04F79EFBC}") = "EC_Fix_MakerOptimizations", "src\EC_Fix_MakerOptimizations\EC_Fix_MakerOptimizations.csproj", "{541ED181-1370-47F1-9D95-6187EE59686C}"
EndProject
Project("{2150E333-8FDC-42A3-9474-1A3956D46DE8}") = "Fix_NullChecks", "Fix_NullChecks", "{79E75B3B-B01C-4D21-8C4A-F4C94418A2C1}"
EndProject
Project("{D954291E-2A0B-460D-934E-DC6B0785DB48}") = "Core_Fix_NullChecks", "src\Core_Fix_NullChecks\Core_Fix_NullChecks.shproj", "{A68B1345-A4D5-4A10-AB5F-F3BBD638B189}"
EndProject
Project("{FAE04EC0-301F-11D3-BF4B-00C04F79EFBC}") = "EC_Fix_NullChecks", "src\EC_Fix_NullChecks\EC_Fix_NullChecks.csproj", "{F652B8D9-374A-44BD-8DED-578414A9FC89}"
EndProject
Project("{FAE04EC0-301F-11D3-BF4B-00C04F79EFBC}") = "EC_Fix_NodeUnlock", "src\EC_Fix_NodeUnlock\EC_Fix_NodeUnlock.csproj", "{517CB02C-CB77-4746-AC5A-14D1FECC0CB8}"
EndProject
Project("{2150E333-8FDC-42A3-9474-1A3956D46DE8}") = "Fix_ExpandShaderDropdown", "Fix_ExpandShaderDropdown", "{3270A750-76CD-41A9-B159-24220DCBE7D5}"
EndProject
Project("{D954291E-2A0B-460D-934E-DC6B0785DB48}") = "Core_Fix_ExpandShaderDropdown", "src\Core_Fix_ExpandShaderDropdown\Core_Fix_ExpandShaderDropdown.shproj", "{FB5485BC-7646-4614-AAF3-00BC2EA099BF}"
EndProject
Project("{FAE04EC0-301F-11D3-BF4B-00C04F79EFBC}") = "EC_Fix_ExpandShaderDropdown", "src\EC_Fix_ExpandShaderDropdown\EC_Fix_ExpandShaderDropdown.csproj", "{5BA36E3D-7EC8-400E-A0F0-ABCEB3F644F0}"
EndProject
Project("{2150E333-8FDC-42A3-9474-1A3956D46DE8}") = "Fix_ResourceUnloadOptimizations", "Fix_ResourceUnloadOptimizations", "{47CA3E45-1672-4D71-ABD2-8621D4C74003}"
EndProject
Project("{D954291E-2A0B-460D-934E-DC6B0785DB48}") = "Core_Fix_ResourceUnloadOptimizations", "src\Core_Fix_ResourceUnloadOptimizations\Core_Fix_ResourceUnloadOptimizations.shproj", "{E9642C67-3D6B-41F5-B42A-73C641B5068A}"
EndProject
Project("{FAE04EC0-301F-11D3-BF4B-00C04F79EFBC}") = "EC_Fix_ResourceUnloadOptimizations", "src\EC_Fix_ResourceUnloadOptimizations\EC_Fix_ResourceUnloadOptimizations.csproj", "{1C122B92-E1B9-47AF-A19A-97B5589E9931}"
EndProject
Project("{FAE04EC0-301F-11D3-BF4B-00C04F79EFBC}") = "HS_Fix_ResourceUnloadOptimizations", "src\HS_Fix_ResourceUnloadOptimizations\HS_Fix_ResourceUnloadOptimizations.csproj", "{854F4E98-5468-47F4-B32F-A5BFBCEDE6F4}"
EndProject
Project("{2150E333-8FDC-42A3-9474-1A3956D46DE8}") = "Fix_SettingsVerifier", "Fix_SettingsVerifier", "{A1C7C084-38B0-48BD-90C6-572EB94001AB}"
EndProject
Project("{FAE04EC0-301F-11D3-BF4B-00C04F79EFBC}") = "AI_Fix_SettingsVerifier", "src\AI_Fix_SettingsVerifier\AI_Fix_SettingsVerifier.csproj", "{3274241D-B51A-4042-8CEC-54D6AA166CA0}"
EndProject
Project("{D954291E-2A0B-460D-934E-DC6B0785DB48}") = "Core_Fix_SettingsVerifier", "src\Core_Fix_SettingsVerifier\Core_Fix_SettingsVerifier.shproj", "{3189BE0A-2860-416A-9BBA-A70D9908FC50}"
EndProject
Project("{FAE04EC0-301F-11D3-BF4B-00C04F79EFBC}") = "KK_Fix_PoseLoad", "src\KK_Fix_PoseLoad\KK_Fix_PoseLoad.csproj", "{7051504A-575B-417C-BE33-55E7A58F71FF}"
EndProject
Project("{FAE04EC0-301F-11D3-BF4B-00C04F79EFBC}") = "Patch_CultureFix", "src\Patch_CultureFix\Patch_CultureFix.csproj", "{52D92C5E-F220-473C-B683-BD17198EFD32}"
EndProject
Project("{FAE04EC0-301F-11D3-BF4B-00C04F79EFBC}") = "KK_Fix_ManifestCorrector", "src\KK_Fix_ManifestCorrector\KK_Fix_ManifestCorrector.csproj", "{D853338D-EFBC-4C7E-A0D9-9B78610AE726}"
EndProject
Project("{2150E333-8FDC-42A3-9474-1A3956D46DE8}") = "Fix_PoseLoad", "Fix_PoseLoad", "{D3136A19-617D-4426-827A-00A51D84925F}"
EndProject
Project("{FAE04EC0-301F-11D3-BF4B-00C04F79EFBC}") = "AI_Fix_PoseLoad", "src\AI_Fix_PoseLoad\AI_Fix_PoseLoad.csproj", "{5A28A5F5-71F4-4519-A869-AE676230F332}"
EndProject
Project("{D954291E-2A0B-460D-934E-DC6B0785DB48}") = "Core_Fix_PoseLoad", "src\Core_Fix_PoseLoad\Core_Fix_PoseLoad.shproj", "{50B014D7-1D96-47B7-A3B5-F1D682073F0A}"
EndProject
Project("{FAE04EC0-301F-11D3-BF4B-00C04F79EFBC}") = "AI_Fix_ResourceUnloadOptimizations", "src\AI_Fix_ResourceUnloadOptimizations\AI_Fix_ResourceUnloadOptimizations.csproj", "{74439246-77DC-4818-8632-F45CC82DCD7C}"
EndProject
Project("{2150E333-8FDC-42A3-9474-1A3956D46DE8}") = "Fix_ManifestCorrector", "Fix_ManifestCorrector", "{3E501D49-3E6E-4C9C-8575-52F719A1A5CC}"
EndProject
Project("{D954291E-2A0B-460D-934E-DC6B0785DB48}") = "Core_Fix_ManifestCorrector", "src\Core_Fix_ManifestCorrector\Core_Fix_ManifestCorrector.shproj", "{AB54007E-2CB2-410E-93F3-C7B261A617C9}"
EndProject
Project("{FAE04EC0-301F-11D3-BF4B-00C04F79EFBC}") = "AI_Fix_ManifestCorrector", "src\AI_Fix_ManifestCorrector\AI_Fix_ManifestCorrector.csproj", "{F4B42914-1D55-4791-9A82-BD330502FFB8}"
EndProject
Project("{FAE04EC0-301F-11D3-BF4B-00C04F79EFBC}") = "EC_Fix_ManifestCorrector", "src\EC_Fix_ManifestCorrector\EC_Fix_ManifestCorrector.csproj", "{0218B7FF-4CC3-4C9A-8A91-F8DB31084499}"
EndProject
Project("{FAE04EC0-301F-11D3-BF4B-00C04F79EFBC}") = "Patch_MagicCarrot", "src\Patch_MagicCarrot\Patch_MagicCarrot.csproj", "{AAA57B7A-9D2C-4840-94E2-F1FA43C53BC7}"
EndProject
Project("{FAE04EC0-301F-11D3-BF4B-00C04F79EFBC}") = "AI_Fix_MakerOptimizations", "src\AI_Fix_MakerOptimizations\AI_Fix_MakerOptimizations.csproj", "{4B0D3C72-F7C0-4673-B857-2DE2B3970C52}"
EndProject
Project("{D954291E-2A0B-460D-934E-DC6B0785DB48}") = "Core_Fix_MakerOptimizations_CursorManager", "src\Core_Fix_MakerOptimizations_CursorManager\Core_Fix_MakerOptimizations_CursorManager.shproj", "{31C44AAE-509E-428A-9ECE-4D4F18A0C15A}"
EndProject
Project("{2150E333-8FDC-42A3-9474-1A3956D46DE8}") = "src", "src", "{73014464-CE65-4624-B4A4-BD3A9A45A027}"
EndProject
Project("{FAE04EC0-301F-11D3-BF4B-00C04F79EFBC}") = "AI_Fix_NewGameShowAllCards", "src\AI_Fix_NewGameShowAllCards\AI_Fix_NewGameShowAllCards.csproj", "{5EA29D16-DED0-4E88-A755-1753F14888C3}"
EndProject
Project("{FAE04EC0-301F-11D3-BF4B-00C04F79EFBC}") = "AI_Fix_LoadingFixes", "src\AI_Fix_LoadingFixes\AI_Fix_LoadingFixes.csproj", "{3B5F9FA8-191B-48E7-9CA1-1025584D49CD}"
EndProject
Project("{2150E333-8FDC-42A3-9474-1A3956D46DE8}") = "Fix_InvalidSceneFileProtection", "Fix_InvalidSceneFileProtection", "{EDAEC0A0-85C7-4D3F-9DAC-E74BDB1B55D8}"
EndProject
Project("{FAE04EC0-301F-11D3-BF4B-00C04F79EFBC}") = "AI_Fix_InvalidSceneFileProtection", "src\AI_Fix_InvalidSceneFileProtection\AI_Fix_InvalidSceneFileProtection.csproj", "{386AE527-1B53-4AD6-AAA3-F90D610C6080}"
EndProject
Project("{FAE04EC0-301F-11D3-BF4B-00C04F79EFBC}") = "KK_Fix_InvalidSceneFileProtection", "src\KK_Fix_InvalidSceneFileProtection\KK_Fix_InvalidSceneFileProtection.csproj", "{020992E5-0E49-4B83-A3CE-C5EB990EDDA7}"
EndProject
Project("{D954291E-2A0B-460D-934E-DC6B0785DB48}") = "Core_Fix_InvalidSceneFileProtection", "src\Core_Fix_InvalidSceneFileProtection\Core_Fix_InvalidSceneFileProtection.shproj", "{DE110DE4-C432-4F89-BD1E-23915527EF9B}"
EndProject
Project("{2150E333-8FDC-42A3-9474-1A3956D46DE8}") = "Fix_StudioOptimizations", "Fix_StudioOptimizations", "{A660D1F4-37EC-4355-9C61-5F83183716A9}"
EndProject
Project("{FAE04EC0-301F-11D3-BF4B-00C04F79EFBC}") = "AI_Fix_StudioOptimizations", "src\AI_Fix_StudioOptimizations\AI_Fix_StudioOptimizations.csproj", "{90F116FE-9FCF-473F-A7D5-B9D1FDBFE52F}"
EndProject
Project("{FAE04EC0-301F-11D3-BF4B-00C04F79EFBC}") = "KK_Fix_StudioOptimizations", "src\KK_Fix_StudioOptimizations\KK_Fix_StudioOptimizations.csproj", "{5EAA5078-AC8E-482B-98EB-E7CE8A12D0CA}"
EndProject
Project("{D954291E-2A0B-460D-934E-DC6B0785DB48}") = "Core_Fix_StudioOptimizations", "src\Core_Fix_StudioOptimizations\Core_Fix_StudioOptimizations.shproj", "{58305F00-9372-43A0-B155-E602252839DE}"
EndProject
Project("{FAE04EC0-301F-11D3-BF4B-00C04F79EFBC}") = "KK_Fix_Heterochromia", "src\KK_Fix_Heterochromia\KK_Fix_Heterochromia.csproj", "{647579B1-ABB7-4180-AC3F-DA12B092ED22}"
EndProject
Project("{2150E333-8FDC-42A3-9474-1A3956D46DE8}") = "Fix_Heterochromia", "Fix_Heterochromia", "{CB52D092-E8AE-4598-8C79-56241C82DA19}"
EndProject
Project("{D954291E-2A0B-460D-934E-DC6B0785DB48}") = "Core_Fix_Heterochromia", "src\Core_Fix_Heterochromia\Core_Fix_Heterochromia.shproj", "{89D95D84-BC6A-44CD-9376-6866207B96AE}"
EndProject
Project("{FAE04EC0-301F-11D3-BF4B-00C04F79EFBC}") = "EC_Fix_Heterochromia", "src\EC_Fix_Heterochromia\EC_Fix_Heterochromia.csproj", "{81CCBAA9-EC68-4558-BBDB-54D59B55B8A7}"
EndProject
Project("{FAE04EC0-301F-11D3-BF4B-00C04F79EFBC}") = "KK_Fix_CameraTarget", "src\KK_Fix_CameraTarget\KK_Fix_CameraTarget.csproj", "{8AAD72ED-B34E-468F-9BD6-7210183461BE}"
EndProject
Project("{2150E333-8FDC-42A3-9474-1A3956D46DE8}") = "Fix_CameraTarget", "Fix_CameraTarget", "{B39C50F4-3E59-43C4-981B-0ECC3B4B2D51}"
EndProject
Project("{D954291E-2A0B-460D-934E-DC6B0785DB48}") = "Core_Fix_CameraTarget", "src\Core_Fix_CameraTarget\Core_Fix_CameraTarget.shproj", "{ECEFE48A-9CE2-4C53-874B-1FE11C1C4447}"
EndProject
Project("{FAE04EC0-301F-11D3-BF4B-00C04F79EFBC}") = "AI_Fix_CameraTarget", "src\AI_Fix_CameraTarget\AI_Fix_CameraTarget.csproj", "{F31470C2-8C31-400B-B010-525A76C57BB8}"
EndProject
Project("{FAE04EC0-301F-11D3-BF4B-00C04F79EFBC}") = "PH_Fix_CameraTarget", "src\PH_Fix_CameraTarget\PH_Fix_CameraTarget.csproj", "{BF58115B-8249-4F38-9F73-96CDDDA819E1}"
EndProject
Global
	GlobalSection(SharedMSBuildProjectFiles) = preSolution
		src\Common\Common.projitems*{020992e5-0e49-4b83-a3ce-c5eb990edda7}*SharedItemsImports = 4
		src\Core_Fix_InvalidSceneFileProtection\Core_Fix_InvalidSceneFileProtection.projitems*{020992e5-0e49-4b83-a3ce-c5eb990edda7}*SharedItemsImports = 4
		src\Common\Common.projitems*{0218b7ff-4cc3-4c9a-8a91-f8db31084499}*SharedItemsImports = 4
		src\Core_Fix_ManifestCorrector\Core_Fix_ManifestCorrector.projitems*{0218b7ff-4cc3-4c9a-8a91-f8db31084499}*SharedItemsImports = 4
		src\Common\Common.projitems*{08a43f46-904c-4add-86cf-7170f1b1f087}*SharedItemsImports = 4
		src\Common\Common.projitems*{1c122b92-e1b9-47af-a19a-97b5589e9931}*SharedItemsImports = 4
		src\Core_Fix_ResourceUnloadOptimizations\Core_Fix_ResourceUnloadOptimizations.projitems*{1c122b92-e1b9-47af-a19a-97b5589e9931}*SharedItemsImports = 4
		src\Common\Common.projitems*{1c3ad6a8-0e6a-443b-9229-0dd4528d73a6}*SharedItemsImports = 4
		src\Common\Common.projitems*{2c6d522c-2830-4ccf-8f49-3e0aa36a273e}*SharedItemsImports = 4
		src\Core_Fix_ResourceUnloadOptimizations\Core_Fix_ResourceUnloadOptimizations.projitems*{2c6d522c-2830-4ccf-8f49-3e0aa36a273e}*SharedItemsImports = 4
		src\Core_Fix_SettingsVerifier\Core_Fix_SettingsVerifier.projitems*{3189be0a-2860-416a-9bba-a70d9908fc50}*SharedItemsImports = 13
		src\Core_Fix_MakerOptimizations_CursorManager\Core_Fix_MakerOptimizations_CursorManager.projitems*{31c44aae-509e-428a-9ece-4d4f18a0c15a}*SharedItemsImports = 13
		src\Common\Common.projitems*{3274241d-b51a-4042-8cec-54d6aa166ca0}*SharedItemsImports = 4
		src\Core_Fix_SettingsVerifier\Core_Fix_SettingsVerifier.projitems*{3274241d-b51a-4042-8cec-54d6aa166ca0}*SharedItemsImports = 4
		src\Common\Common.projitems*{340a3d13-dee0-43c0-8410-ec84c2873f95}*SharedItemsImports = 13
		src\Common\Common.projitems*{386ae527-1b53-4ad6-aaa3-f90d610c6080}*SharedItemsImports = 4
		src\Core_Fix_InvalidSceneFileProtection\Core_Fix_InvalidSceneFileProtection.projitems*{386ae527-1b53-4ad6-aaa3-f90d610c6080}*SharedItemsImports = 4
		src\Common\Common.projitems*{3b5f9fa8-191b-48e7-9ca1-1025584d49cd}*SharedItemsImports = 4
		src\Common\Common.projitems*{3e1acc1f-fdcc-49a9-9711-c344ab550fc0}*SharedItemsImports = 4
		src\Common.AccessoriesAPI\Common.AccessoriesAPI.projitems*{40967983-df5c-411a-bfa4-96c6cfebc63e}*SharedItemsImports = 4
		src\Common\Common.projitems*{40967983-df5c-411a-bfa4-96c6cfebc63e}*SharedItemsImports = 4
		src\Core_Fix_NullChecks\Core_Fix_NullChecks.projitems*{40967983-df5c-411a-bfa4-96c6cfebc63e}*SharedItemsImports = 4
		src\Common\Common.projitems*{4b0d3c72-f7c0-4673-b857-2de2b3970c52}*SharedItemsImports = 4
		src\Core_Fix_MakerOptimizations_CursorManager\Core_Fix_MakerOptimizations_CursorManager.projitems*{4b0d3c72-f7c0-4673-b857-2de2b3970c52}*SharedItemsImports = 4
		src\Common\Common.projitems*{4deb7768-385e-43b8-84b2-e0acf13c61c3}*SharedItemsImports = 4
		src\Core_Fix_PoseLoad\Core_Fix_PoseLoad.projitems*{50b014d7-1d96-47b7-a3b5-f1d682073f0a}*SharedItemsImports = 13
		src\Common\Common.projitems*{517cb02c-cb77-4746-ac5a-14d1fecc0cb8}*SharedItemsImports = 4
		src\Common\Common.projitems*{51f20404-6a48-4578-b994-ff0a867ef2c0}*SharedItemsImports = 4
		src\Common\Common.projitems*{52d92c5e-f220-473c-b683-bd17198efd32}*SharedItemsImports = 4
		src\Common\Common.projitems*{541ed181-1370-47f1-9d95-6187ee59686c}*SharedItemsImports = 4
		src\Core_Fix_MakerOptimizations\Core_Fix_MakerOptimizations.projitems*{541ed181-1370-47f1-9d95-6187ee59686c}*SharedItemsImports = 4
		src\Core_Fix_MakerOptimizations_CursorManager\Core_Fix_MakerOptimizations_CursorManager.projitems*{541ed181-1370-47f1-9d95-6187ee59686c}*SharedItemsImports = 4
		src\Core_Fix_StudioOptimizations\Core_Fix_StudioOptimizations.projitems*{58305f00-9372-43a0-b155-e602252839de}*SharedItemsImports = 13
		src\Common\Common.projitems*{5a28a5f5-71f4-4519-a869-ae676230f332}*SharedItemsImports = 4
		src\Core_Fix_PoseLoad\Core_Fix_PoseLoad.projitems*{5a28a5f5-71f4-4519-a869-ae676230f332}*SharedItemsImports = 4
		src\Common\Common.projitems*{5ba36e3d-7ec8-400e-a0f0-abceb3f644f0}*SharedItemsImports = 4
		src\Core_Fix_ExpandShaderDropdown\Core_Fix_ExpandShaderDropdown.projitems*{5ba36e3d-7ec8-400e-a0f0-abceb3f644f0}*SharedItemsImports = 4
		src\Common\Common.projitems*{5ea29d16-ded0-4e88-a755-1753f14888c3}*SharedItemsImports = 4
		src\Common\Common.projitems*{5eaa5078-ac8e-482b-98eb-e7ce8a12d0ca}*SharedItemsImports = 4
		src\Core_Fix_StudioOptimizations\Core_Fix_StudioOptimizations.projitems*{5eaa5078-ac8e-482b-98eb-e7ce8a12d0ca}*SharedItemsImports = 4
		src\Common\Common.projitems*{647579b1-abb7-4180-ac3f-da12b092ed22}*SharedItemsImports = 4
		src\Core_Fix_Heterochromia\Core_Fix_Heterochromia.projitems*{647579b1-abb7-4180-ac3f-da12b092ed22}*SharedItemsImports = 4
		src\Common\Common.projitems*{65cb1a38-c90d-42d3-b157-5fb6f844ed11}*SharedItemsImports = 4
		src\Core_Fix_MakerOptimizations\Core_Fix_MakerOptimizations.projitems*{65cb1a38-c90d-42d3-b157-5fb6f844ed11}*SharedItemsImports = 4
		src\Core_Fix_MakerOptimizations_CursorManager\Core_Fix_MakerOptimizations_CursorManager.projitems*{65cb1a38-c90d-42d3-b157-5fb6f844ed11}*SharedItemsImports = 4
		src\Common\Common.projitems*{6ca88723-ca91-49c9-9fd1-c6e58efa5529}*SharedItemsImports = 4
		src\Core_Fix_SettingsVerifier\Core_Fix_SettingsVerifier.projitems*{6ca88723-ca91-49c9-9fd1-c6e58efa5529}*SharedItemsImports = 4
		src\Common\Common.projitems*{7051504a-575b-417c-be33-55e7a58f71ff}*SharedItemsImports = 4
		src\Core_Fix_PoseLoad\Core_Fix_PoseLoad.projitems*{7051504a-575b-417c-be33-55e7a58f71ff}*SharedItemsImports = 4
		src\Common\Common.projitems*{74439246-77dc-4818-8632-f45cc82dcd7c}*SharedItemsImports = 4
		src\Core_Fix_ResourceUnloadOptimizations\Core_Fix_ResourceUnloadOptimizations.projitems*{74439246-77dc-4818-8632-f45cc82dcd7c}*SharedItemsImports = 4
		src\Common\Common.projitems*{81ccbaa9-ec68-4558-bbdb-54d59b55b8a7}*SharedItemsImports = 4
		src\Core_Fix_Heterochromia\Core_Fix_Heterochromia.projitems*{81ccbaa9-ec68-4558-bbdb-54d59b55b8a7}*SharedItemsImports = 4
		src\Common\Common.projitems*{854f4e98-5468-47f4-b32f-a5bfbcede6f4}*SharedItemsImports = 4
		src\Core_Fix_ResourceUnloadOptimizations\Core_Fix_ResourceUnloadOptimizations.projitems*{854f4e98-5468-47f4-b32f-a5bfbcede6f4}*SharedItemsImports = 4
		src\Core_Fix_Heterochromia\Core_Fix_Heterochromia.projitems*{89d95d84-bc6a-44cd-9376-6866207b96ae}*SharedItemsImports = 13
		src\Common\Common.projitems*{8aad72ed-b34e-468f-9bd6-7210183461be}*SharedItemsImports = 4
		src\Core_Fix_CameraTarget\Core_Fix_CameraTarget.projitems*{8aad72ed-b34e-468f-9bd6-7210183461be}*SharedItemsImports = 4
		src\Common\Common.projitems*{90f116fe-9fcf-473f-a7d5-b9d1fdbfe52f}*SharedItemsImports = 4
		src\Core_Fix_StudioOptimizations\Core_Fix_StudioOptimizations.projitems*{90f116fe-9fcf-473f-a7d5-b9d1fdbfe52f}*SharedItemsImports = 4
		src\Common\Common.projitems*{9216d4d0-b421-4d3b-b038-49d76dc12573}*SharedItemsImports = 4
		src\Common.AccessoriesAPI\Common.AccessoriesAPI.projitems*{94e708e4-7b1c-4da8-83bb-7699753825d1}*SharedItemsImports = 13
		src\Core_Fix_NullChecks\Core_Fix_NullChecks.projitems*{a68b1345-a4d5-4a10-ab5f-f3bbd638b189}*SharedItemsImports = 13
		src\Common\Common.projitems*{a714b46d-95a3-4eb0-a635-c253bbad0cba}*SharedItemsImports = 4
		src\Common\Common.projitems*{aaa57b7a-9d2c-4840-94e2-f1fa43c53bc7}*SharedItemsImports = 4
		src\Core_Fix_ManifestCorrector\Core_Fix_ManifestCorrector.projitems*{ab54007e-2cb2-410e-93f3-c7b261a617c9}*SharedItemsImports = 13
		src\Common\Common.projitems*{abb91777-7231-47f7-bf4d-9144cc7b1764}*SharedItemsImports = 4
		src\Common\Common.projitems*{bf58115b-8249-4f38-9f73-96cddda819e1}*SharedItemsImports = 4
		src\Core_Fix_CameraTarget\Core_Fix_CameraTarget.projitems*{bf58115b-8249-4f38-9f73-96cddda819e1}*SharedItemsImports = 4
		src\Common\Common.projitems*{d853338d-efbc-4c7e-a0d9-9b78610ae726}*SharedItemsImports = 4
		src\Core_Fix_ManifestCorrector\Core_Fix_ManifestCorrector.projitems*{d853338d-efbc-4c7e-a0d9-9b78610ae726}*SharedItemsImports = 4
		src\Common\Common.projitems*{d8ac8107-11f4-4bc0-855e-4d0330af5d46}*SharedItemsImports = 4
		src\Core_Fix_ExpandShaderDropdown\Core_Fix_ExpandShaderDropdown.projitems*{d8ac8107-11f4-4bc0-855e-4d0330af5d46}*SharedItemsImports = 4
		src\Core_Fix_InvalidSceneFileProtection\Core_Fix_InvalidSceneFileProtection.projitems*{de110de4-c432-4f89-bd1e-23915527ef9b}*SharedItemsImports = 13
		src\Common\Common.projitems*{e0eebf3e-cbf1-4929-a6c8-403767faaa8d}*SharedItemsImports = 4
		src\Core_Fix_MakerOptimizations\Core_Fix_MakerOptimizations.projitems*{e613fea3-a78c-4f26-878a-b7a874961819}*SharedItemsImports = 13
		src\Core_Fix_ResourceUnloadOptimizations\Core_Fix_ResourceUnloadOptimizations.projitems*{e9642c67-3d6b-41f5-b42a-73c641b5068a}*SharedItemsImports = 13
		src\Common\Common.projitems*{ec9e7c9b-10fa-41c7-8b30-f91e33d97f7d}*SharedItemsImports = 4
		src\Core_Fix_CameraTarget\Core_Fix_CameraTarget.projitems*{ecefe48a-9ce2-4c53-874b-1fe11c1c4447}*SharedItemsImports = 13
		src\Common\Common.projitems*{f31470c2-8c31-400b-b010-525a76c57bb8}*SharedItemsImports = 4
		src\Core_Fix_CameraTarget\Core_Fix_CameraTarget.projitems*{f31470c2-8c31-400b-b010-525a76c57bb8}*SharedItemsImports = 4
		src\Common\Common.projitems*{f4b42914-1d55-4791-9a82-bd330502ffb8}*SharedItemsImports = 4
		src\Core_Fix_ManifestCorrector\Core_Fix_ManifestCorrector.projitems*{f4b42914-1d55-4791-9a82-bd330502ffb8}*SharedItemsImports = 4
		src\Common.AccessoriesAPI\Common.AccessoriesAPI.projitems*{f652b8d9-374a-44bd-8ded-578414a9fc89}*SharedItemsImports = 4
		src\Common\Common.projitems*{f652b8d9-374a-44bd-8ded-578414a9fc89}*SharedItemsImports = 4
		src\Core_Fix_NullChecks\Core_Fix_NullChecks.projitems*{f652b8d9-374a-44bd-8ded-578414a9fc89}*SharedItemsImports = 4
		src\Core_Fix_ExpandShaderDropdown\Core_Fix_ExpandShaderDropdown.projitems*{fb5485bc-7646-4614-aaf3-00bc2ea099bf}*SharedItemsImports = 13
	EndGlobalSection
	GlobalSection(SolutionConfigurationPlatforms) = preSolution
		Debug|Any CPU = Debug|Any CPU
		Release|Any CPU = Release|Any CPU
	EndGlobalSection
	GlobalSection(ProjectConfigurationPlatforms) = postSolution
		{E0EEBF3E-CBF1-4929-A6C8-403767FAAA8D}.Debug|Any CPU.ActiveCfg = Debug|Any CPU
		{E0EEBF3E-CBF1-4929-A6C8-403767FAAA8D}.Debug|Any CPU.Build.0 = Debug|Any CPU
		{E0EEBF3E-CBF1-4929-A6C8-403767FAAA8D}.Release|Any CPU.ActiveCfg = Release|Any CPU
		{E0EEBF3E-CBF1-4929-A6C8-403767FAAA8D}.Release|Any CPU.Build.0 = Release|Any CPU
		{3E1ACC1F-FDCC-49A9-9711-C344AB550FC0}.Debug|Any CPU.ActiveCfg = Debug|Any CPU
		{3E1ACC1F-FDCC-49A9-9711-C344AB550FC0}.Debug|Any CPU.Build.0 = Debug|Any CPU
		{3E1ACC1F-FDCC-49A9-9711-C344AB550FC0}.Release|Any CPU.ActiveCfg = Release|Any CPU
		{3E1ACC1F-FDCC-49A9-9711-C344AB550FC0}.Release|Any CPU.Build.0 = Release|Any CPU
		{40967983-DF5C-411A-BFA4-96C6CFEBC63E}.Debug|Any CPU.ActiveCfg = Debug|Any CPU
		{40967983-DF5C-411A-BFA4-96C6CFEBC63E}.Debug|Any CPU.Build.0 = Debug|Any CPU
		{40967983-DF5C-411A-BFA4-96C6CFEBC63E}.Release|Any CPU.ActiveCfg = Release|Any CPU
		{40967983-DF5C-411A-BFA4-96C6CFEBC63E}.Release|Any CPU.Build.0 = Release|Any CPU
		{1C3AD6A8-0E6A-443B-9229-0DD4528D73A6}.Debug|Any CPU.ActiveCfg = Debug|Any CPU
		{1C3AD6A8-0E6A-443B-9229-0DD4528D73A6}.Debug|Any CPU.Build.0 = Debug|Any CPU
		{1C3AD6A8-0E6A-443B-9229-0DD4528D73A6}.Release|Any CPU.ActiveCfg = Release|Any CPU
		{1C3AD6A8-0E6A-443B-9229-0DD4528D73A6}.Release|Any CPU.Build.0 = Release|Any CPU
		{A714B46D-95A3-4EB0-A635-C253BBAD0CBA}.Debug|Any CPU.ActiveCfg = Debug|Any CPU
		{A714B46D-95A3-4EB0-A635-C253BBAD0CBA}.Debug|Any CPU.Build.0 = Debug|Any CPU
		{A714B46D-95A3-4EB0-A635-C253BBAD0CBA}.Release|Any CPU.ActiveCfg = Release|Any CPU
		{A714B46D-95A3-4EB0-A635-C253BBAD0CBA}.Release|Any CPU.Build.0 = Release|Any CPU
		{6CA88723-CA91-49C9-9FD1-C6E58EFA5529}.Debug|Any CPU.ActiveCfg = Debug|Any CPU
		{6CA88723-CA91-49C9-9FD1-C6E58EFA5529}.Debug|Any CPU.Build.0 = Debug|Any CPU
		{6CA88723-CA91-49C9-9FD1-C6E58EFA5529}.Release|Any CPU.ActiveCfg = Release|Any CPU
		{6CA88723-CA91-49C9-9FD1-C6E58EFA5529}.Release|Any CPU.Build.0 = Release|Any CPU
		{65CB1A38-C90D-42D3-B157-5FB6F844ED11}.Debug|Any CPU.ActiveCfg = Debug|Any CPU
		{65CB1A38-C90D-42D3-B157-5FB6F844ED11}.Debug|Any CPU.Build.0 = Debug|Any CPU
		{65CB1A38-C90D-42D3-B157-5FB6F844ED11}.Release|Any CPU.ActiveCfg = Release|Any CPU
		{65CB1A38-C90D-42D3-B157-5FB6F844ED11}.Release|Any CPU.Build.0 = Release|Any CPU
		{ABB91777-7231-47F7-BF4D-9144CC7B1764}.Debug|Any CPU.ActiveCfg = Debug|Any CPU
		{ABB91777-7231-47F7-BF4D-9144CC7B1764}.Debug|Any CPU.Build.0 = Debug|Any CPU
		{ABB91777-7231-47F7-BF4D-9144CC7B1764}.Release|Any CPU.ActiveCfg = Release|Any CPU
		{ABB91777-7231-47F7-BF4D-9144CC7B1764}.Release|Any CPU.Build.0 = Release|Any CPU
		{2C6D522C-2830-4CCF-8F49-3E0AA36A273E}.Debug|Any CPU.ActiveCfg = Debug|Any CPU
		{2C6D522C-2830-4CCF-8F49-3E0AA36A273E}.Debug|Any CPU.Build.0 = Debug|Any CPU
		{2C6D522C-2830-4CCF-8F49-3E0AA36A273E}.Release|Any CPU.ActiveCfg = Release|Any CPU
		{2C6D522C-2830-4CCF-8F49-3E0AA36A273E}.Release|Any CPU.Build.0 = Release|Any CPU
		{08A43F46-904C-4ADD-86CF-7170F1B1F087}.Debug|Any CPU.ActiveCfg = Debug|Any CPU
		{08A43F46-904C-4ADD-86CF-7170F1B1F087}.Debug|Any CPU.Build.0 = Debug|Any CPU
		{08A43F46-904C-4ADD-86CF-7170F1B1F087}.Release|Any CPU.ActiveCfg = Release|Any CPU
		{08A43F46-904C-4ADD-86CF-7170F1B1F087}.Release|Any CPU.Build.0 = Release|Any CPU
		{D8AC8107-11F4-4BC0-855E-4D0330AF5D46}.Debug|Any CPU.ActiveCfg = Debug|Any CPU
		{D8AC8107-11F4-4BC0-855E-4D0330AF5D46}.Debug|Any CPU.Build.0 = Debug|Any CPU
		{D8AC8107-11F4-4BC0-855E-4D0330AF5D46}.Release|Any CPU.ActiveCfg = Release|Any CPU
		{D8AC8107-11F4-4BC0-855E-4D0330AF5D46}.Release|Any CPU.Build.0 = Release|Any CPU
		{EC9E7C9B-10FA-41C7-8B30-F91E33D97F7D}.Debug|Any CPU.ActiveCfg = Debug|Any CPU
		{EC9E7C9B-10FA-41C7-8B30-F91E33D97F7D}.Debug|Any CPU.Build.0 = Debug|Any CPU
		{EC9E7C9B-10FA-41C7-8B30-F91E33D97F7D}.Release|Any CPU.ActiveCfg = Release|Any CPU
		{EC9E7C9B-10FA-41C7-8B30-F91E33D97F7D}.Release|Any CPU.Build.0 = Release|Any CPU
		{51F20404-6A48-4578-B994-FF0A867EF2C0}.Debug|Any CPU.ActiveCfg = Debug|Any CPU
		{51F20404-6A48-4578-B994-FF0A867EF2C0}.Debug|Any CPU.Build.0 = Debug|Any CPU
		{51F20404-6A48-4578-B994-FF0A867EF2C0}.Release|Any CPU.ActiveCfg = Release|Any CPU
		{51F20404-6A48-4578-B994-FF0A867EF2C0}.Release|Any CPU.Build.0 = Release|Any CPU
		{9216D4D0-B421-4D3B-B038-49D76DC12573}.Debug|Any CPU.ActiveCfg = Debug|Any CPU
		{9216D4D0-B421-4D3B-B038-49D76DC12573}.Debug|Any CPU.Build.0 = Debug|Any CPU
		{9216D4D0-B421-4D3B-B038-49D76DC12573}.Release|Any CPU.ActiveCfg = Release|Any CPU
		{9216D4D0-B421-4D3B-B038-49D76DC12573}.Release|Any CPU.Build.0 = Release|Any CPU
		{4DEB7768-385E-43B8-84B2-E0ACF13C61C3}.Debug|Any CPU.ActiveCfg = Debug|Any CPU
		{4DEB7768-385E-43B8-84B2-E0ACF13C61C3}.Debug|Any CPU.Build.0 = Debug|Any CPU
		{4DEB7768-385E-43B8-84B2-E0ACF13C61C3}.Release|Any CPU.ActiveCfg = Release|Any CPU
		{4DEB7768-385E-43B8-84B2-E0ACF13C61C3}.Release|Any CPU.Build.0 = Release|Any CPU
		{541ED181-1370-47F1-9D95-6187EE59686C}.Debug|Any CPU.ActiveCfg = Debug|Any CPU
		{541ED181-1370-47F1-9D95-6187EE59686C}.Debug|Any CPU.Build.0 = Debug|Any CPU
		{541ED181-1370-47F1-9D95-6187EE59686C}.Release|Any CPU.ActiveCfg = Release|Any CPU
		{541ED181-1370-47F1-9D95-6187EE59686C}.Release|Any CPU.Build.0 = Release|Any CPU
		{F652B8D9-374A-44BD-8DED-578414A9FC89}.Debug|Any CPU.ActiveCfg = Debug|Any CPU
		{F652B8D9-374A-44BD-8DED-578414A9FC89}.Debug|Any CPU.Build.0 = Debug|Any CPU
		{F652B8D9-374A-44BD-8DED-578414A9FC89}.Release|Any CPU.ActiveCfg = Release|Any CPU
		{F652B8D9-374A-44BD-8DED-578414A9FC89}.Release|Any CPU.Build.0 = Release|Any CPU
		{517CB02C-CB77-4746-AC5A-14D1FECC0CB8}.Debug|Any CPU.ActiveCfg = Debug|Any CPU
		{517CB02C-CB77-4746-AC5A-14D1FECC0CB8}.Debug|Any CPU.Build.0 = Debug|Any CPU
		{517CB02C-CB77-4746-AC5A-14D1FECC0CB8}.Release|Any CPU.ActiveCfg = Release|Any CPU
		{517CB02C-CB77-4746-AC5A-14D1FECC0CB8}.Release|Any CPU.Build.0 = Release|Any CPU
		{5BA36E3D-7EC8-400E-A0F0-ABCEB3F644F0}.Debug|Any CPU.ActiveCfg = Debug|Any CPU
		{5BA36E3D-7EC8-400E-A0F0-ABCEB3F644F0}.Debug|Any CPU.Build.0 = Debug|Any CPU
		{5BA36E3D-7EC8-400E-A0F0-ABCEB3F644F0}.Release|Any CPU.ActiveCfg = Release|Any CPU
		{5BA36E3D-7EC8-400E-A0F0-ABCEB3F644F0}.Release|Any CPU.Build.0 = Release|Any CPU
		{1C122B92-E1B9-47AF-A19A-97B5589E9931}.Debug|Any CPU.ActiveCfg = Debug|Any CPU
		{1C122B92-E1B9-47AF-A19A-97B5589E9931}.Debug|Any CPU.Build.0 = Debug|Any CPU
		{1C122B92-E1B9-47AF-A19A-97B5589E9931}.Release|Any CPU.ActiveCfg = Release|Any CPU
		{1C122B92-E1B9-47AF-A19A-97B5589E9931}.Release|Any CPU.Build.0 = Release|Any CPU
		{854F4E98-5468-47F4-B32F-A5BFBCEDE6F4}.Debug|Any CPU.ActiveCfg = Debug|Any CPU
		{854F4E98-5468-47F4-B32F-A5BFBCEDE6F4}.Debug|Any CPU.Build.0 = Debug|Any CPU
		{854F4E98-5468-47F4-B32F-A5BFBCEDE6F4}.Release|Any CPU.ActiveCfg = Release|Any CPU
		{854F4E98-5468-47F4-B32F-A5BFBCEDE6F4}.Release|Any CPU.Build.0 = Release|Any CPU
		{3274241D-B51A-4042-8CEC-54D6AA166CA0}.Debug|Any CPU.ActiveCfg = Debug|Any CPU
		{3274241D-B51A-4042-8CEC-54D6AA166CA0}.Debug|Any CPU.Build.0 = Debug|Any CPU
		{3274241D-B51A-4042-8CEC-54D6AA166CA0}.Release|Any CPU.ActiveCfg = Release|Any CPU
		{3274241D-B51A-4042-8CEC-54D6AA166CA0}.Release|Any CPU.Build.0 = Release|Any CPU
		{7051504A-575B-417C-BE33-55E7A58F71FF}.Debug|Any CPU.ActiveCfg = Debug|Any CPU
		{7051504A-575B-417C-BE33-55E7A58F71FF}.Debug|Any CPU.Build.0 = Debug|Any CPU
		{7051504A-575B-417C-BE33-55E7A58F71FF}.Release|Any CPU.ActiveCfg = Release|Any CPU
		{7051504A-575B-417C-BE33-55E7A58F71FF}.Release|Any CPU.Build.0 = Release|Any CPU
		{52D92C5E-F220-473C-B683-BD17198EFD32}.Debug|Any CPU.ActiveCfg = Debug|Any CPU
		{52D92C5E-F220-473C-B683-BD17198EFD32}.Debug|Any CPU.Build.0 = Debug|Any CPU
		{52D92C5E-F220-473C-B683-BD17198EFD32}.Release|Any CPU.ActiveCfg = Release|Any CPU
		{52D92C5E-F220-473C-B683-BD17198EFD32}.Release|Any CPU.Build.0 = Release|Any CPU
		{D853338D-EFBC-4C7E-A0D9-9B78610AE726}.Debug|Any CPU.ActiveCfg = Debug|Any CPU
		{D853338D-EFBC-4C7E-A0D9-9B78610AE726}.Debug|Any CPU.Build.0 = Debug|Any CPU
		{D853338D-EFBC-4C7E-A0D9-9B78610AE726}.Release|Any CPU.ActiveCfg = Release|Any CPU
		{D853338D-EFBC-4C7E-A0D9-9B78610AE726}.Release|Any CPU.Build.0 = Release|Any CPU
		{5A28A5F5-71F4-4519-A869-AE676230F332}.Debug|Any CPU.ActiveCfg = Debug|Any CPU
		{5A28A5F5-71F4-4519-A869-AE676230F332}.Debug|Any CPU.Build.0 = Debug|Any CPU
		{5A28A5F5-71F4-4519-A869-AE676230F332}.Release|Any CPU.ActiveCfg = Release|Any CPU
		{5A28A5F5-71F4-4519-A869-AE676230F332}.Release|Any CPU.Build.0 = Release|Any CPU
		{74439246-77DC-4818-8632-F45CC82DCD7C}.Debug|Any CPU.ActiveCfg = Debug|Any CPU
		{74439246-77DC-4818-8632-F45CC82DCD7C}.Debug|Any CPU.Build.0 = Debug|Any CPU
		{74439246-77DC-4818-8632-F45CC82DCD7C}.Release|Any CPU.ActiveCfg = Release|Any CPU
		{74439246-77DC-4818-8632-F45CC82DCD7C}.Release|Any CPU.Build.0 = Release|Any CPU
		{F4B42914-1D55-4791-9A82-BD330502FFB8}.Debug|Any CPU.ActiveCfg = Debug|Any CPU
		{F4B42914-1D55-4791-9A82-BD330502FFB8}.Debug|Any CPU.Build.0 = Debug|Any CPU
		{F4B42914-1D55-4791-9A82-BD330502FFB8}.Release|Any CPU.ActiveCfg = Release|Any CPU
		{F4B42914-1D55-4791-9A82-BD330502FFB8}.Release|Any CPU.Build.0 = Release|Any CPU
		{0218B7FF-4CC3-4C9A-8A91-F8DB31084499}.Debug|Any CPU.ActiveCfg = Debug|Any CPU
		{0218B7FF-4CC3-4C9A-8A91-F8DB31084499}.Debug|Any CPU.Build.0 = Debug|Any CPU
		{0218B7FF-4CC3-4C9A-8A91-F8DB31084499}.Release|Any CPU.ActiveCfg = Release|Any CPU
		{0218B7FF-4CC3-4C9A-8A91-F8DB31084499}.Release|Any CPU.Build.0 = Release|Any CPU
		{AAA57B7A-9D2C-4840-94E2-F1FA43C53BC7}.Debug|Any CPU.ActiveCfg = Debug|Any CPU
		{AAA57B7A-9D2C-4840-94E2-F1FA43C53BC7}.Debug|Any CPU.Build.0 = Debug|Any CPU
		{AAA57B7A-9D2C-4840-94E2-F1FA43C53BC7}.Release|Any CPU.ActiveCfg = Release|Any CPU
		{AAA57B7A-9D2C-4840-94E2-F1FA43C53BC7}.Release|Any CPU.Build.0 = Release|Any CPU
		{4B0D3C72-F7C0-4673-B857-2DE2B3970C52}.Debug|Any CPU.ActiveCfg = Debug|Any CPU
		{4B0D3C72-F7C0-4673-B857-2DE2B3970C52}.Debug|Any CPU.Build.0 = Debug|Any CPU
		{4B0D3C72-F7C0-4673-B857-2DE2B3970C52}.Release|Any CPU.ActiveCfg = Release|Any CPU
		{4B0D3C72-F7C0-4673-B857-2DE2B3970C52}.Release|Any CPU.Build.0 = Release|Any CPU
		{5EA29D16-DED0-4E88-A755-1753F14888C3}.Debug|Any CPU.ActiveCfg = Debug|Any CPU
		{5EA29D16-DED0-4E88-A755-1753F14888C3}.Debug|Any CPU.Build.0 = Debug|Any CPU
		{5EA29D16-DED0-4E88-A755-1753F14888C3}.Release|Any CPU.ActiveCfg = Release|Any CPU
		{5EA29D16-DED0-4E88-A755-1753F14888C3}.Release|Any CPU.Build.0 = Release|Any CPU
		{3B5F9FA8-191B-48E7-9CA1-1025584D49CD}.Debug|Any CPU.ActiveCfg = Debug|Any CPU
		{3B5F9FA8-191B-48E7-9CA1-1025584D49CD}.Debug|Any CPU.Build.0 = Debug|Any CPU
		{3B5F9FA8-191B-48E7-9CA1-1025584D49CD}.Release|Any CPU.ActiveCfg = Release|Any CPU
		{3B5F9FA8-191B-48E7-9CA1-1025584D49CD}.Release|Any CPU.Build.0 = Release|Any CPU
		{386AE527-1B53-4AD6-AAA3-F90D610C6080}.Debug|Any CPU.ActiveCfg = Debug|Any CPU
		{386AE527-1B53-4AD6-AAA3-F90D610C6080}.Debug|Any CPU.Build.0 = Debug|Any CPU
		{386AE527-1B53-4AD6-AAA3-F90D610C6080}.Release|Any CPU.ActiveCfg = Release|Any CPU
		{386AE527-1B53-4AD6-AAA3-F90D610C6080}.Release|Any CPU.Build.0 = Release|Any CPU
		{020992E5-0E49-4B83-A3CE-C5EB990EDDA7}.Debug|Any CPU.ActiveCfg = Debug|Any CPU
		{020992E5-0E49-4B83-A3CE-C5EB990EDDA7}.Debug|Any CPU.Build.0 = Debug|Any CPU
		{020992E5-0E49-4B83-A3CE-C5EB990EDDA7}.Release|Any CPU.ActiveCfg = Release|Any CPU
		{020992E5-0E49-4B83-A3CE-C5EB990EDDA7}.Release|Any CPU.Build.0 = Release|Any CPU
		{90F116FE-9FCF-473F-A7D5-B9D1FDBFE52F}.Debug|Any CPU.ActiveCfg = Debug|Any CPU
		{90F116FE-9FCF-473F-A7D5-B9D1FDBFE52F}.Debug|Any CPU.Build.0 = Debug|Any CPU
		{90F116FE-9FCF-473F-A7D5-B9D1FDBFE52F}.Release|Any CPU.ActiveCfg = Release|Any CPU
		{90F116FE-9FCF-473F-A7D5-B9D1FDBFE52F}.Release|Any CPU.Build.0 = Release|Any CPU
		{5EAA5078-AC8E-482B-98EB-E7CE8A12D0CA}.Debug|Any CPU.ActiveCfg = Debug|Any CPU
		{5EAA5078-AC8E-482B-98EB-E7CE8A12D0CA}.Debug|Any CPU.Build.0 = Debug|Any CPU
		{5EAA5078-AC8E-482B-98EB-E7CE8A12D0CA}.Release|Any CPU.ActiveCfg = Release|Any CPU
		{5EAA5078-AC8E-482B-98EB-E7CE8A12D0CA}.Release|Any CPU.Build.0 = Release|Any CPU
		{647579B1-ABB7-4180-AC3F-DA12B092ED22}.Debug|Any CPU.ActiveCfg = Debug|Any CPU
		{647579B1-ABB7-4180-AC3F-DA12B092ED22}.Debug|Any CPU.Build.0 = Debug|Any CPU
		{647579B1-ABB7-4180-AC3F-DA12B092ED22}.Release|Any CPU.ActiveCfg = Release|Any CPU
		{647579B1-ABB7-4180-AC3F-DA12B092ED22}.Release|Any CPU.Build.0 = Release|Any CPU
		{81CCBAA9-EC68-4558-BBDB-54D59B55B8A7}.Debug|Any CPU.ActiveCfg = Debug|Any CPU
		{81CCBAA9-EC68-4558-BBDB-54D59B55B8A7}.Debug|Any CPU.Build.0 = Debug|Any CPU
		{81CCBAA9-EC68-4558-BBDB-54D59B55B8A7}.Release|Any CPU.ActiveCfg = Release|Any CPU
		{81CCBAA9-EC68-4558-BBDB-54D59B55B8A7}.Release|Any CPU.Build.0 = Release|Any CPU
		{8AAD72ED-B34E-468F-9BD6-7210183461BE}.Debug|Any CPU.ActiveCfg = Debug|Any CPU
		{8AAD72ED-B34E-468F-9BD6-7210183461BE}.Debug|Any CPU.Build.0 = Debug|Any CPU
		{8AAD72ED-B34E-468F-9BD6-7210183461BE}.Release|Any CPU.ActiveCfg = Release|Any CPU
		{8AAD72ED-B34E-468F-9BD6-7210183461BE}.Release|Any CPU.Build.0 = Release|Any CPU
		{F31470C2-8C31-400B-B010-525A76C57BB8}.Debug|Any CPU.ActiveCfg = Debug|Any CPU
		{F31470C2-8C31-400B-B010-525A76C57BB8}.Debug|Any CPU.Build.0 = Debug|Any CPU
		{F31470C2-8C31-400B-B010-525A76C57BB8}.Release|Any CPU.ActiveCfg = Release|Any CPU
		{F31470C2-8C31-400B-B010-525A76C57BB8}.Release|Any CPU.Build.0 = Release|Any CPU
		{BF58115B-8249-4F38-9F73-96CDDDA819E1}.Debug|Any CPU.ActiveCfg = Debug|Any CPU
		{BF58115B-8249-4F38-9F73-96CDDDA819E1}.Debug|Any CPU.Build.0 = Debug|Any CPU
		{BF58115B-8249-4F38-9F73-96CDDDA819E1}.Release|Any CPU.ActiveCfg = Release|Any CPU
		{BF58115B-8249-4F38-9F73-96CDDDA819E1}.Release|Any CPU.Build.0 = Release|Any CPU
	EndGlobalSection
	GlobalSection(SolutionProperties) = preSolution
		HideSolutionNode = FALSE
	EndGlobalSection
	GlobalSection(NestedProjects) = preSolution
		{340A3D13-DEE0-43C0-8410-EC84C2873F95} = {73014464-CE65-4624-B4A4-BD3A9A45A027}
		{E0EEBF3E-CBF1-4929-A6C8-403767FAAA8D} = {73014464-CE65-4624-B4A4-BD3A9A45A027}
		{3E1ACC1F-FDCC-49A9-9711-C344AB550FC0} = {73014464-CE65-4624-B4A4-BD3A9A45A027}
		{40967983-DF5C-411A-BFA4-96C6CFEBC63E} = {79E75B3B-B01C-4D21-8C4A-F4C94418A2C1}
		{1C3AD6A8-0E6A-443B-9229-0DD4528D73A6} = {73014464-CE65-4624-B4A4-BD3A9A45A027}
		{A714B46D-95A3-4EB0-A635-C253BBAD0CBA} = {73014464-CE65-4624-B4A4-BD3A9A45A027}
		{6CA88723-CA91-49C9-9FD1-C6E58EFA5529} = {A1C7C084-38B0-48BD-90C6-572EB94001AB}
		{65CB1A38-C90D-42D3-B157-5FB6F844ED11} = {7EE89BA8-EF7C-414B-B9CE-341D51A2814A}
		{ABB91777-7231-47F7-BF4D-9144CC7B1764} = {73014464-CE65-4624-B4A4-BD3A9A45A027}
		{2C6D522C-2830-4CCF-8F49-3E0AA36A273E} = {47CA3E45-1672-4D71-ABD2-8621D4C74003}
		{08A43F46-904C-4ADD-86CF-7170F1B1F087} = {73014464-CE65-4624-B4A4-BD3A9A45A027}
		{D8AC8107-11F4-4BC0-855E-4D0330AF5D46} = {3270A750-76CD-41A9-B159-24220DCBE7D5}
		{EC9E7C9B-10FA-41C7-8B30-F91E33D97F7D} = {73014464-CE65-4624-B4A4-BD3A9A45A027}
		{51F20404-6A48-4578-B994-FF0A867EF2C0} = {73014464-CE65-4624-B4A4-BD3A9A45A027}
		{94E708E4-7B1C-4DA8-83BB-7699753825D1} = {73014464-CE65-4624-B4A4-BD3A9A45A027}
		{9216D4D0-B421-4D3B-B038-49D76DC12573} = {73014464-CE65-4624-B4A4-BD3A9A45A027}
		{4DEB7768-385E-43B8-84B2-E0ACF13C61C3} = {73014464-CE65-4624-B4A4-BD3A9A45A027}
		{7EE89BA8-EF7C-414B-B9CE-341D51A2814A} = {73014464-CE65-4624-B4A4-BD3A9A45A027}
		{E613FEA3-A78C-4F26-878A-B7A874961819} = {7EE89BA8-EF7C-414B-B9CE-341D51A2814A}
		{541ED181-1370-47F1-9D95-6187EE59686C} = {7EE89BA8-EF7C-414B-B9CE-341D51A2814A}
		{79E75B3B-B01C-4D21-8C4A-F4C94418A2C1} = {73014464-CE65-4624-B4A4-BD3A9A45A027}
		{A68B1345-A4D5-4A10-AB5F-F3BBD638B189} = {79E75B3B-B01C-4D21-8C4A-F4C94418A2C1}
		{F652B8D9-374A-44BD-8DED-578414A9FC89} = {79E75B3B-B01C-4D21-8C4A-F4C94418A2C1}
		{517CB02C-CB77-4746-AC5A-14D1FECC0CB8} = {73014464-CE65-4624-B4A4-BD3A9A45A027}
		{3270A750-76CD-41A9-B159-24220DCBE7D5} = {73014464-CE65-4624-B4A4-BD3A9A45A027}
		{FB5485BC-7646-4614-AAF3-00BC2EA099BF} = {3270A750-76CD-41A9-B159-24220DCBE7D5}
		{5BA36E3D-7EC8-400E-A0F0-ABCEB3F644F0} = {3270A750-76CD-41A9-B159-24220DCBE7D5}
		{47CA3E45-1672-4D71-ABD2-8621D4C74003} = {73014464-CE65-4624-B4A4-BD3A9A45A027}
		{E9642C67-3D6B-41F5-B42A-73C641B5068A} = {47CA3E45-1672-4D71-ABD2-8621D4C74003}
		{1C122B92-E1B9-47AF-A19A-97B5589E9931} = {47CA3E45-1672-4D71-ABD2-8621D4C74003}
		{854F4E98-5468-47F4-B32F-A5BFBCEDE6F4} = {47CA3E45-1672-4D71-ABD2-8621D4C74003}
		{A1C7C084-38B0-48BD-90C6-572EB94001AB} = {73014464-CE65-4624-B4A4-BD3A9A45A027}
		{3274241D-B51A-4042-8CEC-54D6AA166CA0} = {A1C7C084-38B0-48BD-90C6-572EB94001AB}
		{3189BE0A-2860-416A-9BBA-A70D9908FC50} = {A1C7C084-38B0-48BD-90C6-572EB94001AB}
		{7051504A-575B-417C-BE33-55E7A58F71FF} = {D3136A19-617D-4426-827A-00A51D84925F}
		{52D92C5E-F220-473C-B683-BD17198EFD32} = {73014464-CE65-4624-B4A4-BD3A9A45A027}
		{D853338D-EFBC-4C7E-A0D9-9B78610AE726} = {3E501D49-3E6E-4C9C-8575-52F719A1A5CC}
		{D3136A19-617D-4426-827A-00A51D84925F} = {73014464-CE65-4624-B4A4-BD3A9A45A027}
		{5A28A5F5-71F4-4519-A869-AE676230F332} = {D3136A19-617D-4426-827A-00A51D84925F}
		{50B014D7-1D96-47B7-A3B5-F1D682073F0A} = {D3136A19-617D-4426-827A-00A51D84925F}
		{74439246-77DC-4818-8632-F45CC82DCD7C} = {47CA3E45-1672-4D71-ABD2-8621D4C74003}
		{3E501D49-3E6E-4C9C-8575-52F719A1A5CC} = {73014464-CE65-4624-B4A4-BD3A9A45A027}
		{AB54007E-2CB2-410E-93F3-C7B261A617C9} = {3E501D49-3E6E-4C9C-8575-52F719A1A5CC}
		{F4B42914-1D55-4791-9A82-BD330502FFB8} = {3E501D49-3E6E-4C9C-8575-52F719A1A5CC}
		{0218B7FF-4CC3-4C9A-8A91-F8DB31084499} = {3E501D49-3E6E-4C9C-8575-52F719A1A5CC}
		{AAA57B7A-9D2C-4840-94E2-F1FA43C53BC7} = {73014464-CE65-4624-B4A4-BD3A9A45A027}
		{4B0D3C72-F7C0-4673-B857-2DE2B3970C52} = {7EE89BA8-EF7C-414B-B9CE-341D51A2814A}
		{31C44AAE-509E-428A-9ECE-4D4F18A0C15A} = {7EE89BA8-EF7C-414B-B9CE-341D51A2814A}
		{5EA29D16-DED0-4E88-A755-1753F14888C3} = {73014464-CE65-4624-B4A4-BD3A9A45A027}
		{3B5F9FA8-191B-48E7-9CA1-1025584D49CD} = {73014464-CE65-4624-B4A4-BD3A9A45A027}
		{EDAEC0A0-85C7-4D3F-9DAC-E74BDB1B55D8} = {73014464-CE65-4624-B4A4-BD3A9A45A027}
		{386AE527-1B53-4AD6-AAA3-F90D610C6080} = {EDAEC0A0-85C7-4D3F-9DAC-E74BDB1B55D8}
		{020992E5-0E49-4B83-A3CE-C5EB990EDDA7} = {EDAEC0A0-85C7-4D3F-9DAC-E74BDB1B55D8}
		{DE110DE4-C432-4F89-BD1E-23915527EF9B} = {EDAEC0A0-85C7-4D3F-9DAC-E74BDB1B55D8}
		{A660D1F4-37EC-4355-9C61-5F83183716A9} = {73014464-CE65-4624-B4A4-BD3A9A45A027}
		{90F116FE-9FCF-473F-A7D5-B9D1FDBFE52F} = {A660D1F4-37EC-4355-9C61-5F83183716A9}
		{5EAA5078-AC8E-482B-98EB-E7CE8A12D0CA} = {A660D1F4-37EC-4355-9C61-5F83183716A9}
		{58305F00-9372-43A0-B155-E602252839DE} = {A660D1F4-37EC-4355-9C61-5F83183716A9}
		{647579B1-ABB7-4180-AC3F-DA12B092ED22} = {CB52D092-E8AE-4598-8C79-56241C82DA19}
		{CB52D092-E8AE-4598-8C79-56241C82DA19} = {73014464-CE65-4624-B4A4-BD3A9A45A027}
		{89D95D84-BC6A-44CD-9376-6866207B96AE} = {CB52D092-E8AE-4598-8C79-56241C82DA19}
		{81CCBAA9-EC68-4558-BBDB-54D59B55B8A7} = {CB52D092-E8AE-4598-8C79-56241C82DA19}
		{8AAD72ED-B34E-468F-9BD6-7210183461BE} = {B39C50F4-3E59-43C4-981B-0ECC3B4B2D51}
		{B39C50F4-3E59-43C4-981B-0ECC3B4B2D51} = {73014464-CE65-4624-B4A4-BD3A9A45A027}
		{ECEFE48A-9CE2-4C53-874B-1FE11C1C4447} = {B39C50F4-3E59-43C4-981B-0ECC3B4B2D51}
		{F31470C2-8C31-400B-B010-525A76C57BB8} = {B39C50F4-3E59-43C4-981B-0ECC3B4B2D51}
		{BF58115B-8249-4F38-9F73-96CDDDA819E1} = {B39C50F4-3E59-43C4-981B-0ECC3B4B2D51}
	EndGlobalSection
	GlobalSection(ExtensibilityGlobals) = postSolution
		SolutionGuid = {D3F10C8B-FD6C-43DA-94B4-1D9688BBE11B}
	EndGlobalSection
EndGlobal
