
Microsoft Visual Studio Solution File, Format Version 12.00
# Visual Studio 15
VisualStudioVersion = 15.0.28010.2016
MinimumVisualStudioVersion = 10.0.40219.1
Project("{D954291E-2A0B-460D-934E-DC6B0785DB48}") = "Common", "Common\Common.shproj", "{340A3D13-DEE0-43C0-8410-EC84C2873F95}"
EndProject
Project("{FAE04EC0-301F-11D3-BF4B-00C04F79EFBC}") = "KK_Fix_PartyCardCompatibility", "KK_Fix_PartyCardCompatibility\KK_Fix_PartyCardCompatibility.csproj", "{E0EEBF3E-CBF1-4929-A6C8-403767FAAA8D}"
EndProject
Project("{FAE04EC0-301F-11D3-BF4B-00C04F79EFBC}") = "KK_Fix_HeadFix", "KK_Fix_HeadFix\KK_Fix_HeadFix.csproj", "{3E1ACC1F-FDCC-49A9-9711-C344AB550FC0}"
EndProject
Project("{FAE04EC0-301F-11D3-BF4B-00C04F79EFBC}") = "KK_Fix_NullChecks", "KK_Fix_NullChecks\KK_Fix_NullChecks.csproj", "{40967983-DF5C-411A-BFA4-96C6CFEBC63E}"
EndProject
Project("{FAE04EC0-301F-11D3-BF4B-00C04F79EFBC}") = "KK_Fix_ListFix", "KK_Fix_ListFix\KK_Fix_ListFix.csproj", "{1C3AD6A8-0E6A-443B-9229-0DD4528D73A6}"
EndProject
Project("{FAE04EC0-301F-11D3-BF4B-00C04F79EFBC}") = "KK_Fix_PersonalityCorrector", "KK_Fix_PersonalityCorrector\KK_Fix_PersonalityCorrector.csproj", "{A714B46D-95A3-4EB0-A635-C253BBAD0CBA}"
EndProject
Project("{FAE04EC0-301F-11D3-BF4B-00C04F79EFBC}") = "KK_Fix_SettingsFix", "KK_Fix_SettingsFix\KK_Fix_SettingsFix.csproj", "{6CA88723-CA91-49C9-9FD1-C6E58EFA5529}"
EndProject
Project("{FAE04EC0-301F-11D3-BF4B-00C04F79EFBC}") = "KK_Fix_MakerOptimization", "KK_Fix_MakerOptimization\KK_Fix_MakerOptimization.csproj", "{65CB1A38-C90D-42D3-B157-5FB6F844ED11}"
EndProject
Project("{FAE04EC0-301F-11D3-BF4B-00C04F79EFBC}") = "KK_Fix_ShowerAccessories", "KK_Fix_ShowerAccessories\KK_Fix_ShowerAccessories.csproj", "{ABB91777-7231-47F7-BF4D-9144CC7B1764}"
EndProject
Project("{FAE04EC0-301F-11D3-BF4B-00C04F79EFBC}") = "KK_Fix_ResourceUnloadOptimizations", "KK_Fix_ResourceUnloadOptimizations\KK_Fix_ResourceUnloadOptimizations.csproj", "{2C6D522C-2830-4CCF-8F49-3E0AA36A273E}"
EndProject
Global
	GlobalSection(SharedMSBuildProjectFiles) = preSolution
		Common\Common.projitems*{1c3ad6a8-0e6a-443b-9229-0dd4528d73a6}*SharedItemsImports = 4
		Common\Common.projitems*{2c6d522c-2830-4ccf-8f49-3e0aa36a273e}*SharedItemsImports = 4
		Common\Common.projitems*{340a3d13-dee0-43c0-8410-ec84c2873f95}*SharedItemsImports = 13
		Common\Common.projitems*{3e1acc1f-fdcc-49a9-9711-c344ab550fc0}*SharedItemsImports = 4
		Common\Common.projitems*{40967983-df5c-411a-bfa4-96c6cfebc63e}*SharedItemsImports = 4
		Common\Common.projitems*{65cb1a38-c90d-42d3-b157-5fb6f844ed11}*SharedItemsImports = 4
		Common\Common.projitems*{6ca88723-ca91-49c9-9fd1-c6e58efa5529}*SharedItemsImports = 4
		Common\Common.projitems*{a714b46d-95a3-4eb0-a635-c253bbad0cba}*SharedItemsImports = 4
		Common\Common.projitems*{abb91777-7231-47f7-bf4d-9144cc7b1764}*SharedItemsImports = 4
		Common\Common.projitems*{e0eebf3e-cbf1-4929-a6c8-403767faaa8d}*SharedItemsImports = 4
	EndGlobalSection
	GlobalSection(SolutionConfigurationPlatforms) = preSolution
		Debug|Any CPU = Debug|Any CPU
		Release|Any CPU = Release|Any CPU
	EndGlobalSection
	GlobalSection(ProjectConfigurationPlatforms) = postSolution
		{E0EEBF3E-CBF1-4929-A6C8-403767FAAA8D}.Debug|Any CPU.ActiveCfg = Debug|Any CPU
		{E0EEBF3E-CBF1-4929-A6C8-403767FAAA8D}.Debug|Any CPU.Build.0 = Debug|Any CPU
		{E0EEBF3E-CBF1-4929-A6C8-403767FAAA8D}.Release|Any CPU.ActiveCfg = Release|Any CPU
		{E0EEBF3E-CBF1-4929-A6C8-403767FAAA8D}.Release|Any CPU.Build.0 = Release|Any CPU
		{3E1ACC1F-FDCC-49A9-9711-C344AB550FC0}.Debug|Any CPU.ActiveCfg = Debug|Any CPU
		{3E1ACC1F-FDCC-49A9-9711-C344AB550FC0}.Debug|Any CPU.Build.0 = Debug|Any CPU
		{3E1ACC1F-FDCC-49A9-9711-C344AB550FC0}.Release|Any CPU.ActiveCfg = Release|Any CPU
		{3E1ACC1F-FDCC-49A9-9711-C344AB550FC0}.Release|Any CPU.Build.0 = Release|Any CPU
		{40967983-DF5C-411A-BFA4-96C6CFEBC63E}.Debug|Any CPU.ActiveCfg = Debug|Any CPU
		{40967983-DF5C-411A-BFA4-96C6CFEBC63E}.Debug|Any CPU.Build.0 = Debug|Any CPU
		{40967983-DF5C-411A-BFA4-96C6CFEBC63E}.Release|Any CPU.ActiveCfg = Release|Any CPU
		{40967983-DF5C-411A-BFA4-96C6CFEBC63E}.Release|Any CPU.Build.0 = Release|Any CPU
		{1C3AD6A8-0E6A-443B-9229-0DD4528D73A6}.Debug|Any CPU.ActiveCfg = Debug|Any CPU
		{1C3AD6A8-0E6A-443B-9229-0DD4528D73A6}.Debug|Any CPU.Build.0 = Debug|Any CPU
		{1C3AD6A8-0E6A-443B-9229-0DD4528D73A6}.Release|Any CPU.ActiveCfg = Release|Any CPU
		{1C3AD6A8-0E6A-443B-9229-0DD4528D73A6}.Release|Any CPU.Build.0 = Release|Any CPU
		{A714B46D-95A3-4EB0-A635-C253BBAD0CBA}.Debug|Any CPU.ActiveCfg = Debug|Any CPU
		{A714B46D-95A3-4EB0-A635-C253BBAD0CBA}.Debug|Any CPU.Build.0 = Debug|Any CPU
		{A714B46D-95A3-4EB0-A635-C253BBAD0CBA}.Release|Any CPU.ActiveCfg = Release|Any CPU
		{A714B46D-95A3-4EB0-A635-C253BBAD0CBA}.Release|Any CPU.Build.0 = Release|Any CPU
		{6CA88723-CA91-49C9-9FD1-C6E58EFA5529}.Debug|Any CPU.ActiveCfg = Debug|Any CPU
		{6CA88723-CA91-49C9-9FD1-C6E58EFA5529}.Debug|Any CPU.Build.0 = Debug|Any CPU
		{6CA88723-CA91-49C9-9FD1-C6E58EFA5529}.Release|Any CPU.ActiveCfg = Release|Any CPU
		{6CA88723-CA91-49C9-9FD1-C6E58EFA5529}.Release|Any CPU.Build.0 = Release|Any CPU
		{65CB1A38-C90D-42D3-B157-5FB6F844ED11}.Debug|Any CPU.ActiveCfg = Debug|Any CPU
		{65CB1A38-C90D-42D3-B157-5FB6F844ED11}.Debug|Any CPU.Build.0 = Debug|Any CPU
		{65CB1A38-C90D-42D3-B157-5FB6F844ED11}.Release|Any CPU.ActiveCfg = Release|Any CPU
		{65CB1A38-C90D-42D3-B157-5FB6F844ED11}.Release|Any CPU.Build.0 = Release|Any CPU
		{ABB91777-7231-47F7-BF4D-9144CC7B1764}.Debug|Any CPU.ActiveCfg = Debug|Any CPU
		{ABB91777-7231-47F7-BF4D-9144CC7B1764}.Debug|Any CPU.Build.0 = Debug|Any CPU
		{ABB91777-7231-47F7-BF4D-9144CC7B1764}.Release|Any CPU.ActiveCfg = Release|Any CPU
		{ABB91777-7231-47F7-BF4D-9144CC7B1764}.Release|Any CPU.Build.0 = Release|Any CPU
		{2C6D522C-2830-4CCF-8F49-3E0AA36A273E}.Debug|Any CPU.ActiveCfg = Debug|Any CPU
		{2C6D522C-2830-4CCF-8F49-3E0AA36A273E}.Debug|Any CPU.Build.0 = Debug|Any CPU
		{2C6D522C-2830-4CCF-8F49-3E0AA36A273E}.Release|Any CPU.ActiveCfg = Release|Any CPU
		{2C6D522C-2830-4CCF-8F49-3E0AA36A273E}.Release|Any CPU.Build.0 = Release|Any CPU
	EndGlobalSection
	GlobalSection(SolutionProperties) = preSolution
		HideSolutionNode = FALSE
	EndGlobalSection
	GlobalSection(ExtensibilityGlobals) = postSolution
		SolutionGuid = {D3F10C8B-FD6C-43DA-94B4-1D9688BBE11B}
	EndGlobalSection
EndGlobal
