
GITHUB
  remote: IllusionMods/IllusionLibs
    FULLPROJECT (41b44f832f3fa71f4d1b92d56040d6c67940ec91)
    FULLPROJECT (41b44f832f3fa71f4d1b92d56040d6c67940ec91)
    FULLPROJECT (41b44f832f3fa71f4d1b92d56040d6c67940ec91)
  remote: IllusionMods/BepisPlugins
    FULLPROJECT (16ba836b692cca29fed66e0e64636b4a19af705d)
  remote: BepInEx/BepInEx.ConfigurationManager
    FULLPROJECT (522da1674e1748437a6b61b75f5d86c2c8f3fa11)